{
  "version": 4,
  "terraform_version": "1.6.6",
  "serial": 144,
  "lineage": "f501389e-c159-2ba7-d0df-6966c644738c",
  "outputs": {
    "alb_dns_name": {
      "value": "multitenant-ai-poc-alb-498497460.us-west-2.elb.amazonaws.com",
      "type": "string"
    },
    "cluster_autoscaler_role_arn": {
      "value": "arn:aws:iam::665832050599:role/multitenant-ai-poc-cluster-autoscaler-role",
      "type": "string"
    },
    "database_endpoint": {
      "value": "multitenant-ai-poc-db.ct8eacuiyx02.us-west-2.rds.amazonaws.com:5432",
      "type": "string",
      "sensitive": true
    },
    "ecr_repository_url": {
      "value": "665832050599.dkr.ecr.us-west-2.amazonaws.com/multitenant-ai-poc-repo",
      "type": "string"
    },
    "karpenter_controller_role_arn": {
      "value": "arn:aws:iam::665832050599:role/multitenant-ai-poc-karpenter-controller",
      "type": "string"
    },
    "node_group_scaling_configs": {
      "value": {
        "shared_general": [
          {
            "desired_size": 0,
            "max_size": 5,
            "min_size": 0
          }
        ],
        "shared_gpu": [
          {
            "desired_size": 0,
            "max_size": 3,
            "min_size": 0
          }
        ],
        "shared_spot": [
          {
            "desired_size": 0,
            "max_size": 10,
            "min_size": 0
          }
        ],
        "tenant_1": [
          {
            "desired_size": 0,
            "max_size": 3,
            "min_size": 0
          }
        ],
        "tenant_2": [
          {
            "desired_size": 0,
            "max_size": 3,
            "min_size": 0
          }
        ]
      },
      "type": [
        "object",
        {
          "shared_general": [
            "list",
            [
              "object",
              {
                "desired_size": "number",
                "max_size": "number",
                "min_size": "number"
              }
            ]
          ],
          "shared_gpu": [
            "list",
            [
              "object",
              {
                "desired_size": "number",
                "max_size": "number",
                "min_size": "number"
              }
            ]
          ],
          "shared_spot": [
            "list",
            [
              "object",
              {
                "desired_size": "number",
                "max_size": "number",
                "min_size": "number"
              }
            ]
          ],
          "tenant_1": [
            "list",
            [
              "object",
              {
                "desired_size": "number",
                "max_size": "number",
                "min_size": "number"
              }
            ]
          ],
          "tenant_2": [
            "list",
            [
              "object",
              {
                "desired_size": "number",
                "max_size": "number",
                "min_size": "number"
              }
            ]
          ]
        }
      ]
    },
    "poc_alb_dns_name": {
      "value": "mtai-poc-shared-alb-1509838146.us-west-2.elb.amazonaws.com",
      "type": "string"
    },
    "redis_endpoint": {
      "value": "master.multitenant-ai-poc-redis.sbkyjf.usw2.cache.amazonaws.com",
      "type": "string",
      "sensitive": true
    },
    "tenant_database_endpoints": {
      "value": [
        "multitenant-ai-poc-tenant-1-db.ct8eacuiyx02.us-west-2.rds.amazonaws.com:5432",
        "multitenant-ai-poc-tenant-2-db.ct8eacuiyx02.us-west-2.rds.amazonaws.com:5432"
      ],
      "type": [
        "tuple",
        [
          "string",
          "string"
        ]
      ],
      "sensitive": true
    },
    "tenant_redis_endpoints": {
      "value": [
        "master.multitenant-ai-poc-tenant-1-redis.sbkyjf.usw2.cache.amazonaws.com",
        "master.multitenant-ai-poc-tenant-2-redis.sbkyjf.usw2.cache.amazonaws.com"
      ],
      "type": [
        "tuple",
        [
          "string",
          "string"
        ]
      ],
      "sensitive": true
    },
    "tenant_s3_buckets": {
      "value": [
        "multitenant-ai-poc-tenant-1-data-0dt64hxa",
        "multitenant-ai-poc-tenant-2-data-fuq4orbx"
      ],
      "type": [
        "tuple",
        [
          "string",
          "string"
        ]
      ]
    },
    "vpc_id": {
      "value": "vpc-05e62cd728f70c2a9",
      "type": "string"
    }
  },
  "resources": [
    {
      "mode": "data",
      "type": "aws_availability_zones",
      "name": "available",
      "provider": "provider[\"registry.terraform.io/hashicorp/aws\"]",
      "instances": [
        {
          "schema_version": 0,
          "attributes": {
            "all_availability_zones": null,
            "exclude_names": null,
            "exclude_zone_ids": null,
            "filter": null,
            "group_names": [
              "us-west-2-zg-1"
            ],
            "id": "us-west-2",
            "names": [
              "us-west-2a",
              "us-west-2b",
              "us-west-2c",
              "us-west-2d"
            ],
            "state": "available",
            "timeouts": null,
            "zone_ids": [
              "usw2-az2",
              "usw2-az1",
              "usw2-az3",
              "usw2-az4"
            ]
          },
          "sensitive_attributes": []
        }
      ]
    },
    {
      "mode": "data",
      "type": "aws_caller_identity",
      "name": "current",
      "provider": "provider[\"registry.terraform.io/hashicorp/aws\"]",
      "instances": [
        {
          "schema_version": 0,
          "attributes": {
            "account_id": "665832050599",
            "arn": "arn:aws:iam::665832050599:user/RobThomas",
            "id": "665832050599",
            "user_id": "AIDAZWBVOZ6TV2JHWYDIK"
          },
          "sensitive_attributes": []
        }
      ]
    },
    {
      "mode": "managed",
      "type": "aws_cloudwatch_log_group",
      "name": "main",
      "provider": "provider[\"registry.terraform.io/hashicorp/aws\"]",
      "instances": [
        {
          "schema_version": 0,
          "attributes": {
            "arn": "arn:aws:logs:us-west-2:665832050599:log-group:/ecs/multitenant-ai-poc",
            "id": "/ecs/multitenant-ai-poc",
            "kms_key_id": "",
            "log_group_class": "STANDARD",
            "name": "/ecs/multitenant-ai-poc",
            "name_prefix": "",
            "retention_in_days": 7,
            "skip_destroy": false,
            "tags": {
              "Name": "multitenant-ai-poc-log-group"
            },
            "tags_all": {
              "Name": "multitenant-ai-poc-log-group"
            }
          },
          "sensitive_attributes": [],
          "private": "bnVsbA=="
        }
      ]
    },
    {
      "mode": "managed",
      "type": "aws_db_instance",
      "name": "main",
      "provider": "provider[\"registry.terraform.io/hashicorp/aws\"]",
      "instances": [
        {
          "schema_version": 2,
          "attributes": {
            "address": "multitenant-ai-poc-db.ct8eacuiyx02.us-west-2.rds.amazonaws.com",
            "allocated_storage": 20,
            "allow_major_version_upgrade": null,
            "apply_immediately": false,
            "arn": "arn:aws:rds:us-west-2:665832050599:db:multitenant-ai-poc-db",
            "auto_minor_version_upgrade": true,
            "availability_zone": "us-west-2a",
            "backup_retention_period": 7,
            "backup_target": "region",
            "backup_window": "03:00-04:00",
            "blue_green_update": [],
            "ca_cert_identifier": "rds-ca-rsa2048-g1",
            "character_set_name": "",
            "copy_tags_to_snapshot": false,
            "custom_iam_instance_profile": "",
            "customer_owned_ip_enabled": false,
            "database_insights_mode": "standard",
            "db_name": "multitenant_ai",
            "db_subnet_group_name": "multitenant-ai-poc-db-subnet-group",
            "dedicated_log_volume": false,
            "delete_automated_backups": true,
            "deletion_protection": false,
            "domain": "",
            "domain_auth_secret_arn": "",
            "domain_dns_ips": [],
            "domain_fqdn": "",
            "domain_iam_role_name": "",
            "domain_ou": "",
            "enabled_cloudwatch_logs_exports": [],
            "endpoint": "multitenant-ai-poc-db.ct8eacuiyx02.us-west-2.rds.amazonaws.com:5432",
            "engine": "postgres",
            "engine_lifecycle_support": "open-source-rds-extended-support",
            "engine_version": "15.7",
            "engine_version_actual": "15.7",
            "final_snapshot_identifier": null,
            "hosted_zone_id": "Z1PVIF0B656C1W",
            "iam_database_authentication_enabled": false,
            "id": "db-6QOQJYHUYQAXR6UL7HCNDNQ5FQ",
            "identifier": "multitenant-ai-poc-db",
            "identifier_prefix": "",
            "instance_class": "db.t4g.micro",
            "iops": 3000,
            "kms_key_id": "arn:aws:kms:us-west-2:665832050599:key/5f4770b2-b45a-402a-99e2-9447014c6b81",
            "latest_restorable_time": "2025-09-29T21:20:07Z",
            "license_model": "postgresql-license",
            "listener_endpoint": [],
            "maintenance_window": "sun:04:00-sun:05:00",
            "manage_master_user_password": null,
            "master_user_secret": [],
            "master_user_secret_kms_key_id": null,
            "max_allocated_storage": 100,
            "monitoring_interval": 0,
            "monitoring_role_arn": "",
            "multi_az": false,
            "nchar_character_set_name": "",
            "network_type": "IPV4",
            "option_group_name": "default:postgres-15",
            "parameter_group_name": "default.postgres15",
            "password": "SecurePassword123!",
            "password_wo": null,
            "password_wo_version": null,
            "performance_insights_enabled": false,
            "performance_insights_kms_key_id": "",
            "performance_insights_retention_period": 0,
            "port": 5432,
            "publicly_accessible": false,
            "replica_mode": "",
            "replicas": [],
            "replicate_source_db": "",
            "resource_id": "db-6QOQJYHUYQAXR6UL7HCNDNQ5FQ",
            "restore_to_point_in_time": [],
            "s3_import": [],
            "skip_final_snapshot": true,
            "snapshot_identifier": null,
            "status": "available",
            "storage_encrypted": true,
            "storage_throughput": 125,
            "storage_type": "gp3",
            "tags": {
              "Name": "multitenant-ai-poc-database"
            },
            "tags_all": {
              "Name": "multitenant-ai-poc-database"
            },
            "timeouts": null,
            "timezone": "",
            "upgrade_storage_config": null,
            "username": "postgres",
            "vpc_security_group_ids": [
              "sg-05f6505fa34896496"
            ]
          },
          "sensitive_attributes": [
            [
              {
                "type": "get_attr",
                "value": "password"
              }
            ]
          ],
          "private": "eyJlMmJmYjczMC1lY2FhLTExZTYtOGY4OC0zNDM2M2JjN2M0YzAiOnsiY3JlYXRlIjozMDAwMDAwMDAwMDAwLCJkZWxldGUiOjM2MDAwMDAwMDAwMDAsInVwZGF0ZSI6NDgwMDAwMDAwMDAwMH0sInNjaGVtYV92ZXJzaW9uIjoiMiJ9",
          "dependencies": [
            "aws_db_subnet_group.main",
            "aws_security_group.alb",
            "aws_security_group.ecs",
            "aws_security_group.rds",
            "aws_subnet.private",
            "aws_vpc.main",
            "data.aws_availability_zones.available"
          ]
        }
      ]
    },
    {
      "mode": "managed",
      "type": "aws_db_instance",
      "name": "tenant_dedicated",
      "provider": "provider[\"registry.terraform.io/hashicorp/aws\"]",
      "instances": [
        {
          "index_key": 0,
          "schema_version": 2,
          "attributes": {
            "address": "multitenant-ai-poc-tenant-1-db.ct8eacuiyx02.us-west-2.rds.amazonaws.com",
            "allocated_storage": 20,
            "allow_major_version_upgrade": null,
            "apply_immediately": false,
            "arn": "arn:aws:rds:us-west-2:665832050599:db:multitenant-ai-poc-tenant-1-db",
            "auto_minor_version_upgrade": true,
            "availability_zone": "us-west-2a",
            "backup_retention_period": 1,
            "backup_target": "region",
            "backup_window": "03:00-04:00",
            "blue_green_update": [],
            "ca_cert_identifier": "rds-ca-rsa2048-g1",
            "character_set_name": "",
            "copy_tags_to_snapshot": false,
            "custom_iam_instance_profile": "",
            "customer_owned_ip_enabled": false,
            "database_insights_mode": "standard",
            "db_name": "tenant_1_db",
            "db_subnet_group_name": "multitenant-ai-poc-tenant-1-db-subnet-group",
            "dedicated_log_volume": false,
            "delete_automated_backups": true,
            "deletion_protection": false,
            "domain": "",
            "domain_auth_secret_arn": "",
            "domain_dns_ips": null,
            "domain_fqdn": "",
            "domain_iam_role_name": "",
            "domain_ou": "",
            "enabled_cloudwatch_logs_exports": null,
            "endpoint": "multitenant-ai-poc-tenant-1-db.ct8eacuiyx02.us-west-2.rds.amazonaws.com:5432",
            "engine": "postgres",
            "engine_lifecycle_support": "open-source-rds-extended-support",
            "engine_version": "15.7",
            "engine_version_actual": "15.7",
            "final_snapshot_identifier": null,
            "hosted_zone_id": "Z1PVIF0B656C1W",
            "iam_database_authentication_enabled": false,
            "id": "db-KQOTUQMFOOBP7ELX7FHMIOCGMU",
            "identifier": "multitenant-ai-poc-tenant-1-db",
            "identifier_prefix": "",
            "instance_class": "db.t4g.micro",
            "iops": 3000,
            "kms_key_id": "arn:aws:kms:us-west-2:665832050599:key/753ee0b6-82af-4c67-a593-a039007c09cc",
            "latest_restorable_time": "2025-09-29T21:28:42Z",
            "license_model": "postgresql-license",
            "listener_endpoint": [],
            "maintenance_window": "sun:04:00-sun:05:00",
            "manage_master_user_password": null,
            "master_user_secret": [],
            "master_user_secret_kms_key_id": null,
            "max_allocated_storage": 100,
            "monitoring_interval": 0,
            "monitoring_role_arn": "",
            "multi_az": false,
            "nchar_character_set_name": "",
            "network_type": "IPV4",
            "option_group_name": "default:postgres-15",
            "parameter_group_name": "default.postgres15",
            "password": "Tenant1SecurePass123!",
            "password_wo": null,
            "password_wo_version": null,
            "performance_insights_enabled": false,
            "performance_insights_kms_key_id": "",
            "performance_insights_retention_period": 0,
            "port": 5432,
            "publicly_accessible": false,
            "replica_mode": "",
            "replicas": [],
            "replicate_source_db": "",
            "resource_id": "db-KQOTUQMFOOBP7ELX7FHMIOCGMU",
            "restore_to_point_in_time": [],
            "s3_import": [],
            "skip_final_snapshot": true,
            "snapshot_identifier": null,
            "status": "available",
            "storage_encrypted": true,
            "storage_throughput": 125,
            "storage_type": "gp3",
            "tags": {
              "DataIsolation": "strict",
              "Name": "multitenant-ai-poc-tenant-1-database",
              "Tenant": "tenant-1"
            },
            "tags_all": {
              "DataIsolation": "strict",
              "Name": "multitenant-ai-poc-tenant-1-database",
              "Tenant": "tenant-1"
            },
            "timeouts": null,
            "timezone": "",
            "upgrade_storage_config": null,
            "username": "tenant_1_user",
            "vpc_security_group_ids": [
              "sg-0b85a5ab8e25b9fa7"
            ]
          },
          "sensitive_attributes": [],
          "private": "eyJlMmJmYjczMC1lY2FhLTExZTYtOGY4OC0zNDM2M2JjN2M0YzAiOnsiY3JlYXRlIjozMDAwMDAwMDAwMDAwLCJkZWxldGUiOjM2MDAwMDAwMDAwMDAsInVwZGF0ZSI6NDgwMDAwMDAwMDAwMH0sInNjaGVtYV92ZXJzaW9uIjoiMiJ9",
          "dependencies": [
            "aws_db_subnet_group.tenant_dedicated",
            "aws_kms_key.tenant_keys",
            "aws_security_group.tenant_eks",
            "aws_security_group.tenant_rds",
            "aws_subnet.shared_private",
            "aws_subnet.tenant_dedicated",
            "aws_vpc.poc_isolated",
            "data.aws_availability_zones.available"
          ]
        },
        {
          "index_key": 1,
          "schema_version": 2,
          "attributes": {
            "address": "multitenant-ai-poc-tenant-2-db.ct8eacuiyx02.us-west-2.rds.amazonaws.com",
            "allocated_storage": 20,
            "allow_major_version_upgrade": null,
            "apply_immediately": false,
            "arn": "arn:aws:rds:us-west-2:665832050599:db:multitenant-ai-poc-tenant-2-db",
            "auto_minor_version_upgrade": true,
            "availability_zone": "us-west-2b",
            "backup_retention_period": 1,
            "backup_target": "region",
            "backup_window": "03:00-04:00",
            "blue_green_update": [],
            "ca_cert_identifier": "rds-ca-rsa2048-g1",
            "character_set_name": "",
            "copy_tags_to_snapshot": false,
            "custom_iam_instance_profile": "",
            "customer_owned_ip_enabled": false,
            "database_insights_mode": "standard",
            "db_name": "tenant_2_db",
            "db_subnet_group_name": "multitenant-ai-poc-tenant-2-db-subnet-group",
            "dedicated_log_volume": false,
            "delete_automated_backups": true,
            "deletion_protection": false,
            "domain": "",
            "domain_auth_secret_arn": "",
            "domain_dns_ips": null,
            "domain_fqdn": "",
            "domain_iam_role_name": "",
            "domain_ou": "",
            "enabled_cloudwatch_logs_exports": null,
            "endpoint": "multitenant-ai-poc-tenant-2-db.ct8eacuiyx02.us-west-2.rds.amazonaws.com:5432",
            "engine": "postgres",
            "engine_lifecycle_support": "open-source-rds-extended-support",
            "engine_version": "15.7",
            "engine_version_actual": "15.7",
            "final_snapshot_identifier": null,
            "hosted_zone_id": "Z1PVIF0B656C1W",
            "iam_database_authentication_enabled": false,
            "id": "db-2VC2LVULQQSX24A54DWNVLKAAU",
            "identifier": "multitenant-ai-poc-tenant-2-db",
            "identifier_prefix": "",
            "instance_class": "db.t4g.micro",
            "iops": 3000,
            "kms_key_id": "arn:aws:kms:us-west-2:665832050599:key/1ffa684c-ea5f-41e7-a59b-4efcf611c959",
            "latest_restorable_time": "2025-09-29T21:28:35Z",
            "license_model": "postgresql-license",
            "listener_endpoint": [],
            "maintenance_window": "sun:04:00-sun:05:00",
            "manage_master_user_password": null,
            "master_user_secret": [],
            "master_user_secret_kms_key_id": null,
            "max_allocated_storage": 100,
            "monitoring_interval": 0,
            "monitoring_role_arn": "",
            "multi_az": false,
            "nchar_character_set_name": "",
            "network_type": "IPV4",
            "option_group_name": "default:postgres-15",
            "parameter_group_name": "default.postgres15",
            "password": "Tenant2SecurePass123!",
            "password_wo": null,
            "password_wo_version": null,
            "performance_insights_enabled": false,
            "performance_insights_kms_key_id": "",
            "performance_insights_retention_period": 0,
            "port": 5432,
            "publicly_accessible": false,
            "replica_mode": "",
            "replicas": [],
            "replicate_source_db": "",
            "resource_id": "db-2VC2LVULQQSX24A54DWNVLKAAU",
            "restore_to_point_in_time": [],
            "s3_import": [],
            "skip_final_snapshot": true,
            "snapshot_identifier": null,
            "status": "available",
            "storage_encrypted": true,
            "storage_throughput": 125,
            "storage_type": "gp3",
            "tags": {
              "DataIsolation": "strict",
              "Name": "multitenant-ai-poc-tenant-2-database",
              "Tenant": "tenant-2"
            },
            "tags_all": {
              "DataIsolation": "strict",
              "Name": "multitenant-ai-poc-tenant-2-database",
              "Tenant": "tenant-2"
            },
            "timeouts": null,
            "timezone": "",
            "upgrade_storage_config": null,
            "username": "tenant_2_user",
            "vpc_security_group_ids": [
              "sg-0c063ec0a8136e36f"
            ]
          },
          "sensitive_attributes": [],
          "private": "eyJlMmJmYjczMC1lY2FhLTExZTYtOGY4OC0zNDM2M2JjN2M0YzAiOnsiY3JlYXRlIjozMDAwMDAwMDAwMDAwLCJkZWxldGUiOjM2MDAwMDAwMDAwMDAsInVwZGF0ZSI6NDgwMDAwMDAwMDAwMH0sInNjaGVtYV92ZXJzaW9uIjoiMiJ9",
          "dependencies": [
            "aws_db_subnet_group.tenant_dedicated",
            "aws_kms_key.tenant_keys",
            "aws_security_group.tenant_eks",
            "aws_security_group.tenant_rds",
            "aws_subnet.shared_private",
            "aws_subnet.tenant_dedicated",
            "aws_vpc.poc_isolated",
            "data.aws_availability_zones.available"
          ]
        }
      ]
    },
    {
      "mode": "managed",
      "type": "aws_db_subnet_group",
      "name": "main",
      "provider": "provider[\"registry.terraform.io/hashicorp/aws\"]",
      "instances": [
        {
          "schema_version": 0,
          "attributes": {
            "arn": "arn:aws:rds:us-west-2:665832050599:subgrp:multitenant-ai-poc-db-subnet-group",
            "description": "Managed by Terraform",
            "id": "multitenant-ai-poc-db-subnet-group",
            "name": "multitenant-ai-poc-db-subnet-group",
            "name_prefix": "",
            "subnet_ids": [
              "subnet-03ea1eb7dcdd58c92",
              "subnet-05c6ace803abfb1ac"
            ],
            "supported_network_types": [
              "IPV4"
            ],
            "tags": {
              "Name": "multitenant-ai-poc-db-subnet-group"
            },
            "tags_all": {
              "Name": "multitenant-ai-poc-db-subnet-group"
            },
            "vpc_id": "vpc-05e62cd728f70c2a9"
          },
          "sensitive_attributes": [],
          "private": "bnVsbA==",
          "dependencies": [
            "aws_subnet.private",
            "aws_vpc.main",
            "data.aws_availability_zones.available"
          ]
        }
      ]
    },
    {
      "mode": "managed",
      "type": "aws_db_subnet_group",
      "name": "tenant_dedicated",
      "provider": "provider[\"registry.terraform.io/hashicorp/aws\"]",
      "instances": [
        {
          "index_key": 0,
          "schema_version": 0,
          "attributes": {
            "arn": "arn:aws:rds:us-west-2:665832050599:subgrp:multitenant-ai-poc-tenant-1-db-subnet-group",
            "description": "Managed by Terraform",
            "id": "multitenant-ai-poc-tenant-1-db-subnet-group",
            "name": "multitenant-ai-poc-tenant-1-db-subnet-group",
            "name_prefix": "",
            "subnet_ids": [
              "subnet-0c527ce26f7476749",
              "subnet-0dab7b9a9956fd606"
            ],
            "supported_network_types": [
              "IPV4"
            ],
            "tags": {
              "Name": "multitenant-ai-poc-tenant-1-db-subnet-group",
              "Tenant": "tenant-1"
            },
            "tags_all": {
              "Name": "multitenant-ai-poc-tenant-1-db-subnet-group",
              "Tenant": "tenant-1"
            },
            "vpc_id": "vpc-02192da0fc1a7dd84"
          },
          "sensitive_attributes": [],
          "private": "bnVsbA==",
          "dependencies": [
            "aws_subnet.shared_private",
            "aws_subnet.tenant_dedicated",
            "aws_vpc.poc_isolated",
            "data.aws_availability_zones.available"
          ]
        },
        {
          "index_key": 1,
          "schema_version": 0,
          "attributes": {
            "arn": "arn:aws:rds:us-west-2:665832050599:subgrp:multitenant-ai-poc-tenant-2-db-subnet-group",
            "description": "Managed by Terraform",
            "id": "multitenant-ai-poc-tenant-2-db-subnet-group",
            "name": "multitenant-ai-poc-tenant-2-db-subnet-group",
            "name_prefix": "",
            "subnet_ids": [
              "subnet-0500891f4e55871fa",
              "subnet-08752e1ee6513a466"
            ],
            "supported_network_types": [
              "IPV4"
            ],
            "tags": {
              "Name": "multitenant-ai-poc-tenant-2-db-subnet-group",
              "Tenant": "tenant-2"
            },
            "tags_all": {
              "Name": "multitenant-ai-poc-tenant-2-db-subnet-group",
              "Tenant": "tenant-2"
            },
            "vpc_id": "vpc-02192da0fc1a7dd84"
          },
          "sensitive_attributes": [],
          "private": "bnVsbA==",
          "dependencies": [
            "aws_subnet.shared_private",
            "aws_subnet.tenant_dedicated",
            "aws_vpc.poc_isolated",
            "data.aws_availability_zones.available"
          ]
        }
      ]
    },
    {
      "mode": "managed",
      "type": "aws_ecr_repository",
      "name": "main",
      "provider": "provider[\"registry.terraform.io/hashicorp/aws\"]",
      "instances": [
        {
          "schema_version": 0,
          "attributes": {
            "arn": "arn:aws:ecr:us-west-2:665832050599:repository/multitenant-ai-poc-repo",
            "encryption_configuration": [
              {
                "encryption_type": "AES256",
                "kms_key": ""
              }
            ],
            "force_delete": null,
            "id": "multitenant-ai-poc-repo",
            "image_scanning_configuration": [
              {
                "scan_on_push": true
              }
            ],
            "image_tag_mutability": "MUTABLE",
            "name": "multitenant-ai-poc-repo",
            "registry_id": "665832050599",
            "repository_url": "665832050599.dkr.ecr.us-west-2.amazonaws.com/multitenant-ai-poc-repo",
            "tags": {
              "Name": "multitenant-ai-poc-ecr-repo"
            },
            "tags_all": {
              "Name": "multitenant-ai-poc-ecr-repo"
            },
            "timeouts": null
          },
          "sensitive_attributes": [],
          "private": "eyJlMmJmYjczMC1lY2FhLTExZTYtOGY4OC0zNDM2M2JjN2M0YzAiOnsiZGVsZXRlIjoxMjAwMDAwMDAwMDAwfX0="
        }
      ]
    },
    {
      "mode": "managed",
      "type": "aws_ecs_cluster",
      "name": "main",
      "provider": "provider[\"registry.terraform.io/hashicorp/aws\"]",
      "instances": [
        {
          "schema_version": 0,
          "attributes": {
            "arn": "arn:aws:ecs:us-west-2:665832050599:cluster/multitenant-ai-poc-cluster",
            "configuration": [],
            "id": "arn:aws:ecs:us-west-2:665832050599:cluster/multitenant-ai-poc-cluster",
            "name": "multitenant-ai-poc-cluster",
            "service_connect_defaults": [],
            "setting": [
              {
                "name": "containerInsights",
                "value": "enabled"
              }
            ],
            "tags": {
              "Name": "multitenant-ai-poc-cluster"
            },
            "tags_all": {
              "Name": "multitenant-ai-poc-cluster"
            }
          },
          "sensitive_attributes": [],
          "private": "bnVsbA=="
        }
      ]
    },
    {
      "mode": "managed",
      "type": "aws_ecs_task_definition",
      "name": "main",
      "provider": "provider[\"registry.terraform.io/hashicorp/aws\"]",
      "instances": [
        {
          "schema_version": 1,
          "attributes": {
            "arn": "arn:aws:ecs:us-west-2:665832050599:task-definition/multitenant-ai-poc-task:1",
            "arn_without_revision": "arn:aws:ecs:us-west-2:665832050599:task-definition/multitenant-ai-poc-task",
            "container_definitions": "[{\"environment\":[{\"name\":\"AWS_REGION\",\"value\":\"us-west-2\"},{\"name\":\"DATABASE_URL\",\"value\":\"postgresql://postgres:SecurePassword123!@multitenant-ai-poc-db.ct8eacuiyx02.us-west-2.rds.amazonaws.com:5432/multitenant_ai\"},{\"name\":\"REDIS_URL\",\"value\":\"redis://master.multitenant-ai-poc-redis.sbkyjf.usw2.cache.amazonaws.com:6379\"}],\"essential\":true,\"image\":\"665832050599.dkr.ecr.us-west-2.amazonaws.com/multitenant-ai-poc-repo:latest\",\"logConfiguration\":{\"logDriver\":\"awslogs\",\"options\":{\"awslogs-group\":\"/ecs/multitenant-ai-poc\",\"awslogs-region\":\"us-west-2\",\"awslogs-stream-prefix\":\"ecs\"}},\"mountPoints\":[],\"name\":\"multitenant-ai-poc-container\",\"portMappings\":[{\"containerPort\":8000,\"hostPort\":8000,\"protocol\":\"tcp\"}],\"systemControls\":[],\"volumesFrom\":[]}]",
            "cpu": "512",
            "enable_fault_injection": false,
            "ephemeral_storage": [],
            "execution_role_arn": "arn:aws:iam::665832050599:role/multitenant-ai-poc-ecs-execution-role",
            "family": "multitenant-ai-poc-task",
            "id": "multitenant-ai-poc-task",
            "inference_accelerator": [],
            "ipc_mode": "",
            "memory": "1024",
            "network_mode": "awsvpc",
            "pid_mode": "",
            "placement_constraints": [],
            "proxy_configuration": [],
            "requires_compatibilities": [
              "FARGATE"
            ],
            "revision": 1,
            "runtime_platform": [],
            "skip_destroy": false,
            "tags": {
              "Name": "multitenant-ai-poc-task-definition"
            },
            "tags_all": {
              "Name": "multitenant-ai-poc-task-definition"
            },
            "task_role_arn": "arn:aws:iam::665832050599:role/multitenant-ai-poc-ecs-task-role",
            "track_latest": false,
            "volume": []
          },
          "sensitive_attributes": [
            [
              {
                "type": "get_attr",
                "value": "container_definitions"
              }
            ]
          ],
          "private": "eyJzY2hlbWFfdmVyc2lvbiI6IjEifQ==",
          "dependencies": [
            "aws_cloudwatch_log_group.main",
            "aws_db_instance.main",
            "aws_db_subnet_group.main",
            "aws_elasticache_replication_group.main",
            "aws_elasticache_subnet_group.main",
            "aws_iam_role.ecs_execution_role",
            "aws_iam_role.ecs_task_role",
            "aws_security_group.alb",
            "aws_security_group.ecs",
            "aws_security_group.rds",
            "aws_security_group.redis",
            "aws_subnet.private",
            "aws_vpc.main",
            "data.aws_availability_zones.available",
            "data.aws_caller_identity.current"
          ]
        }
      ]
    },
    {
      "mode": "managed",
      "type": "aws_eip",
      "name": "nat",
      "provider": "provider[\"registry.terraform.io/hashicorp/aws\"]",
      "instances": [
        {
          "index_key": 0,
          "schema_version": 0,
          "attributes": {
            "address": null,
            "allocation_id": "eipalloc-0accf74138fdaa84d",
            "arn": "arn:aws:ec2:us-west-2:665832050599:elastic-ip/eipalloc-0accf74138fdaa84d",
            "associate_with_private_ip": null,
            "association_id": "eipassoc-0e5ff4dd6bd2cd790",
            "carrier_ip": "",
            "customer_owned_ip": "",
            "customer_owned_ipv4_pool": "",
            "domain": "vpc",
            "id": "eipalloc-0accf74138fdaa84d",
            "instance": "",
            "ipam_pool_id": null,
            "network_border_group": "us-west-2",
            "network_interface": "eni-0ef9324de333a7236",
            "private_dns": "ip-10-0-1-211.us-west-2.compute.internal",
            "private_ip": "10.0.1.211",
            "ptr_record": "",
            "public_dns": "ec2-44-237-132-161.us-west-2.compute.amazonaws.com",
            "public_ip": "44.237.132.161",
            "public_ipv4_pool": "amazon",
            "tags": {
              "Name": "multitenant-ai-poc-nat-eip-1"
            },
            "tags_all": {
              "Name": "multitenant-ai-poc-nat-eip-1"
            },
            "timeouts": null,
            "vpc": true
          },
          "sensitive_attributes": [],
          "private": "eyJlMmJmYjczMC1lY2FhLTExZTYtOGY4OC0zNDM2M2JjN2M0YzAiOnsiZGVsZXRlIjoxODAwMDAwMDAwMDAsInJlYWQiOjkwMDAwMDAwMDAwMCwidXBkYXRlIjozMDAwMDAwMDAwMDB9fQ==",
          "dependencies": [
            "aws_internet_gateway.main",
            "aws_vpc.main"
          ]
        },
        {
          "index_key": 1,
          "schema_version": 0,
          "attributes": {
            "address": null,
            "allocation_id": "eipalloc-0cd9138df23d4d83a",
            "arn": "arn:aws:ec2:us-west-2:665832050599:elastic-ip/eipalloc-0cd9138df23d4d83a",
            "associate_with_private_ip": null,
            "association_id": "eipassoc-0cce3213fa5ea9acc",
            "carrier_ip": "",
            "customer_owned_ip": "",
            "customer_owned_ipv4_pool": "",
            "domain": "vpc",
            "id": "eipalloc-0cd9138df23d4d83a",
            "instance": "",
            "ipam_pool_id": null,
            "network_border_group": "us-west-2",
            "network_interface": "eni-018a866d7facef4c3",
            "private_dns": "ip-10-0-2-243.us-west-2.compute.internal",
            "private_ip": "10.0.2.243",
            "ptr_record": "",
            "public_dns": "ec2-35-162-182-114.us-west-2.compute.amazonaws.com",
            "public_ip": "35.162.182.114",
            "public_ipv4_pool": "amazon",
            "tags": {
              "Name": "multitenant-ai-poc-nat-eip-2"
            },
            "tags_all": {
              "Name": "multitenant-ai-poc-nat-eip-2"
            },
            "timeouts": null,
            "vpc": true
          },
          "sensitive_attributes": [],
          "private": "eyJlMmJmYjczMC1lY2FhLTExZTYtOGY4OC0zNDM2M2JjN2M0YzAiOnsiZGVsZXRlIjoxODAwMDAwMDAwMDAsInJlYWQiOjkwMDAwMDAwMDAwMCwidXBkYXRlIjozMDAwMDAwMDAwMDB9fQ==",
          "dependencies": [
            "aws_internet_gateway.main",
            "aws_vpc.main"
          ]
        }
      ]
    },
    {
      "mode": "managed",
      "type": "aws_eip",
      "name": "poc_nat",
      "provider": "provider[\"registry.terraform.io/hashicorp/aws\"]",
      "instances": [
        {
          "index_key": 0,
          "schema_version": 0,
          "attributes": {
            "address": null,
            "allocation_id": "eipalloc-00d0e9b42d58b4a60",
            "arn": "arn:aws:ec2:us-west-2:665832050599:elastic-ip/eipalloc-00d0e9b42d58b4a60",
            "associate_with_private_ip": null,
            "association_id": "eipassoc-0556398fd3c7faf1d",
            "carrier_ip": "",
            "customer_owned_ip": "",
            "customer_owned_ipv4_pool": "",
            "domain": "vpc",
            "id": "eipalloc-00d0e9b42d58b4a60",
            "instance": "",
            "ipam_pool_id": null,
            "network_border_group": "us-west-2",
            "network_interface": "eni-01312d258830c27f0",
            "private_dns": "ip-10-0-10-227.us-west-2.compute.internal",
            "private_ip": "10.0.10.227",
            "ptr_record": "",
            "public_dns": "ec2-34-214-40-18.us-west-2.compute.amazonaws.com",
            "public_ip": "34.214.40.18",
            "public_ipv4_pool": "amazon",
            "tags": {
              "AZ": "us-west-2a",
              "Name": "multitenant-ai-poc-poc-nat-eip-1"
            },
            "tags_all": {
              "AZ": "us-west-2a",
              "Name": "multitenant-ai-poc-poc-nat-eip-1"
            },
            "timeouts": null,
            "vpc": true
          },
          "sensitive_attributes": [],
          "private": "eyJlMmJmYjczMC1lY2FhLTExZTYtOGY4OC0zNDM2M2JjN2M0YzAiOnsiZGVsZXRlIjoxODAwMDAwMDAwMDAsInJlYWQiOjkwMDAwMDAwMDAwMCwidXBkYXRlIjozMDAwMDAwMDAwMDB9fQ==",
          "dependencies": [
            "aws_internet_gateway.poc_isolated",
            "aws_vpc.poc_isolated",
            "data.aws_availability_zones.available"
          ]
        },
        {
          "index_key": 1,
          "schema_version": 0,
          "attributes": {
            "address": null,
            "allocation_id": "eipalloc-04fa97f5e66c9a0f7",
            "arn": "arn:aws:ec2:us-west-2:665832050599:elastic-ip/eipalloc-04fa97f5e66c9a0f7",
            "associate_with_private_ip": null,
            "association_id": "eipassoc-0000104ec1688b0cd",
            "carrier_ip": "",
            "customer_owned_ip": "",
            "customer_owned_ipv4_pool": "",
            "domain": "vpc",
            "id": "eipalloc-04fa97f5e66c9a0f7",
            "instance": "",
            "ipam_pool_id": null,
            "network_border_group": "us-west-2",
            "network_interface": "eni-0a12b988d025bed20",
            "private_dns": "ip-10-0-11-14.us-west-2.compute.internal",
            "private_ip": "10.0.11.14",
            "ptr_record": "",
            "public_dns": "ec2-44-254-34-213.us-west-2.compute.amazonaws.com",
            "public_ip": "44.254.34.213",
            "public_ipv4_pool": "amazon",
            "tags": {
              "AZ": "us-west-2b",
              "Name": "multitenant-ai-poc-poc-nat-eip-2"
            },
            "tags_all": {
              "AZ": "us-west-2b",
              "Name": "multitenant-ai-poc-poc-nat-eip-2"
            },
            "timeouts": null,
            "vpc": true
          },
          "sensitive_attributes": [],
          "private": "eyJlMmJmYjczMC1lY2FhLTExZTYtOGY4OC0zNDM2M2JjN2M0YzAiOnsiZGVsZXRlIjoxODAwMDAwMDAwMDAsInJlYWQiOjkwMDAwMDAwMDAwMCwidXBkYXRlIjozMDAwMDAwMDAwMDB9fQ==",
          "dependencies": [
            "aws_internet_gateway.poc_isolated",
            "aws_vpc.poc_isolated",
            "data.aws_availability_zones.available"
          ]
        }
      ]
    },
    {
      "mode": "managed",
      "type": "aws_eks_cluster",
      "name": "poc_shared",
      "provider": "provider[\"registry.terraform.io/hashicorp/aws\"]",
      "instances": [
        {
          "schema_version": 1,
          "attributes": {
            "access_config": [
              {
                "authentication_mode": "CONFIG_MAP",
                "bootstrap_cluster_creator_admin_permissions": true
              }
            ],
            "arn": "arn:aws:eks:us-west-2:665832050599:cluster/multitenant-ai-poc-poc-shared-cluster",
            "bootstrap_self_managed_addons": true,
            "certificate_authority": [
              {
                "data": "LS0tLS1CRUdJTiBDRVJUSUZJQ0FURS0tLS0tCk1JSURCVENDQWUyZ0F3SUJBZ0lJRVVXQnd6YkYxMzB3RFFZSktvWklodmNOQVFFTEJRQXdGVEVUTUJFR0ExVUUKQXhNS2EzVmlaWEp1WlhSbGN6QWVGdzB5TlRBNU1qa3hPVE16TXpOYUZ3MHpOVEE1TWpjeE9UTTRNek5hTUJVeApFekFSQmdOVkJBTVRDbXQxWW1WeWJtVjBaWE13Z2dFaU1BMEdDU3FHU0liM0RRRUJBUVVBQTRJQkR3QXdnZ0VLCkFvSUJBUURBRnFvRy9IVGltYTJLNjhaSTk2T0MzV1QrcU5FNnM1T2wvWllLeXdPSy9nQWQrV2Q5M1RwZ2Z5YjkKSVZRRWR2NlNIU2ZkaFZwb0NjaTFKeGV2bnFHMHpoNEJrVk9qUGtBVHR5MlFrbTRQd3Fla3BVbG5lNTdlelZmeApBM1NIZGo4bHY4WkFZMkM2VDRLOUtWRFFFM1F2UzNQc090dDhKRUllR3NaRzJGOEZNSFFSVVR6cmZEeDNFVnFKCmtiMHRPdmM2VXU0d0FZLzd4RjgzSkQxakg4THY2NTBaaVJ3VTFGcGF4b2lTOTZ4S1BYTXh1dW45L0x4ZzBnYTAKQXhERlRqRzhmK0dkVlE1Y1dVMWs2MzNHNWJMS2k4eEFlcVFubDQ4eVZ2RlBrSmtYWUNxSHVvTllKZkgyWEIxSwoyV0dTNXEyM3BWSkVmSzFleFR4VnprRGNXdDRIQWdNQkFBR2pXVEJYTUE0R0ExVWREd0VCL3dRRUF3SUNwREFQCkJnTlZIUk1CQWY4RUJUQURBUUgvTUIwR0ExVWREZ1FXQkJUQ0R4SnR3ZVNUakI5RzhwQjkzd3VDUVBqcCtEQVYKQmdOVkhSRUVEakFNZ2dwcmRXSmxjbTVsZEdWek1BMEdDU3FHU0liM0RRRUJDd1VBQTRJQkFRQng0N1NiVG1kcwpKbm5kS2N2V2ZReTR3bURrancyV1NhUTdid2JTZWR4cEVmTU94RnBpaERVK0pIdXJzQi9QaU8yeGtGcWxYakZkCjRIM0dOcmFWQm1Ya29xeGN0V2N1VWRBOUhMTzgwWGZFYmpITTd0YUhJWXFtY1pTS0lrSEF6Sk1Rb2lhWEFJOWYKc1htNURHWXJiekdicXZWVE45Y2phVGhHL29VdXRack1UYWxoSmN4SHFsQ1Qrb2pXeFF6QVUvcENCOVpsOVQ5YQpQRkFBZHRYNlNEdkRyUzFCZHFsOEhQSEMzQ1lzTW4rTXVZRGdjSnVXTThJaXF5WmpMQVRYVVlhbDJvNEVsWGpWCmFON3RabTZEaDRhNGhQN0d0VjlNZ3kvZG1MRFYvT0Rkb05VbHR0cEluS3J1U3pBVzZtU2FIVWQzRHpXb20zNlcKQXpmR1kreUo0TFNBCi0tLS0tRU5EIENFUlRJRklDQVRFLS0tLS0K"
              }
            ],
            "cluster_id": null,
            "compute_config": [],
            "created_at": "2025-09-29T19:32:29Z",
            "enabled_cluster_log_types": [
              "api",
              "audit",
              "authenticator"
            ],
            "encryption_config": [],
            "endpoint": "https://4A78C8697E3C50F373280579B04FAE16.yl4.us-west-2.eks.amazonaws.com",
            "force_update_version": null,
            "id": "multitenant-ai-poc-poc-shared-cluster",
            "identity": [
              {
                "oidc": [
                  {
                    "issuer": "https://oidc.eks.us-west-2.amazonaws.com/id/4A78C8697E3C50F373280579B04FAE16"
                  }
                ]
              }
            ],
            "kubernetes_network_config": [
              {
                "elastic_load_balancing": [
                  {
                    "enabled": false
                  }
                ],
                "ip_family": "ipv4",
                "service_ipv4_cidr": "172.20.0.0/16",
                "service_ipv6_cidr": ""
              }
            ],
            "name": "multitenant-ai-poc-poc-shared-cluster",
            "outpost_config": [],
            "platform_version": "eks.55",
            "remote_network_config": [],
            "role_arn": "arn:aws:iam::665832050599:role/multitenant-ai-poc-poc-eks-cluster-role",
            "status": "ACTIVE",
            "storage_config": [],
            "tags": {
              "Environment": "poc",
              "Name": "multitenant-ai-poc-poc-shared-cluster",
              "Workload": "Shared-Services"
            },
            "tags_all": {
              "Environment": "poc",
              "Name": "multitenant-ai-poc-poc-shared-cluster",
              "Workload": "Shared-Services"
            },
            "timeouts": null,
            "upgrade_policy": [
              {
                "support_type": "EXTENDED"
              }
            ],
            "version": "1.28",
            "vpc_config": [
              {
                "cluster_security_group_id": "sg-058a66e616b20b913",
                "endpoint_private_access": true,
                "endpoint_public_access": true,
                "public_access_cidrs": [
                  "0.0.0.0/0"
                ],
                "security_group_ids": [],
                "subnet_ids": [
                  "subnet-0500891f4e55871fa",
                  "subnet-0dab7b9a9956fd606"
                ],
                "vpc_id": "vpc-02192da0fc1a7dd84"
              }
            ],
            "zonal_shift_config": []
          },
          "sensitive_attributes": [],
          "private": "eyJlMmJmYjczMC1lY2FhLTExZTYtOGY4OC0zNDM2M2JjN2M0YzAiOnsiY3JlYXRlIjoxODAwMDAwMDAwMDAwLCJkZWxldGUiOjkwMDAwMDAwMDAwMCwidXBkYXRlIjozNjAwMDAwMDAwMDAwfSwic2NoZW1hX3ZlcnNpb24iOiIxIn0=",
          "dependencies": [
            "aws_iam_role.eks_cluster",
            "aws_iam_role_policy_attachment.eks_cluster_policy",
            "aws_iam_role_policy_attachment.eks_vpc_resource_controller",
            "aws_subnet.shared_private",
            "aws_vpc.poc_isolated",
            "data.aws_availability_zones.available"
          ]
        }
      ]
    },
    {
      "mode": "managed",
      "type": "aws_eks_cluster",
      "name": "tenant_dedicated",
      "provider": "provider[\"registry.terraform.io/hashicorp/aws\"]",
      "instances": [
        {
          "index_key": 0,
          "schema_version": 1,
          "attributes": {
            "access_config": [
              {
                "authentication_mode": "CONFIG_MAP",
                "bootstrap_cluster_creator_admin_permissions": true
              }
            ],
            "arn": "arn:aws:eks:us-west-2:665832050599:cluster/multitenant-ai-poc-tenant-1-cluster",
            "bootstrap_self_managed_addons": true,
            "certificate_authority": [
              {
                "data": "LS0tLS1CRUdJTiBDRVJUSUZJQ0FURS0tLS0tCk1JSURCVENDQWUyZ0F3SUJBZ0lJWngzSzV0SGJKVFl3RFFZSktvWklodmNOQVFFTEJRQXdGVEVUTUJFR0ExVUUKQXhNS2EzVmlaWEp1WlhSbGN6QWVGdzB5TlRBNU1qa3lNVEkwTXpaYUZ3MHpOVEE1TWpjeU1USTVNelphTUJVeApFekFSQmdOVkJBTVRDbXQxWW1WeWJtVjBaWE13Z2dFaU1BMEdDU3FHU0liM0RRRUJBUVVBQTRJQkR3QXdnZ0VLCkFvSUJBUUNualFTLzBZM3BRYnFGWmtZN0VHSi9nY0ZNZFhnTGkwaGxrU1dTVDlmTjA2S1crRm5JM3gwOE8yTzYKOVJOeVFsei9nUm9nVS95UjNzT3Nqdk9lc004SENqV2RQanVLTkp6ZUJtaUFBTVRsNFhNWEJJbEw5UjV2U3B4RwpDdnNndm4zS0hvWDV0UWdrbm9pWklKT3JrcWd3MUFuNGhxbDdSNDN4bEtmWnVETmZzQjFSSk9wT2dYWVM2NnZ6CnRMSzBxaGZORUVQcCtFMUQycFV1Z2h2SG1Cd0JFYmlUWjNCaDNhcE1ieGNrOEMySUg4Tk1jRmdVWndpQ09xMGEKcnVnUHUwKzRKblhyNEZMZnorNFpYN0FMOC81cGpsTjhwbmpEajB4ZEtrcHNXY3hQenA1aXA2Q3hBbU9kN2pqaApJYVRIU0pVOFUyVnY5UGxVZ2xQTTduRm1YeXluQWdNQkFBR2pXVEJYTUE0R0ExVWREd0VCL3dRRUF3SUNwREFQCkJnTlZIUk1CQWY4RUJUQURBUUgvTUIwR0ExVWREZ1FXQkJRT01sZ1VTV2I5cW4rem9yMjZSYkg2YWhxZzVUQVYKQmdOVkhSRUVEakFNZ2dwcmRXSmxjbTVsZEdWek1BMEdDU3FHU0liM0RRRUJDd1VBQTRJQkFRQnFZN2pOSUtZdQo5aTE0UnU0cGxYak5WL0pQcFlZNnNpdHUvNDVBWXcwaENKalhnMXFIaWZYMjZXLytHSGNvaG5oNXZTeElWcEhZCldvcC94MmFRRHVEelByRlVTNjlGSnFRVXpWUE5JUVlnYkc2Snd0QWhqUk1MeEx4SXVQRmdRNFNXNU03NkowVE8KMHhrWUZRemdTVi82MWVKcWpJMzdYQXlvc3dNc0Y4M1FkV1RMeFl2ZktjVlhMTVZ5VDFCeTkrOVYwTHAxZmtwQQptcTBwSEpKZEI5SEZueGZrMzFHNFRYVFlqYmxuTCsvV29WMmhCcUZzZnlsMGtFQS9GVXJhY1JqMFJ5Z2k5NTJZClJOdHN4L0lJOCtVQ3JtYzFudEtSRnFPMGVnYVdQQ3NrcTYrVktyVFF2SHJERzlXZ3JRNlVsT0FiekxJU3ozc0IKZGxsaHFLYXN5UFE5Ci0tLS0tRU5EIENFUlRJRklDQVRFLS0tLS0K"
              }
            ],
            "cluster_id": null,
            "compute_config": [],
            "created_at": "2025-09-29T21:23:53Z",
            "enabled_cluster_log_types": [
              "api",
              "audit",
              "authenticator"
            ],
            "encryption_config": [],
            "endpoint": "https://91B18DA214BC5FA6CA8A117CC2BCF070.gr7.us-west-2.eks.amazonaws.com",
            "force_update_version": null,
            "id": "multitenant-ai-poc-tenant-1-cluster",
            "identity": [
              {
                "oidc": [
                  {
                    "issuer": "https://oidc.eks.us-west-2.amazonaws.com/id/91B18DA214BC5FA6CA8A117CC2BCF070"
                  }
                ]
              }
            ],
            "kubernetes_network_config": [
              {
                "elastic_load_balancing": [
                  {
                    "enabled": false
                  }
                ],
                "ip_family": "ipv4",
                "service_ipv4_cidr": "172.20.0.0/16",
                "service_ipv6_cidr": ""
              }
            ],
            "name": "multitenant-ai-poc-tenant-1-cluster",
            "outpost_config": [],
            "platform_version": "eks.55",
            "remote_network_config": [],
            "role_arn": "arn:aws:iam::665832050599:role/multitenant-ai-poc-poc-eks-cluster-role",
            "status": "ACTIVE",
            "storage_config": [],
            "tags": {
              "DataIsolation": "strict",
              "Environment": "poc",
              "Name": "multitenant-ai-poc-tenant-1-cluster",
              "Tenant": "tenant-1"
            },
            "tags_all": {
              "DataIsolation": "strict",
              "Environment": "poc",
              "Name": "multitenant-ai-poc-tenant-1-cluster",
              "Tenant": "tenant-1"
            },
            "timeouts": null,
            "upgrade_policy": [
              {
                "support_type": "EXTENDED"
              }
            ],
            "version": "1.28",
            "vpc_config": [
              {
                "cluster_security_group_id": "sg-0cbb7eaba91db04e7",
                "endpoint_private_access": true,
                "endpoint_public_access": false,
                "public_access_cidrs": [],
                "security_group_ids": null,
                "subnet_ids": [
                  "subnet-0c527ce26f7476749",
                  "subnet-0dab7b9a9956fd606"
                ],
                "vpc_id": "vpc-02192da0fc1a7dd84"
              }
            ],
            "zonal_shift_config": []
          },
          "sensitive_attributes": [],
          "private": "eyJlMmJmYjczMC1lY2FhLTExZTYtOGY4OC0zNDM2M2JjN2M0YzAiOnsiY3JlYXRlIjoxODAwMDAwMDAwMDAwLCJkZWxldGUiOjkwMDAwMDAwMDAwMCwidXBkYXRlIjozNjAwMDAwMDAwMDAwfSwic2NoZW1hX3ZlcnNpb24iOiIxIn0=",
          "dependencies": [
            "aws_iam_role.eks_cluster",
            "aws_iam_role_policy_attachment.eks_cluster_policy",
            "aws_iam_role_policy_attachment.eks_vpc_resource_controller",
            "aws_subnet.shared_private",
            "aws_subnet.tenant_dedicated",
            "aws_vpc.poc_isolated",
            "data.aws_availability_zones.available"
          ]
        },
        {
          "index_key": 1,
          "schema_version": 1,
          "attributes": {
            "access_config": [
              {
                "authentication_mode": "CONFIG_MAP",
                "bootstrap_cluster_creator_admin_permissions": true
              }
            ],
            "arn": "arn:aws:eks:us-west-2:665832050599:cluster/multitenant-ai-poc-tenant-2-cluster",
            "bootstrap_self_managed_addons": true,
            "certificate_authority": [
              {
                "data": "LS0tLS1CRUdJTiBDRVJUSUZJQ0FURS0tLS0tCk1JSURCVENDQWUyZ0F3SUJBZ0lJRjVxQ0dPMFpkamN3RFFZSktvWklodmNOQVFFTEJRQXdGVEVUTUJFR0ExVUUKQXhNS2EzVmlaWEp1WlhSbGN6QWVGdzB5TlRBNU1qa3lNVEkwTkRCYUZ3MHpOVEE1TWpjeU1USTVOREJhTUJVeApFekFSQmdOVkJBTVRDbXQxWW1WeWJtVjBaWE13Z2dFaU1BMEdDU3FHU0liM0RRRUJBUVVBQTRJQkR3QXdnZ0VLCkFvSUJBUUMyTjFQOXlwSGJLTGlYUWE4WFo5NFJrVEh2bTNXM29KNzlPZWtEbkRjMmg3czFRamtPdG1wV3ZmYkcKcXlueDFYZFNRN1ZGdGswQXVncldJSHh2U2ZjWnVvZVZGMGNMTUcyWWJjNkluaENKSDNkZ1RpTmpGUVprdTNoRwo4blFJMzV4WTRIMjY3QVdVK3E4ZkswSTdVdmF2LzN6NHR1K3ZZMjhkbmF5OG44ai93dmZhSmxZTW1VRHA3TDU5CkVHYWFvcG1xUFNuZENCMlRVaFFNelRtVk1nbnZzNU1PQkZqcEt2SXJtQnFCbHY2MVp0UlFWMnRGZjRnV0VERCsKWUlaZkpaMEtoblhaM1c0TEoyY2dybCsyZDgvcGNxZk1iQkliTThjejhTQm05ekp6ZFhtMVhLUk1CUE5GSTVlcAphRzB3SGU4T0lWSVhCcnVrVm9iL2lxZENZYis5QWdNQkFBR2pXVEJYTUE0R0ExVWREd0VCL3dRRUF3SUNwREFQCkJnTlZIUk1CQWY4RUJUQURBUUgvTUIwR0ExVWREZ1FXQkJUTVpqdENXSkxjbFh3WVFRcnQxMUZleGF1RURqQVYKQmdOVkhSRUVEakFNZ2dwcmRXSmxjbTVsZEdWek1BMEdDU3FHU0liM0RRRUJDd1VBQTRJQkFRQkhuLzd1NDI3cgo2dHBhdUJ3Q0poa00wc0JDUW43Um9vZnRHcWZPZ2gxWlV3OCttK3lFQXhPTmR3cVkvcmUya1QrdVB0eFVMdHAvCmJlYStGQW5lS3g2TTlNRUlPTTRIaTdTanFic3ZCQ0d3a29xL0pkeFN2NmlzemplYzJ1ZnBwUUtobnlWaGRwZGUKR2x0MjcvNFQ0YzFxcFVGaG56RDRxcVRsZWhoa2NXYUZqSkMrMmcvTFVOQm4vRzRNNERwZVlQeEFrUkIyQkVoMAp6N3AvNWx1QjNCN1ZFVFhaMjIwQ24rdkhiYVB6cXZUaVBlZ1lKN2dBRzg2dGFtd2crRHptRkVVcTZnaTluRFE0CkNPd2dGejZhcHVEYjdTcWRHcDIvUUh5dFVzZzN6OERUQUN3QnRXMFhMSGd3WUhoc1BMN0hhY2tNTmdLemcvOWIKS2VOdmEyZitWN0NWCi0tLS0tRU5EIENFUlRJRklDQVRFLS0tLS0K"
              }
            ],
            "cluster_id": null,
            "compute_config": [],
            "created_at": "2025-09-29T21:23:52Z",
            "enabled_cluster_log_types": [
              "api",
              "audit",
              "authenticator"
            ],
            "encryption_config": [],
            "endpoint": "https://A2320A470E3A8F405DD7058AB879ECE9.sk1.us-west-2.eks.amazonaws.com",
            "force_update_version": null,
            "id": "multitenant-ai-poc-tenant-2-cluster",
            "identity": [
              {
                "oidc": [
                  {
                    "issuer": "https://oidc.eks.us-west-2.amazonaws.com/id/A2320A470E3A8F405DD7058AB879ECE9"
                  }
                ]
              }
            ],
            "kubernetes_network_config": [
              {
                "elastic_load_balancing": [
                  {
                    "enabled": false
                  }
                ],
                "ip_family": "ipv4",
                "service_ipv4_cidr": "172.20.0.0/16",
                "service_ipv6_cidr": ""
              }
            ],
            "name": "multitenant-ai-poc-tenant-2-cluster",
            "outpost_config": [],
            "platform_version": "eks.55",
            "remote_network_config": [],
            "role_arn": "arn:aws:iam::665832050599:role/multitenant-ai-poc-poc-eks-cluster-role",
            "status": "ACTIVE",
            "storage_config": [],
            "tags": {
              "DataIsolation": "strict",
              "Environment": "poc",
              "Name": "multitenant-ai-poc-tenant-2-cluster",
              "Tenant": "tenant-2"
            },
            "tags_all": {
              "DataIsolation": "strict",
              "Environment": "poc",
              "Name": "multitenant-ai-poc-tenant-2-cluster",
              "Tenant": "tenant-2"
            },
            "timeouts": null,
            "upgrade_policy": [
              {
                "support_type": "EXTENDED"
              }
            ],
            "version": "1.28",
            "vpc_config": [
              {
                "cluster_security_group_id": "sg-0c7c365cb85b342cc",
                "endpoint_private_access": true,
                "endpoint_public_access": false,
                "public_access_cidrs": [],
                "security_group_ids": null,
                "subnet_ids": [
                  "subnet-0500891f4e55871fa",
                  "subnet-08752e1ee6513a466"
                ],
                "vpc_id": "vpc-02192da0fc1a7dd84"
              }
            ],
            "zonal_shift_config": []
          },
          "sensitive_attributes": [],
          "private": "eyJlMmJmYjczMC1lY2FhLTExZTYtOGY4OC0zNDM2M2JjN2M0YzAiOnsiY3JlYXRlIjoxODAwMDAwMDAwMDAwLCJkZWxldGUiOjkwMDAwMDAwMDAwMCwidXBkYXRlIjozNjAwMDAwMDAwMDAwfSwic2NoZW1hX3ZlcnNpb24iOiIxIn0=",
          "dependencies": [
            "aws_iam_role.eks_cluster",
            "aws_iam_role_policy_attachment.eks_cluster_policy",
            "aws_iam_role_policy_attachment.eks_vpc_resource_controller",
            "aws_subnet.shared_private",
            "aws_subnet.tenant_dedicated",
            "aws_vpc.poc_isolated",
            "data.aws_availability_zones.available"
          ]
        }
      ]
    },
    {
      "mode": "managed",
      "type": "aws_eks_node_group",
      "name": "shared_general",
      "provider": "provider[\"registry.terraform.io/hashicorp/aws\"]",
      "instances": [
        {
          "schema_version": 0,
          "attributes": {
            "ami_type": "AL2_ARM_64",
            "arn": "arn:aws:eks:us-west-2:665832050599:nodegroup/multitenant-ai-poc-poc-shared-cluster/shared-general-nodes/82cccba8-f577-66d0-0392-537e82de3e72",
            "capacity_type": "ON_DEMAND",
            "cluster_name": "multitenant-ai-poc-poc-shared-cluster",
            "disk_size": 50,
            "force_update_version": null,
            "id": "multitenant-ai-poc-poc-shared-cluster:shared-general-nodes",
            "instance_types": [
              "t4g.small",
              "t4g.micro"
            ],
            "labels": {
              "node-type": "on-demand",
              "workload-type": "shared-general"
            },
            "launch_template": [],
            "node_group_name": "shared-general-nodes",
            "node_group_name_prefix": "",
            "node_repair_config": [],
            "node_role_arn": "arn:aws:iam::665832050599:role/multitenant-ai-poc-poc-eks-node-group-role",
            "release_version": "1.28.15-20250920",
            "remote_access": [],
            "resources": [
              {
                "autoscaling_groups": [
                  {
                    "name": "eks-shared-general-nodes-82cccba8-f577-66d0-0392-537e82de3e72"
                  }
                ],
                "remote_access_security_group_id": ""
              }
            ],
            "scaling_config": [
              {
                "desired_size": 1,
                "max_size": 3,
                "min_size": 1
              }
            ],
            "status": "ACTIVE",
            "subnet_ids": [
              "subnet-0500891f4e55871fa",
              "subnet-0dab7b9a9956fd606"
            ],
            "tags": {
              "Name": "multitenant-ai-poc-shared-general-nodes"
            },
            "tags_all": {
              "Name": "multitenant-ai-poc-shared-general-nodes"
            },
            "taint": [],
            "timeouts": null,
            "update_config": [
              {
                "max_unavailable": 1,
                "max_unavailable_percentage": 0
              }
            ],
            "version": "1.28"
          },
          "sensitive_attributes": [],
          "private": "eyJlMmJmYjczMC1lY2FhLTExZTYtOGY4OC0zNDM2M2JjN2M0YzAiOnsiY3JlYXRlIjozNjAwMDAwMDAwMDAwLCJkZWxldGUiOjM2MDAwMDAwMDAwMDAsInVwZGF0ZSI6MzYwMDAwMDAwMDAwMH19",
          "dependencies": [
            "aws_eks_cluster.poc_shared",
            "aws_iam_role.eks_cluster",
            "aws_iam_role.eks_node_group",
            "aws_iam_role_policy_attachment.eks_cluster_policy",
            "aws_iam_role_policy_attachment.eks_cni_policy",
            "aws_iam_role_policy_attachment.eks_container_registry_read_only",
            "aws_iam_role_policy_attachment.eks_vpc_resource_controller",
            "aws_iam_role_policy_attachment.eks_worker_node_policy",
            "aws_subnet.shared_private",
            "aws_vpc.poc_isolated",
            "data.aws_availability_zones.available"
          ]
        }
      ]
    },
    {
      "mode": "managed",
      "type": "aws_eks_node_group",
      "name": "shared_general_autoscaling",
      "provider": "provider[\"registry.terraform.io/hashicorp/aws\"]",
      "instances": [
        {
          "schema_version": 0,
          "attributes": {
            "ami_type": "AL2_ARM_64",
            "arn": "arn:aws:eks:us-west-2:665832050599:nodegroup/multitenant-ai-poc-poc-shared-cluster/shared-general-autoscaling/80cccba9-15ed-67ff-7b8b-1bad14626596",
            "capacity_type": "ON_DEMAND",
            "cluster_name": "multitenant-ai-poc-poc-shared-cluster",
            "disk_size": 50,
            "force_update_version": null,
            "id": "multitenant-ai-poc-poc-shared-cluster:shared-general-autoscaling",
            "instance_types": [
              "t4g.small",
              "t4g.micro"
            ],
            "labels": {
              "autoscaling": "enabled",
              "node-type": "on-demand",
              "workload-type": "shared-general"
            },
            "launch_template": [],
            "node_group_name": "shared-general-autoscaling",
            "node_group_name_prefix": "",
            "node_repair_config": [],
            "node_role_arn": "arn:aws:iam::665832050599:role/multitenant-ai-poc-poc-eks-node-group-role",
            "release_version": "1.28.15-20250920",
            "remote_access": [],
            "resources": [
              {
                "autoscaling_groups": [
                  {
                    "name": "eks-shared-general-autoscaling-80cccba9-15ed-67ff-7b8b-1bad14626596"
                  }
                ],
                "remote_access_security_group_id": ""
              }
            ],
            "scaling_config": [
              {
                "desired_size": 0,
                "max_size": 5,
                "min_size": 0
              }
            ],
            "status": "ACTIVE",
            "subnet_ids": [
              "subnet-0500891f4e55871fa",
              "subnet-0dab7b9a9956fd606"
            ],
            "tags": {
              "Name": "multitenant-ai-poc-shared-general-autoscaling"
            },
            "tags_all": {
              "Name": "multitenant-ai-poc-shared-general-autoscaling"
            },
            "taint": [
              {
                "effect": "NO_SCHEDULE",
                "key": "dedicated",
                "value": "shared"
              }
            ],
            "timeouts": null,
            "update_config": [
              {
                "max_unavailable": 1,
                "max_unavailable_percentage": 0
              }
            ],
            "version": "1.28"
          },
          "sensitive_attributes": [],
          "private": "eyJlMmJmYjczMC1lY2FhLTExZTYtOGY4OC0zNDM2M2JjN2M0YzAiOnsiY3JlYXRlIjozNjAwMDAwMDAwMDAwLCJkZWxldGUiOjM2MDAwMDAwMDAwMDAsInVwZGF0ZSI6MzYwMDAwMDAwMDAwMH19",
          "dependencies": [
            "aws_eks_cluster.poc_shared",
            "aws_iam_role.eks_cluster",
            "aws_iam_role.eks_node_group",
            "aws_iam_role_policy_attachment.eks_cluster_policy",
            "aws_iam_role_policy_attachment.eks_cni_policy",
            "aws_iam_role_policy_attachment.eks_container_registry_read_only",
            "aws_iam_role_policy_attachment.eks_vpc_resource_controller",
            "aws_iam_role_policy_attachment.eks_worker_node_policy",
            "aws_subnet.shared_private",
            "aws_vpc.poc_isolated",
            "data.aws_availability_zones.available"
          ]
        }
      ]
    },
    {
      "mode": "managed",
      "type": "aws_eks_node_group",
      "name": "shared_gpu",
      "provider": "provider[\"registry.terraform.io/hashicorp/aws\"]",
      "instances": [
        {
          "schema_version": 0,
          "attributes": {
            "ami_type": "AL2_x86_64_GPU",
            "arn": "arn:aws:eks:us-west-2:665832050599:nodegroup/multitenant-ai-poc-poc-shared-cluster/shared-gpu-nodes/eecccb7f-b9c8-626e-f647-edae5a011785",
            "capacity_type": "ON_DEMAND",
            "cluster_name": "multitenant-ai-poc-poc-shared-cluster",
            "disk_size": 100,
            "force_update_version": null,
            "id": "multitenant-ai-poc-poc-shared-cluster:shared-gpu-nodes",
            "instance_types": [
              "g5.xlarge"
            ],
            "labels": {
              "node-type": "gpu",
              "nvidia.com/gpu": "true",
              "workload-type": "gpu-training"
            },
            "launch_template": [],
            "node_group_name": "shared-gpu-nodes",
            "node_group_name_prefix": "",
            "node_repair_config": [],
            "node_role_arn": "arn:aws:iam::665832050599:role/multitenant-ai-poc-poc-eks-node-group-role",
            "release_version": "1.28.15-20250920",
            "remote_access": [],
            "resources": [
              {
                "autoscaling_groups": [
                  {
                    "name": "eks-shared-gpu-nodes-eecccb7f-b9c8-626e-f647-edae5a011785"
                  }
                ],
                "remote_access_security_group_id": ""
              }
            ],
            "scaling_config": [
              {
                "desired_size": 0,
                "max_size": 2,
                "min_size": 0
              }
            ],
            "status": "ACTIVE",
            "subnet_ids": [
              "subnet-0500891f4e55871fa",
              "subnet-0dab7b9a9956fd606"
            ],
            "tags": {
              "Name": "multitenant-ai-poc-shared-gpu-nodes"
            },
            "tags_all": {
              "Name": "multitenant-ai-poc-shared-gpu-nodes"
            },
            "taint": [
              {
                "effect": "NO_SCHEDULE",
                "key": "gpu-training",
                "value": "true"
              }
            ],
            "timeouts": null,
            "update_config": [
              {
                "max_unavailable": 1,
                "max_unavailable_percentage": 0
              }
            ],
            "version": "1.28"
          },
          "sensitive_attributes": [],
          "private": "eyJlMmJmYjczMC1lY2FhLTExZTYtOGY4OC0zNDM2M2JjN2M0YzAiOnsiY3JlYXRlIjozNjAwMDAwMDAwMDAwLCJkZWxldGUiOjM2MDAwMDAwMDAwMDAsInVwZGF0ZSI6MzYwMDAwMDAwMDAwMH19",
          "dependencies": [
            "aws_eks_cluster.poc_shared",
            "aws_iam_role.eks_cluster",
            "aws_iam_role.eks_node_group",
            "aws_iam_role_policy_attachment.eks_cluster_policy",
            "aws_iam_role_policy_attachment.eks_cni_policy",
            "aws_iam_role_policy_attachment.eks_container_registry_read_only",
            "aws_iam_role_policy_attachment.eks_vpc_resource_controller",
            "aws_iam_role_policy_attachment.eks_worker_node_policy",
            "aws_subnet.shared_private",
            "aws_vpc.poc_isolated",
            "data.aws_availability_zones.available"
          ]
        }
      ]
    },
    {
      "mode": "managed",
      "type": "aws_eks_node_group",
      "name": "shared_gpu_autoscaling",
      "provider": "provider[\"registry.terraform.io/hashicorp/aws\"]",
      "instances": [
        {
          "schema_version": 0,
          "attributes": {
            "ami_type": "AL2_x86_64_GPU",
            "arn": "arn:aws:eks:us-west-2:665832050599:nodegroup/multitenant-ai-poc-poc-shared-cluster/shared-gpu-autoscaling/fccccb7f-b9c8-b815-d5b0-899e5e4a84c6",
            "capacity_type": "ON_DEMAND",
            "cluster_name": "multitenant-ai-poc-poc-shared-cluster",
            "disk_size": 100,
            "force_update_version": null,
            "id": "multitenant-ai-poc-poc-shared-cluster:shared-gpu-autoscaling",
            "instance_types": [
              "g5.xlarge",
              "g5.2xlarge"
            ],
            "labels": {
              "autoscaling": "enabled",
              "node-type": "gpu",
              "nvidia.com/gpu": "true",
              "workload-type": "gpu-training"
            },
            "launch_template": [],
            "node_group_name": "shared-gpu-autoscaling",
            "node_group_name_prefix": "",
            "node_repair_config": [],
            "node_role_arn": "arn:aws:iam::665832050599:role/multitenant-ai-poc-poc-eks-node-group-role",
            "release_version": "1.28.15-20250920",
            "remote_access": [],
            "resources": [
              {
                "autoscaling_groups": [
                  {
                    "name": "eks-shared-gpu-autoscaling-fccccb7f-b9c8-b815-d5b0-899e5e4a84c6"
                  }
                ],
                "remote_access_security_group_id": ""
              }
            ],
            "scaling_config": [
              {
                "desired_size": 0,
                "max_size": 3,
                "min_size": 0
              }
            ],
            "status": "ACTIVE",
            "subnet_ids": [
              "subnet-0500891f4e55871fa",
              "subnet-0dab7b9a9956fd606"
            ],
            "tags": {
              "Name": "multitenant-ai-poc-shared-gpu-autoscaling"
            },
            "tags_all": {
              "Name": "multitenant-ai-poc-shared-gpu-autoscaling"
            },
            "taint": [
              {
                "effect": "NO_SCHEDULE",
                "key": "gpu-training",
                "value": "true"
              }
            ],
            "timeouts": null,
            "update_config": [
              {
                "max_unavailable": 1,
                "max_unavailable_percentage": 0
              }
            ],
            "version": "1.28"
          },
          "sensitive_attributes": [],
          "private": "eyJlMmJmYjczMC1lY2FhLTExZTYtOGY4OC0zNDM2M2JjN2M0YzAiOnsiY3JlYXRlIjozNjAwMDAwMDAwMDAwLCJkZWxldGUiOjM2MDAwMDAwMDAwMDAsInVwZGF0ZSI6MzYwMDAwMDAwMDAwMH19",
          "dependencies": [
            "aws_eks_cluster.poc_shared",
            "aws_iam_role.eks_cluster",
            "aws_iam_role.eks_node_group",
            "aws_iam_role_policy_attachment.eks_cluster_policy",
            "aws_iam_role_policy_attachment.eks_cni_policy",
            "aws_iam_role_policy_attachment.eks_container_registry_read_only",
            "aws_iam_role_policy_attachment.eks_vpc_resource_controller",
            "aws_iam_role_policy_attachment.eks_worker_node_policy",
            "aws_subnet.shared_private",
            "aws_vpc.poc_isolated",
            "data.aws_availability_zones.available"
          ]
        }
      ]
    },
    {
      "mode": "managed",
      "type": "aws_eks_node_group",
      "name": "shared_spot_autoscaling",
      "provider": "provider[\"registry.terraform.io/hashicorp/aws\"]",
      "instances": [
        {
          "schema_version": 0,
          "attributes": {
            "ami_type": "AL2_ARM_64",
            "arn": "arn:aws:eks:us-west-2:665832050599:nodegroup/multitenant-ai-poc-poc-shared-cluster/shared-spot-autoscaling/16cccb7f-b9cb-73ba-ded8-62f823188577",
            "capacity_type": "SPOT",
            "cluster_name": "multitenant-ai-poc-poc-shared-cluster",
            "disk_size": 50,
            "force_update_version": null,
            "id": "multitenant-ai-poc-poc-shared-cluster:shared-spot-autoscaling",
            "instance_types": [
              "t4g.medium",
              "t4g.large",
              "t4g.xlarge"
            ],
            "labels": {
              "autoscaling": "enabled",
              "node-type": "spot",
              "workload-type": "shared-spot"
            },
            "launch_template": [],
            "node_group_name": "shared-spot-autoscaling",
            "node_group_name_prefix": "",
            "node_repair_config": [],
            "node_role_arn": "arn:aws:iam::665832050599:role/multitenant-ai-poc-poc-eks-node-group-role",
            "release_version": "1.28.15-20250920",
            "remote_access": [],
            "resources": [
              {
                "autoscaling_groups": [
                  {
                    "name": "eks-shared-spot-autoscaling-16cccb7f-b9cb-73ba-ded8-62f823188577"
                  }
                ],
                "remote_access_security_group_id": ""
              }
            ],
            "scaling_config": [
              {
                "desired_size": 0,
                "max_size": 10,
                "min_size": 0
              }
            ],
            "status": "ACTIVE",
            "subnet_ids": [
              "subnet-0500891f4e55871fa",
              "subnet-0dab7b9a9956fd606"
            ],
            "tags": {
              "Name": "multitenant-ai-poc-shared-spot-autoscaling"
            },
            "tags_all": {
              "Name": "multitenant-ai-poc-shared-spot-autoscaling"
            },
            "taint": [
              {
                "effect": "NO_SCHEDULE",
                "key": "spot",
                "value": "true"
              }
            ],
            "timeouts": null,
            "update_config": [
              {
                "max_unavailable": 1,
                "max_unavailable_percentage": 0
              }
            ],
            "version": "1.28"
          },
          "sensitive_attributes": [],
          "private": "eyJlMmJmYjczMC1lY2FhLTExZTYtOGY4OC0zNDM2M2JjN2M0YzAiOnsiY3JlYXRlIjozNjAwMDAwMDAwMDAwLCJkZWxldGUiOjM2MDAwMDAwMDAwMDAsInVwZGF0ZSI6MzYwMDAwMDAwMDAwMH19",
          "dependencies": [
            "aws_eks_cluster.poc_shared",
            "aws_iam_role.eks_cluster",
            "aws_iam_role.eks_node_group",
            "aws_iam_role_policy_attachment.eks_cluster_policy",
            "aws_iam_role_policy_attachment.eks_cni_policy",
            "aws_iam_role_policy_attachment.eks_container_registry_read_only",
            "aws_iam_role_policy_attachment.eks_vpc_resource_controller",
            "aws_iam_role_policy_attachment.eks_worker_node_policy",
            "aws_subnet.shared_private",
            "aws_vpc.poc_isolated",
            "data.aws_availability_zones.available"
          ]
        }
      ]
    },
    {
      "mode": "managed",
      "type": "aws_eks_node_group",
      "name": "tenant_dedicated",
      "provider": "provider[\"registry.terraform.io/hashicorp/aws\"]",
      "instances": [
        {
          "index_key": 0,
          "status": "tainted",
          "schema_version": 0,
          "attributes": {
            "ami_type": "AL2_ARM_64",
            "arn": null,
            "capacity_type": "ON_DEMAND",
            "cluster_name": "multitenant-ai-poc-tenant-1-cluster",
            "disk_size": 50,
            "force_update_version": null,
            "id": "multitenant-ai-poc-tenant-1-cluster:tenant-1-nodes",
            "instance_types": [
              "t4g.medium"
            ],
            "labels": {
              "node-type": "on-demand",
              "tenant": "tenant-1",
              "workload-type": "tenant-dedicated"
            },
            "launch_template": [],
            "node_group_name": "tenant-1-nodes",
            "node_group_name_prefix": null,
            "node_repair_config": null,
            "node_role_arn": "arn:aws:iam::665832050599:role/multitenant-ai-poc-poc-eks-node-group-role",
            "release_version": null,
            "remote_access": [],
            "resources": null,
            "scaling_config": [
              {
                "desired_size": 1,
                "max_size": 2,
                "min_size": 1
              }
            ],
            "status": null,
            "subnet_ids": [
              "subnet-0c527ce26f7476749"
            ],
            "tags": {
              "Name": "multitenant-ai-poc-tenant-1-nodes",
              "Tenant": "tenant-1"
            },
            "tags_all": {
              "Name": "multitenant-ai-poc-tenant-1-nodes",
              "Tenant": "tenant-1"
            },
            "taint": [],
            "timeouts": null,
            "update_config": [
              {
                "max_unavailable": 1,
                "max_unavailable_percentage": 0
              }
            ],
            "version": null
          },
          "sensitive_attributes": [],
          "private": "eyJlMmJmYjczMC1lY2FhLTExZTYtOGY4OC0zNDM2M2JjN2M0YzAiOnsiY3JlYXRlIjozNjAwMDAwMDAwMDAwLCJkZWxldGUiOjM2MDAwMDAwMDAwMDAsInVwZGF0ZSI6MzYwMDAwMDAwMDAwMH19",
          "dependencies": [
            "aws_eks_cluster.tenant_dedicated",
            "aws_iam_role.eks_cluster",
            "aws_iam_role.eks_node_group",
            "aws_iam_role_policy_attachment.eks_cluster_policy",
            "aws_iam_role_policy_attachment.eks_cni_policy",
            "aws_iam_role_policy_attachment.eks_container_registry_read_only",
            "aws_iam_role_policy_attachment.eks_vpc_resource_controller",
            "aws_iam_role_policy_attachment.eks_worker_node_policy",
            "aws_subnet.shared_private",
            "aws_subnet.tenant_dedicated",
            "aws_vpc.poc_isolated",
            "data.aws_availability_zones.available"
          ]
        },
        {
          "index_key": 1,
          "status": "tainted",
          "schema_version": 0,
          "attributes": {
            "ami_type": "AL2_ARM_64",
            "arn": null,
            "capacity_type": "ON_DEMAND",
            "cluster_name": "multitenant-ai-poc-tenant-2-cluster",
            "disk_size": 50,
            "force_update_version": null,
            "id": "multitenant-ai-poc-tenant-2-cluster:tenant-2-nodes",
            "instance_types": [
              "t4g.medium"
            ],
            "labels": {
              "node-type": "on-demand",
              "tenant": "tenant-2",
              "workload-type": "tenant-dedicated"
            },
            "launch_template": [],
            "node_group_name": "tenant-2-nodes",
            "node_group_name_prefix": null,
            "node_repair_config": null,
            "node_role_arn": "arn:aws:iam::665832050599:role/multitenant-ai-poc-poc-eks-node-group-role",
            "release_version": null,
            "remote_access": [],
            "resources": null,
            "scaling_config": [
              {
                "desired_size": 1,
                "max_size": 2,
                "min_size": 1
              }
            ],
            "status": null,
            "subnet_ids": [
              "subnet-08752e1ee6513a466"
            ],
            "tags": {
              "Name": "multitenant-ai-poc-tenant-2-nodes",
              "Tenant": "tenant-2"
            },
            "tags_all": {
              "Name": "multitenant-ai-poc-tenant-2-nodes",
              "Tenant": "tenant-2"
            },
            "taint": [],
            "timeouts": null,
            "update_config": [
              {
                "max_unavailable": 1,
                "max_unavailable_percentage": 0
              }
            ],
            "version": null
          },
          "sensitive_attributes": [],
          "private": "eyJlMmJmYjczMC1lY2FhLTExZTYtOGY4OC0zNDM2M2JjN2M0YzAiOnsiY3JlYXRlIjozNjAwMDAwMDAwMDAwLCJkZWxldGUiOjM2MDAwMDAwMDAwMDAsInVwZGF0ZSI6MzYwMDAwMDAwMDAwMH19",
          "dependencies": [
            "aws_eks_cluster.tenant_dedicated",
            "aws_iam_role.eks_cluster",
            "aws_iam_role.eks_node_group",
            "aws_iam_role_policy_attachment.eks_cluster_policy",
            "aws_iam_role_policy_attachment.eks_cni_policy",
            "aws_iam_role_policy_attachment.eks_container_registry_read_only",
            "aws_iam_role_policy_attachment.eks_vpc_resource_controller",
            "aws_iam_role_policy_attachment.eks_worker_node_policy",
            "aws_subnet.shared_private",
            "aws_subnet.tenant_dedicated",
            "aws_vpc.poc_isolated",
            "data.aws_availability_zones.available"
          ]
        }
      ]
    },
    {
      "mode": "managed",
      "type": "aws_eks_node_group",
      "name": "tenant_dedicated_autoscaling",
      "provider": "provider[\"registry.terraform.io/hashicorp/aws\"]",
      "instances": [
        {
          "index_key": 0,
          "schema_version": 0,
          "attributes": {
            "ami_type": "AL2_ARM_64",
            "arn": "arn:aws:eks:us-west-2:665832050599:nodegroup/multitenant-ai-poc-tenant-1-cluster/tenant-1-autoscaling/82cccbb2-8f4c-fbf0-3b5b-2a67aedec20e",
            "capacity_type": "ON_DEMAND",
            "cluster_name": "multitenant-ai-poc-tenant-1-cluster",
            "disk_size": 50,
            "force_update_version": null,
            "id": "multitenant-ai-poc-tenant-1-cluster:tenant-1-autoscaling",
            "instance_types": [
              "t4g.small",
              "t4g.micro"
            ],
            "labels": {
              "autoscaling": "enabled",
              "node-type": "on-demand",
              "tenant": "tenant-1",
              "workload-type": "tenant-dedicated"
            },
            "launch_template": [],
            "node_group_name": "tenant-1-autoscaling",
            "node_group_name_prefix": "",
            "node_repair_config": [],
            "node_role_arn": "arn:aws:iam::665832050599:role/multitenant-ai-poc-poc-eks-node-group-role",
            "release_version": "1.28.15-20250920",
            "remote_access": [],
            "resources": [
              {
                "autoscaling_groups": [
                  {
                    "name": "eks-tenant-1-autoscaling-82cccbb2-8f4c-fbf0-3b5b-2a67aedec20e"
                  }
                ],
                "remote_access_security_group_id": ""
              }
            ],
            "scaling_config": [
              {
                "desired_size": 0,
                "max_size": 3,
                "min_size": 0
              }
            ],
            "status": "ACTIVE",
            "subnet_ids": [
              "subnet-0c527ce26f7476749"
            ],
            "tags": {
              "Name": "multitenant-ai-poc-tenant-1-autoscaling",
              "Tenant": "tenant-1"
            },
            "tags_all": {
              "Name": "multitenant-ai-poc-tenant-1-autoscaling",
              "Tenant": "tenant-1"
            },
            "taint": [],
            "timeouts": null,
            "update_config": [
              {
                "max_unavailable": 1,
                "max_unavailable_percentage": 0
              }
            ],
            "version": "1.28"
          },
          "sensitive_attributes": [],
          "private": "eyJlMmJmYjczMC1lY2FhLTExZTYtOGY4OC0zNDM2M2JjN2M0YzAiOnsiY3JlYXRlIjozNjAwMDAwMDAwMDAwLCJkZWxldGUiOjM2MDAwMDAwMDAwMDAsInVwZGF0ZSI6MzYwMDAwMDAwMDAwMH19",
          "dependencies": [
            "aws_eks_cluster.tenant_dedicated",
            "aws_iam_role.eks_cluster",
            "aws_iam_role.eks_node_group",
            "aws_iam_role_policy_attachment.eks_cluster_policy",
            "aws_iam_role_policy_attachment.eks_cni_policy",
            "aws_iam_role_policy_attachment.eks_container_registry_read_only",
            "aws_iam_role_policy_attachment.eks_vpc_resource_controller",
            "aws_iam_role_policy_attachment.eks_worker_node_policy",
            "aws_subnet.shared_private",
            "aws_subnet.tenant_dedicated",
            "aws_vpc.poc_isolated",
            "data.aws_availability_zones.available"
          ]
        },
        {
          "index_key": 1,
          "schema_version": 0,
          "attributes": {
            "ami_type": "AL2_ARM_64",
            "arn": "arn:aws:eks:us-west-2:665832050599:nodegroup/multitenant-ai-poc-tenant-2-cluster/tenant-2-autoscaling/eacccbb2-8f80-6148-991f-d296dc7d2cd9",
            "capacity_type": "ON_DEMAND",
            "cluster_name": "multitenant-ai-poc-tenant-2-cluster",
            "disk_size": 50,
            "force_update_version": null,
            "id": "multitenant-ai-poc-tenant-2-cluster:tenant-2-autoscaling",
            "instance_types": [
              "t4g.small",
              "t4g.micro"
            ],
            "labels": {
              "autoscaling": "enabled",
              "node-type": "on-demand",
              "tenant": "tenant-2",
              "workload-type": "tenant-dedicated"
            },
            "launch_template": [],
            "node_group_name": "tenant-2-autoscaling",
            "node_group_name_prefix": "",
            "node_repair_config": [],
            "node_role_arn": "arn:aws:iam::665832050599:role/multitenant-ai-poc-poc-eks-node-group-role",
            "release_version": "1.28.15-20250920",
            "remote_access": [],
            "resources": [
              {
                "autoscaling_groups": [
                  {
                    "name": "eks-tenant-2-autoscaling-eacccbb2-8f80-6148-991f-d296dc7d2cd9"
                  }
                ],
                "remote_access_security_group_id": ""
              }
            ],
            "scaling_config": [
              {
                "desired_size": 0,
                "max_size": 3,
                "min_size": 0
              }
            ],
            "status": "ACTIVE",
            "subnet_ids": [
              "subnet-08752e1ee6513a466"
            ],
            "tags": {
              "Name": "multitenant-ai-poc-tenant-2-autoscaling",
              "Tenant": "tenant-2"
            },
            "tags_all": {
              "Name": "multitenant-ai-poc-tenant-2-autoscaling",
              "Tenant": "tenant-2"
            },
            "taint": [],
            "timeouts": null,
            "update_config": [
              {
                "max_unavailable": 1,
                "max_unavailable_percentage": 0
              }
            ],
            "version": "1.28"
          },
          "sensitive_attributes": [],
          "private": "eyJlMmJmYjczMC1lY2FhLTExZTYtOGY4OC0zNDM2M2JjN2M0YzAiOnsiY3JlYXRlIjozNjAwMDAwMDAwMDAwLCJkZWxldGUiOjM2MDAwMDAwMDAwMDAsInVwZGF0ZSI6MzYwMDAwMDAwMDAwMH19",
          "dependencies": [
            "aws_eks_cluster.tenant_dedicated",
            "aws_iam_role.eks_cluster",
            "aws_iam_role.eks_node_group",
            "aws_iam_role_policy_attachment.eks_cluster_policy",
            "aws_iam_role_policy_attachment.eks_cni_policy",
            "aws_iam_role_policy_attachment.eks_container_registry_read_only",
            "aws_iam_role_policy_attachment.eks_vpc_resource_controller",
            "aws_iam_role_policy_attachment.eks_worker_node_policy",
            "aws_subnet.shared_private",
            "aws_subnet.tenant_dedicated",
            "aws_vpc.poc_isolated",
            "data.aws_availability_zones.available"
          ]
        }
      ]
    },
    {
      "mode": "managed",
      "type": "aws_elasticache_replication_group",
      "name": "main",
      "provider": "provider[\"registry.terraform.io/hashicorp/aws\"]",
      "instances": [
        {
          "schema_version": 2,
          "attributes": {
            "apply_immediately": null,
            "arn": "arn:aws:elasticache:us-west-2:665832050599:replicationgroup:multitenant-ai-poc-redis",
            "at_rest_encryption_enabled": "true",
            "auth_token": "",
            "auth_token_update_strategy": "ROTATE",
            "auto_minor_version_upgrade": "true",
            "automatic_failover_enabled": false,
            "cluster_enabled": false,
            "cluster_mode": "disabled",
            "configuration_endpoint_address": null,
            "data_tiering_enabled": false,
            "description": "Redis cluster for caching and session storage",
            "engine": "redis",
            "engine_version": "7.1",
            "engine_version_actual": "7.1.0",
            "final_snapshot_identifier": null,
            "global_replication_group_id": null,
            "id": "multitenant-ai-poc-redis",
            "ip_discovery": "ipv4",
            "kms_key_id": "",
            "log_delivery_configuration": [],
            "maintenance_window": "mon:11:30-mon:12:30",
            "member_clusters": [
              "multitenant-ai-poc-redis-001",
              "multitenant-ai-poc-redis-002"
            ],
            "multi_az_enabled": false,
            "network_type": "ipv4",
            "node_type": "cache.t4g.micro",
            "notification_topic_arn": null,
            "num_cache_clusters": 2,
            "num_node_groups": 1,
            "parameter_group_name": "default.redis7",
            "port": 6379,
            "preferred_cache_cluster_azs": null,
            "primary_endpoint_address": "master.multitenant-ai-poc-redis.sbkyjf.usw2.cache.amazonaws.com",
            "reader_endpoint_address": "replica.multitenant-ai-poc-redis.sbkyjf.usw2.cache.amazonaws.com",
            "replicas_per_node_group": 1,
            "replication_group_id": "multitenant-ai-poc-redis",
            "security_group_ids": [
              "sg-0d9b7d2bbd0c98d02"
            ],
            "security_group_names": [],
            "snapshot_arns": null,
            "snapshot_name": null,
            "snapshot_retention_limit": 0,
            "snapshot_window": "07:00-08:00",
            "subnet_group_name": "multitenant-ai-poc-cache-subnet",
            "tags": {
              "Name": "multitenant-ai-poc-redis"
            },
            "tags_all": {
              "Name": "multitenant-ai-poc-redis"
            },
            "timeouts": null,
            "transit_encryption_enabled": true,
            "transit_encryption_mode": "required",
            "user_group_ids": []
          },
          "sensitive_attributes": [],
          "private": "eyJlMmJmYjczMC1lY2FhLTExZTYtOGY4OC0zNDM2M2JjN2M0YzAiOnsiY3JlYXRlIjozNjAwMDAwMDAwMDAwLCJkZWxldGUiOjI3MDAwMDAwMDAwMDAsInVwZGF0ZSI6MjQwMDAwMDAwMDAwMH0sInNjaGVtYV92ZXJzaW9uIjoiMiJ9",
          "dependencies": [
            "aws_elasticache_subnet_group.main",
            "aws_security_group.alb",
            "aws_security_group.ecs",
            "aws_security_group.redis",
            "aws_subnet.private",
            "aws_vpc.main",
            "data.aws_availability_zones.available"
          ]
        }
      ]
    },
    {
      "mode": "managed",
      "type": "aws_elasticache_replication_group",
      "name": "tenant_dedicated",
      "provider": "provider[\"registry.terraform.io/hashicorp/aws\"]",
      "instances": [
        {
          "index_key": 0,
          "schema_version": 2,
          "attributes": {
            "apply_immediately": null,
            "arn": "arn:aws:elasticache:us-west-2:665832050599:replicationgroup:multitenant-ai-poc-tenant-1-redis",
            "at_rest_encryption_enabled": "true",
            "auth_token": "Tenant1RedisPass123!",
            "auth_token_update_strategy": "ROTATE",
            "auto_minor_version_upgrade": "true",
            "automatic_failover_enabled": false,
            "cluster_enabled": false,
            "cluster_mode": "disabled",
            "configuration_endpoint_address": null,
            "data_tiering_enabled": false,
            "description": "Dedicated Redis for tenant 1",
            "engine": "redis",
            "engine_version": "7.1",
            "engine_version_actual": "7.1.0",
            "final_snapshot_identifier": null,
            "global_replication_group_id": null,
            "id": "multitenant-ai-poc-tenant-1-redis",
            "ip_discovery": "ipv4",
            "kms_key_id": "",
            "log_delivery_configuration": [],
            "maintenance_window": "tue:10:30-tue:11:30",
            "member_clusters": [
              "multitenant-ai-poc-tenant-1-redis-001"
            ],
            "multi_az_enabled": false,
            "network_type": "ipv4",
            "node_type": "cache.t4g.micro",
            "notification_topic_arn": null,
            "num_cache_clusters": 1,
            "num_node_groups": 1,
            "parameter_group_name": "default.redis7",
            "port": 6379,
            "preferred_cache_cluster_azs": null,
            "primary_endpoint_address": "master.multitenant-ai-poc-tenant-1-redis.sbkyjf.usw2.cache.amazonaws.com",
            "reader_endpoint_address": "replica.multitenant-ai-poc-tenant-1-redis.sbkyjf.usw2.cache.amazonaws.com",
            "replicas_per_node_group": 0,
            "replication_group_id": "multitenant-ai-poc-tenant-1-redis",
            "security_group_ids": [
              "sg-0990ad8a9bc7bed96"
            ],
            "security_group_names": [],
            "snapshot_arns": null,
            "snapshot_name": null,
            "snapshot_retention_limit": 1,
            "snapshot_window": "03:00-05:00",
            "subnet_group_name": "multitenant-ai-poc-tenant-1-cache-subnet",
            "tags": {
              "DataIsolation": "strict",
              "Name": "multitenant-ai-poc-tenant-1-redis",
              "Tenant": "tenant-1"
            },
            "tags_all": {
              "DataIsolation": "strict",
              "Name": "multitenant-ai-poc-tenant-1-redis",
              "Tenant": "tenant-1"
            },
            "timeouts": null,
            "transit_encryption_enabled": true,
            "transit_encryption_mode": "required",
            "user_group_ids": []
          },
          "sensitive_attributes": [],
          "private": "eyJlMmJmYjczMC1lY2FhLTExZTYtOGY4OC0zNDM2M2JjN2M0YzAiOnsiY3JlYXRlIjozNjAwMDAwMDAwMDAwLCJkZWxldGUiOjI3MDAwMDAwMDAwMDAsInVwZGF0ZSI6MjQwMDAwMDAwMDAwMH0sInNjaGVtYV92ZXJzaW9uIjoiMiJ9",
          "dependencies": [
            "aws_elasticache_subnet_group.tenant_dedicated",
            "aws_security_group.tenant_eks",
            "aws_security_group.tenant_redis",
            "aws_subnet.shared_private",
            "aws_subnet.tenant_dedicated",
            "aws_vpc.poc_isolated",
            "data.aws_availability_zones.available"
          ]
        },
        {
          "index_key": 1,
          "schema_version": 2,
          "attributes": {
            "apply_immediately": null,
            "arn": "arn:aws:elasticache:us-west-2:665832050599:replicationgroup:multitenant-ai-poc-tenant-2-redis",
            "at_rest_encryption_enabled": "true",
            "auth_token": "Tenant2RedisPass123!",
            "auth_token_update_strategy": "ROTATE",
            "auto_minor_version_upgrade": "true",
            "automatic_failover_enabled": false,
            "cluster_enabled": false,
            "cluster_mode": "disabled",
            "configuration_endpoint_address": null,
            "data_tiering_enabled": false,
            "description": "Dedicated Redis for tenant 2",
            "engine": "redis",
            "engine_version": "7.1",
            "engine_version_actual": "7.1.0",
            "final_snapshot_identifier": null,
            "global_replication_group_id": null,
            "id": "multitenant-ai-poc-tenant-2-redis",
            "ip_discovery": "ipv4",
            "kms_key_id": "",
            "log_delivery_configuration": [],
            "maintenance_window": "mon:12:30-mon:13:30",
            "member_clusters": [
              "multitenant-ai-poc-tenant-2-redis-001"
            ],
            "multi_az_enabled": false,
            "network_type": "ipv4",
            "node_type": "cache.t4g.micro",
            "notification_topic_arn": null,
            "num_cache_clusters": 1,
            "num_node_groups": 1,
            "parameter_group_name": "default.redis7",
            "port": 6379,
            "preferred_cache_cluster_azs": null,
            "primary_endpoint_address": "master.multitenant-ai-poc-tenant-2-redis.sbkyjf.usw2.cache.amazonaws.com",
            "reader_endpoint_address": "replica.multitenant-ai-poc-tenant-2-redis.sbkyjf.usw2.cache.amazonaws.com",
            "replicas_per_node_group": 0,
            "replication_group_id": "multitenant-ai-poc-tenant-2-redis",
            "security_group_ids": [
              "sg-04f1567bb1db7f214"
            ],
            "security_group_names": [],
            "snapshot_arns": null,
            "snapshot_name": null,
            "snapshot_retention_limit": 1,
            "snapshot_window": "03:00-05:00",
            "subnet_group_name": "multitenant-ai-poc-tenant-2-cache-subnet",
            "tags": {
              "DataIsolation": "strict",
              "Name": "multitenant-ai-poc-tenant-2-redis",
              "Tenant": "tenant-2"
            },
            "tags_all": {
              "DataIsolation": "strict",
              "Name": "multitenant-ai-poc-tenant-2-redis",
              "Tenant": "tenant-2"
            },
            "timeouts": null,
            "transit_encryption_enabled": true,
            "transit_encryption_mode": "required",
            "user_group_ids": []
          },
          "sensitive_attributes": [],
          "private": "eyJlMmJmYjczMC1lY2FhLTExZTYtOGY4OC0zNDM2M2JjN2M0YzAiOnsiY3JlYXRlIjozNjAwMDAwMDAwMDAwLCJkZWxldGUiOjI3MDAwMDAwMDAwMDAsInVwZGF0ZSI6MjQwMDAwMDAwMDAwMH0sInNjaGVtYV92ZXJzaW9uIjoiMiJ9",
          "dependencies": [
            "aws_elasticache_subnet_group.tenant_dedicated",
            "aws_security_group.tenant_eks",
            "aws_security_group.tenant_redis",
            "aws_subnet.shared_private",
            "aws_subnet.tenant_dedicated",
            "aws_vpc.poc_isolated",
            "data.aws_availability_zones.available"
          ]
        }
      ]
    },
    {
      "mode": "managed",
      "type": "aws_elasticache_subnet_group",
      "name": "main",
      "provider": "provider[\"registry.terraform.io/hashicorp/aws\"]",
      "instances": [
        {
          "schema_version": 0,
          "attributes": {
            "arn": "arn:aws:elasticache:us-west-2:665832050599:subnetgroup:multitenant-ai-poc-cache-subnet",
            "description": "Managed by Terraform",
            "id": "multitenant-ai-poc-cache-subnet",
            "name": "multitenant-ai-poc-cache-subnet",
            "subnet_ids": [
              "subnet-03ea1eb7dcdd58c92",
              "subnet-05c6ace803abfb1ac"
            ],
            "tags": {},
            "tags_all": {},
            "vpc_id": "vpc-05e62cd728f70c2a9"
          },
          "sensitive_attributes": [],
          "private": "bnVsbA==",
          "dependencies": [
            "aws_subnet.private",
            "aws_vpc.main",
            "data.aws_availability_zones.available"
          ]
        }
      ]
    },
    {
      "mode": "managed",
      "type": "aws_elasticache_subnet_group",
      "name": "tenant_dedicated",
      "provider": "provider[\"registry.terraform.io/hashicorp/aws\"]",
      "instances": [
        {
          "index_key": 0,
          "schema_version": 0,
          "attributes": {
            "arn": "arn:aws:elasticache:us-west-2:665832050599:subnetgroup:multitenant-ai-poc-tenant-1-cache-subnet",
            "description": "Managed by Terraform",
            "id": "multitenant-ai-poc-tenant-1-cache-subnet",
            "name": "multitenant-ai-poc-tenant-1-cache-subnet",
            "subnet_ids": [
              "subnet-0c527ce26f7476749",
              "subnet-0dab7b9a9956fd606"
            ],
            "tags": {
              "Name": "multitenant-ai-poc-tenant-1-cache-subnet",
              "Tenant": "tenant-1"
            },
            "tags_all": {
              "Name": "multitenant-ai-poc-tenant-1-cache-subnet",
              "Tenant": "tenant-1"
            },
            "vpc_id": "vpc-02192da0fc1a7dd84"
          },
          "sensitive_attributes": [],
          "private": "bnVsbA==",
          "dependencies": [
            "aws_subnet.shared_private",
            "aws_subnet.tenant_dedicated",
            "aws_vpc.poc_isolated",
            "data.aws_availability_zones.available"
          ]
        },
        {
          "index_key": 1,
          "schema_version": 0,
          "attributes": {
            "arn": "arn:aws:elasticache:us-west-2:665832050599:subnetgroup:multitenant-ai-poc-tenant-2-cache-subnet",
            "description": "Managed by Terraform",
            "id": "multitenant-ai-poc-tenant-2-cache-subnet",
            "name": "multitenant-ai-poc-tenant-2-cache-subnet",
            "subnet_ids": [
              "subnet-0500891f4e55871fa",
              "subnet-08752e1ee6513a466"
            ],
            "tags": {
              "Name": "multitenant-ai-poc-tenant-2-cache-subnet",
              "Tenant": "tenant-2"
            },
            "tags_all": {
              "Name": "multitenant-ai-poc-tenant-2-cache-subnet",
              "Tenant": "tenant-2"
            },
            "vpc_id": "vpc-02192da0fc1a7dd84"
          },
          "sensitive_attributes": [],
          "private": "bnVsbA==",
          "dependencies": [
            "aws_subnet.shared_private",
            "aws_subnet.tenant_dedicated",
            "aws_vpc.poc_isolated",
            "data.aws_availability_zones.available"
          ]
        }
      ]
    },
    {
      "mode": "managed",
      "type": "aws_iam_policy",
      "name": "cluster_autoscaler",
      "provider": "provider[\"registry.terraform.io/hashicorp/aws\"]",
      "instances": [
        {
          "schema_version": 0,
          "attributes": {
            "arn": "arn:aws:iam::665832050599:policy/multitenant-ai-poc-cluster-autoscaler-policy",
            "attachment_count": 1,
            "description": "Policy for Cluster Autoscaler",
            "id": "arn:aws:iam::665832050599:policy/multitenant-ai-poc-cluster-autoscaler-policy",
            "name": "multitenant-ai-poc-cluster-autoscaler-policy",
            "name_prefix": "",
            "path": "/",
            "policy": "{\"Statement\":[{\"Action\":[\"autoscaling:DescribeAutoScalingGroups\",\"autoscaling:DescribeAutoScalingInstances\",\"autoscaling:DescribeLaunchConfigurations\",\"autoscaling:DescribeScalingActivities\",\"autoscaling:DescribeTags\",\"ec2:DescribeInstanceTypes\",\"ec2:DescribeLaunchTemplateVersions\"],\"Effect\":\"Allow\",\"Resource\":\"*\"},{\"Action\":[\"autoscaling:SetDesiredCapacity\",\"autoscaling:TerminateInstanceInAutoScalingGroup\",\"ec2:DescribeImages\",\"ec2:GetInstanceTypesFromInstanceRequirements\",\"eks:DescribeNodegroup\"],\"Effect\":\"Allow\",\"Resource\":\"*\"}],\"Version\":\"2012-10-17\"}",
            "policy_id": "ANPAZWBVOZ6TT34E45X6N",
            "tags": {},
            "tags_all": {}
          },
          "sensitive_attributes": [],
          "private": "bnVsbA=="
        }
      ]
    },
    {
      "mode": "managed",
      "type": "aws_iam_policy",
      "name": "karpenter_controller",
      "provider": "provider[\"registry.terraform.io/hashicorp/aws\"]",
      "instances": [
        {
          "schema_version": 0,
          "attributes": {
            "arn": "arn:aws:iam::665832050599:policy/multitenant-ai-poc-karpenter-controller-policy",
            "attachment_count": 1,
            "description": "Policy for Karpenter controller",
            "id": "arn:aws:iam::665832050599:policy/multitenant-ai-poc-karpenter-controller-policy",
            "name": "multitenant-ai-poc-karpenter-controller-policy",
            "name_prefix": "",
            "path": "/",
            "policy": "{\"Statement\":[{\"Action\":[\"ec2:CreateFleet\",\"ec2:CreateLaunchTemplate\",\"ec2:CreateTags\",\"ec2:DescribeAvailabilityZones\",\"ec2:DescribeImages\",\"ec2:DescribeInstances\",\"ec2:DescribeInstanceTypeOfferings\",\"ec2:DescribeInstanceTypes\",\"ec2:DescribeLaunchTemplates\",\"ec2:DescribeSecurityGroups\",\"ec2:DescribeSpotPriceHistory\",\"ec2:DescribeSubnets\",\"ec2:DeleteLaunchTemplate\",\"ec2:RunInstances\",\"ec2:TerminateInstances\",\"iam:PassRole\",\"pricing:GetProducts\",\"ssm:GetParameter\"],\"Effect\":\"Allow\",\"Resource\":\"*\"}],\"Version\":\"2012-10-17\"}",
            "policy_id": "ANPAZWBVOZ6TZOFB7V65C",
            "tags": {},
            "tags_all": {}
          },
          "sensitive_attributes": [],
          "private": "bnVsbA=="
        }
      ]
    },
    {
      "mode": "managed",
      "type": "aws_iam_role",
      "name": "cluster_autoscaler",
      "provider": "provider[\"registry.terraform.io/hashicorp/aws\"]",
      "instances": [
        {
          "schema_version": 0,
          "attributes": {
            "arn": "arn:aws:iam::665832050599:role/multitenant-ai-poc-cluster-autoscaler-role",
            "assume_role_policy": "{\"Statement\":[{\"Action\":\"sts:AssumeRole\",\"Effect\":\"Allow\",\"Principal\":{\"Service\":\"eks.amazonaws.com\"}}],\"Version\":\"2012-10-17\"}",
            "create_date": "2025-09-29T19:32:09Z",
            "description": "",
            "force_detach_policies": false,
            "id": "multitenant-ai-poc-cluster-autoscaler-role",
            "inline_policy": [],
            "managed_policy_arns": [
              "arn:aws:iam::665832050599:policy/multitenant-ai-poc-cluster-autoscaler-policy"
            ],
            "max_session_duration": 3600,
            "name": "multitenant-ai-poc-cluster-autoscaler-role",
            "name_prefix": "",
            "path": "/",
            "permissions_boundary": "",
            "tags": {},
            "tags_all": {},
            "unique_id": "AROAZWBVOZ6T6WAZIE7AS"
          },
          "sensitive_attributes": [],
          "private": "bnVsbA=="
        }
      ]
    },
    {
      "mode": "managed",
      "type": "aws_iam_role",
      "name": "ecs_execution_role",
      "provider": "provider[\"registry.terraform.io/hashicorp/aws\"]",
      "instances": [
        {
          "schema_version": 0,
          "attributes": {
            "arn": "arn:aws:iam::665832050599:role/multitenant-ai-poc-ecs-execution-role",
            "assume_role_policy": "{\"Statement\":[{\"Action\":\"sts:AssumeRole\",\"Effect\":\"Allow\",\"Principal\":{\"Service\":\"ecs-tasks.amazonaws.com\"}}],\"Version\":\"2012-10-17\"}",
            "create_date": "2025-09-29T19:32:08Z",
            "description": "",
            "force_detach_policies": false,
            "id": "multitenant-ai-poc-ecs-execution-role",
            "inline_policy": [],
            "managed_policy_arns": [
              "arn:aws:iam::aws:policy/service-role/AmazonECSTaskExecutionRolePolicy"
            ],
            "max_session_duration": 3600,
            "name": "multitenant-ai-poc-ecs-execution-role",
            "name_prefix": "",
            "path": "/",
            "permissions_boundary": "",
            "tags": {},
            "tags_all": {},
            "unique_id": "AROAZWBVOZ6T7LZDAXABU"
          },
          "sensitive_attributes": [],
          "private": "bnVsbA=="
        }
      ]
    },
    {
      "mode": "managed",
      "type": "aws_iam_role",
      "name": "ecs_task_role",
      "provider": "provider[\"registry.terraform.io/hashicorp/aws\"]",
      "instances": [
        {
          "schema_version": 0,
          "attributes": {
            "arn": "arn:aws:iam::665832050599:role/multitenant-ai-poc-ecs-task-role",
            "assume_role_policy": "{\"Statement\":[{\"Action\":\"sts:AssumeRole\",\"Effect\":\"Allow\",\"Principal\":{\"Service\":\"ecs-tasks.amazonaws.com\"}}],\"Version\":\"2012-10-17\"}",
            "create_date": "2025-09-29T19:32:08Z",
            "description": "",
            "force_detach_policies": false,
            "id": "multitenant-ai-poc-ecs-task-role",
            "inline_policy": [
              {
                "name": "multitenant-ai-poc-ecs-task-policy",
                "policy": "{\"Version\":\"2012-10-17\",\"Statement\":[{\"Action\":[\"bedrock:InvokeModel\",\"bedrock:InvokeModelWithResponseStream\"],\"Effect\":\"Allow\",\"Resource\":\"*\"}]}"
              }
            ],
            "managed_policy_arns": [],
            "max_session_duration": 3600,
            "name": "multitenant-ai-poc-ecs-task-role",
            "name_prefix": "",
            "path": "/",
            "permissions_boundary": "",
            "tags": {},
            "tags_all": {},
            "unique_id": "AROAZWBVOZ6TYTXETKYDC"
          },
          "sensitive_attributes": [],
          "private": "bnVsbA=="
        }
      ]
    },
    {
      "mode": "managed",
      "type": "aws_iam_role",
      "name": "eks_cluster",
      "provider": "provider[\"registry.terraform.io/hashicorp/aws\"]",
      "instances": [
        {
          "schema_version": 0,
          "attributes": {
            "arn": "arn:aws:iam::665832050599:role/multitenant-ai-poc-poc-eks-cluster-role",
            "assume_role_policy": "{\"Statement\":[{\"Action\":\"sts:AssumeRole\",\"Effect\":\"Allow\",\"Principal\":{\"Service\":\"eks.amazonaws.com\"}}],\"Version\":\"2012-10-17\"}",
            "create_date": "2025-09-29T19:32:10Z",
            "description": "",
            "force_detach_policies": false,
            "id": "multitenant-ai-poc-poc-eks-cluster-role",
            "inline_policy": [],
            "managed_policy_arns": [
              "arn:aws:iam::aws:policy/AmazonEKSClusterPolicy",
              "arn:aws:iam::aws:policy/AmazonEKSVPCResourceController"
            ],
            "max_session_duration": 3600,
            "name": "multitenant-ai-poc-poc-eks-cluster-role",
            "name_prefix": "",
            "path": "/",
            "permissions_boundary": "",
            "tags": {},
            "tags_all": {},
            "unique_id": "AROAZWBVOZ6TX4BMMIXBX"
          },
          "sensitive_attributes": [],
          "private": "bnVsbA=="
        }
      ]
    },
    {
      "mode": "managed",
      "type": "aws_iam_role",
      "name": "eks_node_group",
      "provider": "provider[\"registry.terraform.io/hashicorp/aws\"]",
      "instances": [
        {
          "schema_version": 0,
          "attributes": {
            "arn": "arn:aws:iam::665832050599:role/multitenant-ai-poc-poc-eks-node-group-role",
            "assume_role_policy": "{\"Statement\":[{\"Action\":\"sts:AssumeRole\",\"Effect\":\"Allow\",\"Principal\":{\"Service\":\"ec2.amazonaws.com\"}}],\"Version\":\"2012-10-17\"}",
            "create_date": "2025-09-29T19:32:08Z",
            "description": "",
            "force_detach_policies": false,
            "id": "multitenant-ai-poc-poc-eks-node-group-role",
            "inline_policy": [],
            "managed_policy_arns": [
              "arn:aws:iam::aws:policy/AmazonEC2ContainerRegistryReadOnly",
              "arn:aws:iam::aws:policy/AmazonEKSWorkerNodePolicy",
              "arn:aws:iam::aws:policy/AmazonEKS_CNI_Policy"
            ],
            "max_session_duration": 3600,
            "name": "multitenant-ai-poc-poc-eks-node-group-role",
            "name_prefix": "",
            "path": "/",
            "permissions_boundary": "",
            "tags": {},
            "tags_all": {},
            "unique_id": "AROAZWBVOZ6TTAX3UB6OU"
          },
          "sensitive_attributes": [],
          "private": "bnVsbA=="
        }
      ]
    },
    {
      "mode": "managed",
      "type": "aws_iam_role",
      "name": "karpenter_controller",
      "provider": "provider[\"registry.terraform.io/hashicorp/aws\"]",
      "instances": [
        {
          "schema_version": 0,
          "attributes": {
            "arn": "arn:aws:iam::665832050599:role/multitenant-ai-poc-karpenter-controller",
            "assume_role_policy": "{\"Statement\":[{\"Action\":\"sts:AssumeRole\",\"Effect\":\"Allow\",\"Principal\":{\"Service\":\"ec2.amazonaws.com\"}}],\"Version\":\"2012-10-17\"}",
            "create_date": "2025-09-29T19:32:09Z",
            "description": "",
            "force_detach_policies": false,
            "id": "multitenant-ai-poc-karpenter-controller",
            "inline_policy": [],
            "managed_policy_arns": [
              "arn:aws:iam::665832050599:policy/multitenant-ai-poc-karpenter-controller-policy"
            ],
            "max_session_duration": 3600,
            "name": "multitenant-ai-poc-karpenter-controller",
            "name_prefix": "",
            "path": "/",
            "permissions_boundary": "",
            "tags": {},
            "tags_all": {},
            "unique_id": "AROAZWBVOZ6TSWIQ55QKE"
          },
          "sensitive_attributes": [],
          "private": "bnVsbA=="
        }
      ]
    },
    {
      "mode": "managed",
      "type": "aws_iam_role_policy",
      "name": "ecs_task_policy",
      "provider": "provider[\"registry.terraform.io/hashicorp/aws\"]",
      "instances": [
        {
          "schema_version": 0,
          "attributes": {
            "id": "multitenant-ai-poc-ecs-task-role:multitenant-ai-poc-ecs-task-policy",
            "name": "multitenant-ai-poc-ecs-task-policy",
            "name_prefix": "",
            "policy": "{\"Version\":\"2012-10-17\",\"Statement\":[{\"Action\":[\"bedrock:InvokeModel\",\"bedrock:InvokeModelWithResponseStream\"],\"Effect\":\"Allow\",\"Resource\":\"*\"}]}",
            "role": "multitenant-ai-poc-ecs-task-role"
          },
          "sensitive_attributes": [],
          "private": "bnVsbA==",
          "dependencies": [
            "aws_iam_role.ecs_task_role"
          ]
        }
      ]
    },
    {
      "mode": "managed",
      "type": "aws_iam_role_policy_attachment",
      "name": "cluster_autoscaler",
      "provider": "provider[\"registry.terraform.io/hashicorp/aws\"]",
      "instances": [
        {
          "schema_version": 0,
          "attributes": {
            "id": "multitenant-ai-poc-cluster-autoscaler-role-20250929193210982600000005",
            "policy_arn": "arn:aws:iam::665832050599:policy/multitenant-ai-poc-cluster-autoscaler-policy",
            "role": "multitenant-ai-poc-cluster-autoscaler-role"
          },
          "sensitive_attributes": [],
          "private": "bnVsbA==",
          "dependencies": [
            "aws_iam_policy.cluster_autoscaler",
            "aws_iam_role.cluster_autoscaler"
          ]
        }
      ]
    },
    {
      "mode": "managed",
      "type": "aws_iam_role_policy_attachment",
      "name": "ecs_execution_role_policy",
      "provider": "provider[\"registry.terraform.io/hashicorp/aws\"]",
      "instances": [
        {
          "schema_version": 0,
          "attributes": {
            "id": "multitenant-ai-poc-ecs-execution-role-20250929193210578000000003",
            "policy_arn": "arn:aws:iam::aws:policy/service-role/AmazonECSTaskExecutionRolePolicy",
            "role": "multitenant-ai-poc-ecs-execution-role"
          },
          "sensitive_attributes": [],
          "private": "bnVsbA==",
          "dependencies": [
            "aws_iam_role.ecs_execution_role"
          ]
        }
      ]
    },
    {
      "mode": "managed",
      "type": "aws_iam_role_policy_attachment",
      "name": "eks_cluster_policy",
      "provider": "provider[\"registry.terraform.io/hashicorp/aws\"]",
      "instances": [
        {
          "schema_version": 0,
          "attributes": {
            "id": "multitenant-ai-poc-poc-eks-cluster-role-20250929193211311200000007",
            "policy_arn": "arn:aws:iam::aws:policy/AmazonEKSClusterPolicy",
            "role": "multitenant-ai-poc-poc-eks-cluster-role"
          },
          "sensitive_attributes": [],
          "private": "bnVsbA==",
          "dependencies": [
            "aws_iam_role.eks_cluster"
          ]
        }
      ]
    },
    {
      "mode": "managed",
      "type": "aws_iam_role_policy_attachment",
      "name": "eks_cni_policy",
      "provider": "provider[\"registry.terraform.io/hashicorp/aws\"]",
      "instances": [
        {
          "schema_version": 0,
          "attributes": {
            "id": "multitenant-ai-poc-poc-eks-node-group-role-20250929193210011800000001",
            "policy_arn": "arn:aws:iam::aws:policy/AmazonEKS_CNI_Policy",
            "role": "multitenant-ai-poc-poc-eks-node-group-role"
          },
          "sensitive_attributes": [],
          "private": "bnVsbA==",
          "dependencies": [
            "aws_iam_role.eks_node_group"
          ]
        }
      ]
    },
    {
      "mode": "managed",
      "type": "aws_iam_role_policy_attachment",
      "name": "eks_container_registry_read_only",
      "provider": "provider[\"registry.terraform.io/hashicorp/aws\"]",
      "instances": [
        {
          "schema_version": 0,
          "attributes": {
            "id": "multitenant-ai-poc-poc-eks-node-group-role-20250929193210652200000004",
            "policy_arn": "arn:aws:iam::aws:policy/AmazonEC2ContainerRegistryReadOnly",
            "role": "multitenant-ai-poc-poc-eks-node-group-role"
          },
          "sensitive_attributes": [],
          "private": "bnVsbA==",
          "dependencies": [
            "aws_iam_role.eks_node_group"
          ]
        }
      ]
    },
    {
      "mode": "managed",
      "type": "aws_iam_role_policy_attachment",
      "name": "eks_vpc_resource_controller",
      "provider": "provider[\"registry.terraform.io/hashicorp/aws\"]",
      "instances": [
        {
          "schema_version": 0,
          "attributes": {
            "id": "multitenant-ai-poc-poc-eks-cluster-role-20250929193211405300000008",
            "policy_arn": "arn:aws:iam::aws:policy/AmazonEKSVPCResourceController",
            "role": "multitenant-ai-poc-poc-eks-cluster-role"
          },
          "sensitive_attributes": [],
          "private": "bnVsbA==",
          "dependencies": [
            "aws_iam_role.eks_cluster"
          ]
        }
      ]
    },
    {
      "mode": "managed",
      "type": "aws_iam_role_policy_attachment",
      "name": "eks_worker_node_policy",
      "provider": "provider[\"registry.terraform.io/hashicorp/aws\"]",
      "instances": [
        {
          "schema_version": 0,
          "attributes": {
            "id": "multitenant-ai-poc-poc-eks-node-group-role-20250929193210320800000002",
            "policy_arn": "arn:aws:iam::aws:policy/AmazonEKSWorkerNodePolicy",
            "role": "multitenant-ai-poc-poc-eks-node-group-role"
          },
          "sensitive_attributes": [],
          "private": "bnVsbA==",
          "dependencies": [
            "aws_iam_role.eks_node_group"
          ]
        }
      ]
    },
    {
      "mode": "managed",
      "type": "aws_iam_role_policy_attachment",
      "name": "karpenter_controller",
      "provider": "provider[\"registry.terraform.io/hashicorp/aws\"]",
      "instances": [
        {
          "schema_version": 0,
          "attributes": {
            "id": "multitenant-ai-poc-karpenter-controller-20250929193211258200000006",
            "policy_arn": "arn:aws:iam::665832050599:policy/multitenant-ai-poc-karpenter-controller-policy",
            "role": "multitenant-ai-poc-karpenter-controller"
          },
          "sensitive_attributes": [],
          "private": "bnVsbA==",
          "dependencies": [
            "aws_iam_policy.karpenter_controller",
            "aws_iam_role.karpenter_controller"
          ]
        }
      ]
    },
    {
      "mode": "managed",
      "type": "aws_internet_gateway",
      "name": "main",
      "provider": "provider[\"registry.terraform.io/hashicorp/aws\"]",
      "instances": [
        {
          "schema_version": 0,
          "attributes": {
            "arn": "arn:aws:ec2:us-west-2:665832050599:internet-gateway/igw-03d11d3d4a8937b6f",
            "id": "igw-03d11d3d4a8937b6f",
            "owner_id": "665832050599",
            "tags": {
              "Name": "multitenant-ai-poc-igw"
            },
            "tags_all": {
              "Name": "multitenant-ai-poc-igw"
            },
            "timeouts": null,
            "vpc_id": "vpc-05e62cd728f70c2a9"
          },
          "sensitive_attributes": [],
          "private": "eyJlMmJmYjczMC1lY2FhLTExZTYtOGY4OC0zNDM2M2JjN2M0YzAiOnsiY3JlYXRlIjoxMjAwMDAwMDAwMDAwLCJkZWxldGUiOjEyMDAwMDAwMDAwMDAsInVwZGF0ZSI6MTIwMDAwMDAwMDAwMH19",
          "dependencies": [
            "aws_vpc.main"
          ]
        }
      ]
    },
    {
      "mode": "managed",
      "type": "aws_internet_gateway",
      "name": "poc_isolated",
      "provider": "provider[\"registry.terraform.io/hashicorp/aws\"]",
      "instances": [
        {
          "schema_version": 0,
          "attributes": {
            "arn": "arn:aws:ec2:us-west-2:665832050599:internet-gateway/igw-084a10845d8edb6c9",
            "id": "igw-084a10845d8edb6c9",
            "owner_id": "665832050599",
            "tags": {
              "Name": "multitenant-ai-poc-poc-isolated-igw"
            },
            "tags_all": {
              "Name": "multitenant-ai-poc-poc-isolated-igw"
            },
            "timeouts": null,
            "vpc_id": "vpc-02192da0fc1a7dd84"
          },
          "sensitive_attributes": [],
          "private": "eyJlMmJmYjczMC1lY2FhLTExZTYtOGY4OC0zNDM2M2JjN2M0YzAiOnsiY3JlYXRlIjoxMjAwMDAwMDAwMDAwLCJkZWxldGUiOjEyMDAwMDAwMDAwMDAsInVwZGF0ZSI6MTIwMDAwMDAwMDAwMH19",
          "dependencies": [
            "aws_vpc.poc_isolated"
          ]
        }
      ]
    },
    {
      "mode": "managed",
      "type": "aws_kms_alias",
      "name": "tenant_keys",
      "provider": "provider[\"registry.terraform.io/hashicorp/aws\"]",
      "instances": [
        {
          "index_key": 0,
          "schema_version": 0,
          "attributes": {
            "arn": "arn:aws:kms:us-west-2:665832050599:alias/multitenant-ai-poc-tenant-1",
            "id": "alias/multitenant-ai-poc-tenant-1",
            "name": "alias/multitenant-ai-poc-tenant-1",
            "name_prefix": "",
            "target_key_arn": "arn:aws:kms:us-west-2:665832050599:key/753ee0b6-82af-4c67-a593-a039007c09cc",
            "target_key_id": "753ee0b6-82af-4c67-a593-a039007c09cc"
          },
          "sensitive_attributes": [],
          "private": "bnVsbA==",
          "dependencies": [
            "aws_kms_key.tenant_keys"
          ]
        },
        {
          "index_key": 1,
          "schema_version": 0,
          "attributes": {
            "arn": "arn:aws:kms:us-west-2:665832050599:alias/multitenant-ai-poc-tenant-2",
            "id": "alias/multitenant-ai-poc-tenant-2",
            "name": "alias/multitenant-ai-poc-tenant-2",
            "name_prefix": "",
            "target_key_arn": "arn:aws:kms:us-west-2:665832050599:key/1ffa684c-ea5f-41e7-a59b-4efcf611c959",
            "target_key_id": "1ffa684c-ea5f-41e7-a59b-4efcf611c959"
          },
          "sensitive_attributes": [],
          "private": "bnVsbA==",
          "dependencies": [
            "aws_kms_key.tenant_keys"
          ]
        }
      ]
    },
    {
      "mode": "managed",
      "type": "aws_kms_key",
      "name": "tenant_keys",
      "provider": "provider[\"registry.terraform.io/hashicorp/aws\"]",
      "instances": [
        {
          "index_key": 0,
          "schema_version": 0,
          "attributes": {
            "arn": "arn:aws:kms:us-west-2:665832050599:key/753ee0b6-82af-4c67-a593-a039007c09cc",
            "bypass_policy_lockout_safety_check": false,
            "custom_key_store_id": "",
            "customer_master_key_spec": "SYMMETRIC_DEFAULT",
            "deletion_window_in_days": 7,
            "description": "KMS key for tenant 1 data encryption",
            "enable_key_rotation": false,
            "id": "753ee0b6-82af-4c67-a593-a039007c09cc",
            "is_enabled": true,
            "key_id": "753ee0b6-82af-4c67-a593-a039007c09cc",
            "key_usage": "ENCRYPT_DECRYPT",
            "multi_region": false,
            "policy": "{\"Id\":\"key-default-1\",\"Statement\":[{\"Action\":\"kms:*\",\"Effect\":\"Allow\",\"Principal\":{\"AWS\":\"arn:aws:iam::665832050599:root\"},\"Resource\":\"*\",\"Sid\":\"Enable IAM User Permissions\"}],\"Version\":\"2012-10-17\"}",
            "rotation_period_in_days": 0,
            "tags": {
              "Name": "multitenant-ai-poc-tenant-1-kms-key",
              "Tenant": "tenant-1"
            },
            "tags_all": {
              "Name": "multitenant-ai-poc-tenant-1-kms-key",
              "Tenant": "tenant-1"
            },
            "timeouts": null,
            "xks_key_id": ""
          },
          "sensitive_attributes": [],
          "private": "eyJlMmJmYjczMC1lY2FhLTExZTYtOGY4OC0zNDM2M2JjN2M0YzAiOnsiY3JlYXRlIjoxMjAwMDAwMDAwMDB9fQ=="
        },
        {
          "index_key": 1,
          "schema_version": 0,
          "attributes": {
            "arn": "arn:aws:kms:us-west-2:665832050599:key/1ffa684c-ea5f-41e7-a59b-4efcf611c959",
            "bypass_policy_lockout_safety_check": false,
            "custom_key_store_id": "",
            "customer_master_key_spec": "SYMMETRIC_DEFAULT",
            "deletion_window_in_days": 7,
            "description": "KMS key for tenant 2 data encryption",
            "enable_key_rotation": false,
            "id": "1ffa684c-ea5f-41e7-a59b-4efcf611c959",
            "is_enabled": true,
            "key_id": "1ffa684c-ea5f-41e7-a59b-4efcf611c959",
            "key_usage": "ENCRYPT_DECRYPT",
            "multi_region": false,
            "policy": "{\"Id\":\"key-default-1\",\"Statement\":[{\"Action\":\"kms:*\",\"Effect\":\"Allow\",\"Principal\":{\"AWS\":\"arn:aws:iam::665832050599:root\"},\"Resource\":\"*\",\"Sid\":\"Enable IAM User Permissions\"}],\"Version\":\"2012-10-17\"}",
            "rotation_period_in_days": 0,
            "tags": {
              "Name": "multitenant-ai-poc-tenant-2-kms-key",
              "Tenant": "tenant-2"
            },
            "tags_all": {
              "Name": "multitenant-ai-poc-tenant-2-kms-key",
              "Tenant": "tenant-2"
            },
            "timeouts": null,
            "xks_key_id": ""
          },
          "sensitive_attributes": [],
          "private": "eyJlMmJmYjczMC1lY2FhLTExZTYtOGY4OC0zNDM2M2JjN2M0YzAiOnsiY3JlYXRlIjoxMjAwMDAwMDAwMDB9fQ=="
        }
      ]
    },
    {
      "mode": "managed",
      "type": "aws_lb",
      "name": "main",
      "provider": "provider[\"registry.terraform.io/hashicorp/aws\"]",
      "instances": [
        {
          "schema_version": 0,
          "attributes": {
            "access_logs": [
              {
                "bucket": "",
                "enabled": false,
                "prefix": ""
              }
            ],
            "arn": "arn:aws:elasticloadbalancing:us-west-2:665832050599:loadbalancer/app/multitenant-ai-poc-alb/9463049ef2d3698c",
            "arn_suffix": "app/multitenant-ai-poc-alb/9463049ef2d3698c",
            "client_keep_alive": 3600,
            "connection_logs": [
              {
                "bucket": "",
                "enabled": false,
                "prefix": ""
              }
            ],
            "customer_owned_ipv4_pool": "",
            "desync_mitigation_mode": "defensive",
            "dns_name": "multitenant-ai-poc-alb-498497460.us-west-2.elb.amazonaws.com",
            "dns_record_client_routing_policy": null,
            "drop_invalid_header_fields": false,
            "enable_cross_zone_load_balancing": true,
            "enable_deletion_protection": false,
            "enable_http2": true,
            "enable_tls_version_and_cipher_suite_headers": false,
            "enable_waf_fail_open": false,
            "enable_xff_client_port": false,
            "enable_zonal_shift": false,
            "enforce_security_group_inbound_rules_on_private_link_traffic": "",
            "id": "arn:aws:elasticloadbalancing:us-west-2:665832050599:loadbalancer/app/multitenant-ai-poc-alb/9463049ef2d3698c",
            "idle_timeout": 60,
            "internal": false,
            "ip_address_type": "ipv4",
            "ipam_pools": [],
            "load_balancer_type": "application",
            "minimum_load_balancer_capacity": [],
            "name": "multitenant-ai-poc-alb",
            "name_prefix": "",
            "preserve_host_header": false,
            "security_groups": [
              "sg-044dd96afcd38665f"
            ],
            "subnet_mapping": [
              {
                "allocation_id": "",
                "ipv6_address": "",
                "outpost_id": "",
                "private_ipv4_address": "",
                "subnet_id": "subnet-06b39fcfacd383bf7"
              },
              {
                "allocation_id": "",
                "ipv6_address": "",
                "outpost_id": "",
                "private_ipv4_address": "",
                "subnet_id": "subnet-0c51800853ea811b7"
              }
            ],
            "subnets": [
              "subnet-06b39fcfacd383bf7",
              "subnet-0c51800853ea811b7"
            ],
            "tags": {
              "Name": "multitenant-ai-poc-alb"
            },
            "tags_all": {
              "Name": "multitenant-ai-poc-alb"
            },
            "timeouts": null,
            "vpc_id": "vpc-05e62cd728f70c2a9",
            "xff_header_processing_mode": "append",
            "zone_id": "Z1H1FL5HABSF5"
          },
          "sensitive_attributes": [],
          "private": "eyJlMmJmYjczMC1lY2FhLTExZTYtOGY4OC0zNDM2M2JjN2M0YzAiOnsiY3JlYXRlIjo2MDAwMDAwMDAwMDAsImRlbGV0ZSI6NjAwMDAwMDAwMDAwLCJ1cGRhdGUiOjYwMDAwMDAwMDAwMH19",
          "dependencies": [
            "aws_security_group.alb",
            "aws_subnet.public",
            "aws_vpc.main",
            "data.aws_availability_zones.available"
          ]
        }
      ]
    },
    {
      "mode": "managed",
      "type": "aws_lb",
      "name": "poc_shared",
      "provider": "provider[\"registry.terraform.io/hashicorp/aws\"]",
      "instances": [
        {
          "schema_version": 0,
          "attributes": {
            "access_logs": [
              {
                "bucket": "",
                "enabled": false,
                "prefix": ""
              }
            ],
            "arn": "arn:aws:elasticloadbalancing:us-west-2:665832050599:loadbalancer/app/mtai-poc-shared-alb/3893cf25a9d62f95",
            "arn_suffix": "app/mtai-poc-shared-alb/3893cf25a9d62f95",
            "client_keep_alive": 3600,
            "connection_logs": [
              {
                "bucket": "",
                "enabled": false,
                "prefix": ""
              }
            ],
            "customer_owned_ipv4_pool": "",
            "desync_mitigation_mode": "defensive",
            "dns_name": "mtai-poc-shared-alb-1509838146.us-west-2.elb.amazonaws.com",
            "dns_record_client_routing_policy": null,
            "drop_invalid_header_fields": false,
            "enable_cross_zone_load_balancing": true,
            "enable_deletion_protection": false,
            "enable_http2": true,
            "enable_tls_version_and_cipher_suite_headers": false,
            "enable_waf_fail_open": false,
            "enable_xff_client_port": false,
            "enable_zonal_shift": false,
            "enforce_security_group_inbound_rules_on_private_link_traffic": "",
            "id": "arn:aws:elasticloadbalancing:us-west-2:665832050599:loadbalancer/app/mtai-poc-shared-alb/3893cf25a9d62f95",
            "idle_timeout": 60,
            "internal": false,
            "ip_address_type": "ipv4",
            "ipam_pools": [],
            "load_balancer_type": "application",
            "minimum_load_balancer_capacity": [],
            "name": "mtai-poc-shared-alb",
            "name_prefix": "",
            "preserve_host_header": false,
            "security_groups": [
              "sg-0fba672c4ac9b3555"
            ],
            "subnet_mapping": [
              {
                "allocation_id": "",
                "ipv6_address": "",
                "outpost_id": "",
                "private_ipv4_address": "",
                "subnet_id": "subnet-0285f9bf83038a4a3"
              },
              {
                "allocation_id": "",
                "ipv6_address": "",
                "outpost_id": "",
                "private_ipv4_address": "",
                "subnet_id": "subnet-0a3d2515635373446"
              }
            ],
            "subnets": [
              "subnet-0285f9bf83038a4a3",
              "subnet-0a3d2515635373446"
            ],
            "tags": {
              "Environment": "poc",
              "Name": "multitenant-ai-poc-poc-shared-alb"
            },
            "tags_all": {
              "Environment": "poc",
              "Name": "multitenant-ai-poc-poc-shared-alb"
            },
            "timeouts": null,
            "vpc_id": "vpc-02192da0fc1a7dd84",
            "xff_header_processing_mode": "append",
            "zone_id": "Z1H1FL5HABSF5"
          },
          "sensitive_attributes": [],
          "private": "eyJlMmJmYjczMC1lY2FhLTExZTYtOGY4OC0zNDM2M2JjN2M0YzAiOnsiY3JlYXRlIjo2MDAwMDAwMDAwMDAsImRlbGV0ZSI6NjAwMDAwMDAwMDAwLCJ1cGRhdGUiOjYwMDAwMDAwMDAwMH19",
          "dependencies": [
            "aws_security_group.shared_alb",
            "aws_subnet.shared_public",
            "aws_vpc.poc_isolated",
            "data.aws_availability_zones.available"
          ]
        }
      ]
    },
    {
      "mode": "managed",
      "type": "aws_lb_listener",
      "name": "main",
      "provider": "provider[\"registry.terraform.io/hashicorp/aws\"]",
      "instances": [
        {
          "schema_version": 0,
          "attributes": {
            "alpn_policy": null,
            "arn": "arn:aws:elasticloadbalancing:us-west-2:665832050599:listener/app/multitenant-ai-poc-alb/9463049ef2d3698c/3f0518ca699cc16b",
            "certificate_arn": null,
            "default_action": [
              {
                "authenticate_cognito": [],
                "authenticate_oidc": [],
                "fixed_response": [],
                "forward": [],
                "order": 1,
                "redirect": [],
                "target_group_arn": "arn:aws:elasticloadbalancing:us-west-2:665832050599:targetgroup/multitenant-ai-poc-tg/ce7d62d53ce23984",
                "type": "forward"
              }
            ],
            "id": "arn:aws:elasticloadbalancing:us-west-2:665832050599:listener/app/multitenant-ai-poc-alb/9463049ef2d3698c/3f0518ca699cc16b",
            "load_balancer_arn": "arn:aws:elasticloadbalancing:us-west-2:665832050599:loadbalancer/app/multitenant-ai-poc-alb/9463049ef2d3698c",
            "mutual_authentication": [],
            "port": 80,
            "protocol": "HTTP",
            "routing_http_request_x_amzn_mtls_clientcert_header_name": null,
            "routing_http_request_x_amzn_mtls_clientcert_issuer_header_name": null,
            "routing_http_request_x_amzn_mtls_clientcert_leaf_header_name": null,
            "routing_http_request_x_amzn_mtls_clientcert_serial_number_header_name": null,
            "routing_http_request_x_amzn_mtls_clientcert_subject_header_name": null,
            "routing_http_request_x_amzn_mtls_clientcert_validity_header_name": null,
            "routing_http_request_x_amzn_tls_cipher_suite_header_name": null,
            "routing_http_request_x_amzn_tls_version_header_name": null,
            "routing_http_response_access_control_allow_credentials_header_value": "",
            "routing_http_response_access_control_allow_headers_header_value": "",
            "routing_http_response_access_control_allow_methods_header_value": "",
            "routing_http_response_access_control_allow_origin_header_value": "",
            "routing_http_response_access_control_expose_headers_header_value": "",
            "routing_http_response_access_control_max_age_header_value": "",
            "routing_http_response_content_security_policy_header_value": "",
            "routing_http_response_server_enabled": true,
            "routing_http_response_strict_transport_security_header_value": "",
            "routing_http_response_x_content_type_options_header_value": "",
            "routing_http_response_x_frame_options_header_value": "",
            "ssl_policy": "",
            "tags": {},
            "tags_all": {},
            "tcp_idle_timeout_seconds": null,
            "timeouts": null
          },
          "sensitive_attributes": [],
          "private": "eyJlMmJmYjczMC1lY2FhLTExZTYtOGY4OC0zNDM2M2JjN2M0YzAiOnsiY3JlYXRlIjozMDAwMDAwMDAwMDAsInVwZGF0ZSI6MzAwMDAwMDAwMDAwfX0=",
          "dependencies": [
            "aws_lb.main",
            "aws_lb_target_group.main",
            "aws_security_group.alb",
            "aws_subnet.public",
            "aws_vpc.main",
            "data.aws_availability_zones.available"
          ]
        }
      ]
    },
    {
      "mode": "managed",
      "type": "aws_lb_listener",
      "name": "poc_shared",
      "provider": "provider[\"registry.terraform.io/hashicorp/aws\"]",
      "instances": [
        {
          "schema_version": 0,
          "attributes": {
            "alpn_policy": null,
            "arn": "arn:aws:elasticloadbalancing:us-west-2:665832050599:listener/app/mtai-poc-shared-alb/3893cf25a9d62f95/ec7928a5fd00e2e4",
            "certificate_arn": null,
            "default_action": [
              {
                "authenticate_cognito": [],
                "authenticate_oidc": [],
                "fixed_response": [],
                "forward": [],
                "order": 1,
                "redirect": [],
                "target_group_arn": "arn:aws:elasticloadbalancing:us-west-2:665832050599:targetgroup/multitenant-ai-poc-poc-shared-tg/3320c89ca4672138",
                "type": "forward"
              }
            ],
            "id": "arn:aws:elasticloadbalancing:us-west-2:665832050599:listener/app/mtai-poc-shared-alb/3893cf25a9d62f95/ec7928a5fd00e2e4",
            "load_balancer_arn": "arn:aws:elasticloadbalancing:us-west-2:665832050599:loadbalancer/app/mtai-poc-shared-alb/3893cf25a9d62f95",
            "mutual_authentication": [],
            "port": 80,
            "protocol": "HTTP",
            "routing_http_request_x_amzn_mtls_clientcert_header_name": null,
            "routing_http_request_x_amzn_mtls_clientcert_issuer_header_name": null,
            "routing_http_request_x_amzn_mtls_clientcert_leaf_header_name": null,
            "routing_http_request_x_amzn_mtls_clientcert_serial_number_header_name": null,
            "routing_http_request_x_amzn_mtls_clientcert_subject_header_name": null,
            "routing_http_request_x_amzn_mtls_clientcert_validity_header_name": null,
            "routing_http_request_x_amzn_tls_cipher_suite_header_name": null,
            "routing_http_request_x_amzn_tls_version_header_name": null,
            "routing_http_response_access_control_allow_credentials_header_value": "",
            "routing_http_response_access_control_allow_headers_header_value": "",
            "routing_http_response_access_control_allow_methods_header_value": "",
            "routing_http_response_access_control_allow_origin_header_value": "",
            "routing_http_response_access_control_expose_headers_header_value": "",
            "routing_http_response_access_control_max_age_header_value": "",
            "routing_http_response_content_security_policy_header_value": "",
            "routing_http_response_server_enabled": true,
            "routing_http_response_strict_transport_security_header_value": "",
            "routing_http_response_x_content_type_options_header_value": "",
            "routing_http_response_x_frame_options_header_value": "",
            "ssl_policy": "",
            "tags": {},
            "tags_all": {},
            "tcp_idle_timeout_seconds": null,
            "timeouts": null
          },
          "sensitive_attributes": [],
          "private": "eyJlMmJmYjczMC1lY2FhLTExZTYtOGY4OC0zNDM2M2JjN2M0YzAiOnsiY3JlYXRlIjozMDAwMDAwMDAwMDAsInVwZGF0ZSI6MzAwMDAwMDAwMDAwfX0=",
          "dependencies": [
            "aws_lb.poc_shared",
            "aws_lb_target_group.poc_shared",
            "aws_security_group.shared_alb",
            "aws_subnet.shared_public",
            "aws_vpc.poc_isolated",
            "data.aws_availability_zones.available"
          ]
        }
      ]
    },
    {
      "mode": "managed",
      "type": "aws_lb_target_group",
      "name": "main",
      "provider": "provider[\"registry.terraform.io/hashicorp/aws\"]",
      "instances": [
        {
          "schema_version": 0,
          "attributes": {
            "arn": "arn:aws:elasticloadbalancing:us-west-2:665832050599:targetgroup/multitenant-ai-poc-tg/ce7d62d53ce23984",
            "arn_suffix": "targetgroup/multitenant-ai-poc-tg/ce7d62d53ce23984",
            "connection_termination": null,
            "deregistration_delay": "300",
            "health_check": [
              {
                "enabled": true,
                "healthy_threshold": 2,
                "interval": 30,
                "matcher": "200",
                "path": "/health",
                "port": "traffic-port",
                "protocol": "HTTP",
                "timeout": 5,
                "unhealthy_threshold": 2
              }
            ],
            "id": "arn:aws:elasticloadbalancing:us-west-2:665832050599:targetgroup/multitenant-ai-poc-tg/ce7d62d53ce23984",
            "ip_address_type": "ipv4",
            "lambda_multi_value_headers_enabled": false,
            "load_balancer_arns": [
              "arn:aws:elasticloadbalancing:us-west-2:665832050599:loadbalancer/app/multitenant-ai-poc-alb/9463049ef2d3698c"
            ],
            "load_balancing_algorithm_type": "round_robin",
            "load_balancing_anomaly_mitigation": "off",
            "load_balancing_cross_zone_enabled": "use_load_balancer_configuration",
            "name": "multitenant-ai-poc-tg",
            "name_prefix": "",
            "port": 8000,
            "preserve_client_ip": null,
            "protocol": "HTTP",
            "protocol_version": "HTTP1",
            "proxy_protocol_v2": false,
            "slow_start": 0,
            "stickiness": [
              {
                "cookie_duration": 86400,
                "cookie_name": "",
                "enabled": false,
                "type": "lb_cookie"
              }
            ],
            "tags": {
              "Name": "multitenant-ai-poc-target-group"
            },
            "tags_all": {
              "Name": "multitenant-ai-poc-target-group"
            },
            "target_failover": [
              {
                "on_deregistration": null,
                "on_unhealthy": null
              }
            ],
            "target_group_health": [
              {
                "dns_failover": [
                  {
                    "minimum_healthy_targets_count": "1",
                    "minimum_healthy_targets_percentage": "off"
                  }
                ],
                "unhealthy_state_routing": [
                  {
                    "minimum_healthy_targets_count": 1,
                    "minimum_healthy_targets_percentage": "off"
                  }
                ]
              }
            ],
            "target_health_state": [
              {
                "enable_unhealthy_connection_termination": null,
                "unhealthy_draining_interval": null
              }
            ],
            "target_type": "instance",
            "vpc_id": "vpc-05e62cd728f70c2a9"
          },
          "sensitive_attributes": [],
          "private": "bnVsbA==",
          "dependencies": [
            "aws_vpc.main"
          ]
        }
      ]
    },
    {
      "mode": "managed",
      "type": "aws_lb_target_group",
      "name": "poc_shared",
      "provider": "provider[\"registry.terraform.io/hashicorp/aws\"]",
      "instances": [
        {
          "schema_version": 0,
          "attributes": {
            "arn": "arn:aws:elasticloadbalancing:us-west-2:665832050599:targetgroup/multitenant-ai-poc-poc-shared-tg/3320c89ca4672138",
            "arn_suffix": "targetgroup/multitenant-ai-poc-poc-shared-tg/3320c89ca4672138",
            "connection_termination": null,
            "deregistration_delay": "300",
            "health_check": [
              {
                "enabled": true,
                "healthy_threshold": 2,
                "interval": 30,
                "matcher": "200",
                "path": "/health",
                "port": "traffic-port",
                "protocol": "HTTP",
                "timeout": 5,
                "unhealthy_threshold": 2
              }
            ],
            "id": "arn:aws:elasticloadbalancing:us-west-2:665832050599:targetgroup/multitenant-ai-poc-poc-shared-tg/3320c89ca4672138",
            "ip_address_type": "ipv4",
            "lambda_multi_value_headers_enabled": false,
            "load_balancer_arns": [
              "arn:aws:elasticloadbalancing:us-west-2:665832050599:loadbalancer/app/mtai-poc-shared-alb/3893cf25a9d62f95"
            ],
            "load_balancing_algorithm_type": "round_robin",
            "load_balancing_anomaly_mitigation": "off",
            "load_balancing_cross_zone_enabled": "use_load_balancer_configuration",
            "name": "multitenant-ai-poc-poc-shared-tg",
            "name_prefix": "",
            "port": 80,
            "preserve_client_ip": null,
            "protocol": "HTTP",
            "protocol_version": "HTTP1",
            "proxy_protocol_v2": false,
            "slow_start": 0,
            "stickiness": [
              {
                "cookie_duration": 86400,
                "cookie_name": "",
                "enabled": false,
                "type": "lb_cookie"
              }
            ],
            "tags": {
              "Name": "multitenant-ai-poc-poc-shared-target-group"
            },
            "tags_all": {
              "Name": "multitenant-ai-poc-poc-shared-target-group"
            },
            "target_failover": [
              {
                "on_deregistration": null,
                "on_unhealthy": null
              }
            ],
            "target_group_health": [
              {
                "dns_failover": [
                  {
                    "minimum_healthy_targets_count": "1",
                    "minimum_healthy_targets_percentage": "off"
                  }
                ],
                "unhealthy_state_routing": [
                  {
                    "minimum_healthy_targets_count": 1,
                    "minimum_healthy_targets_percentage": "off"
                  }
                ]
              }
            ],
            "target_health_state": [
              {
                "enable_unhealthy_connection_termination": null,
                "unhealthy_draining_interval": null
              }
            ],
            "target_type": "ip",
            "vpc_id": "vpc-02192da0fc1a7dd84"
          },
          "sensitive_attributes": [],
          "private": "bnVsbA==",
          "dependencies": [
            "aws_vpc.poc_isolated"
          ]
        }
      ]
    },
    {
      "mode": "managed",
      "type": "aws_nat_gateway",
      "name": "main",
      "provider": "provider[\"registry.terraform.io/hashicorp/aws\"]",
      "instances": [
        {
          "index_key": 0,
          "schema_version": 0,
          "attributes": {
            "allocation_id": "eipalloc-0accf74138fdaa84d",
            "association_id": "eipassoc-0e5ff4dd6bd2cd790",
            "connectivity_type": "public",
            "id": "nat-0bc327f144c08633a",
            "network_interface_id": "eni-0ef9324de333a7236",
            "private_ip": "10.0.1.211",
            "public_ip": "44.237.132.161",
            "secondary_allocation_ids": [],
            "secondary_private_ip_address_count": 0,
            "secondary_private_ip_addresses": [],
            "subnet_id": "subnet-06b39fcfacd383bf7",
            "tags": {
              "Name": "multitenant-ai-poc-nat-gateway-1"
            },
            "tags_all": {
              "Name": "multitenant-ai-poc-nat-gateway-1"
            },
            "timeouts": null
          },
          "sensitive_attributes": [],
          "private": "eyJlMmJmYjczMC1lY2FhLTExZTYtOGY4OC0zNDM2M2JjN2M0YzAiOnsiY3JlYXRlIjo2MDAwMDAwMDAwMDAsImRlbGV0ZSI6MTgwMDAwMDAwMDAwMCwidXBkYXRlIjo2MDAwMDAwMDAwMDB9fQ==",
          "dependencies": [
            "aws_eip.nat",
            "aws_internet_gateway.main",
            "aws_subnet.public",
            "aws_vpc.main",
            "data.aws_availability_zones.available"
          ]
        },
        {
          "index_key": 1,
          "schema_version": 0,
          "attributes": {
            "allocation_id": "eipalloc-0cd9138df23d4d83a",
            "association_id": "eipassoc-0cce3213fa5ea9acc",
            "connectivity_type": "public",
            "id": "nat-069a99490c88d318a",
            "network_interface_id": "eni-018a866d7facef4c3",
            "private_ip": "10.0.2.243",
            "public_ip": "35.162.182.114",
            "secondary_allocation_ids": [],
            "secondary_private_ip_address_count": 0,
            "secondary_private_ip_addresses": [],
            "subnet_id": "subnet-0c51800853ea811b7",
            "tags": {
              "Name": "multitenant-ai-poc-nat-gateway-2"
            },
            "tags_all": {
              "Name": "multitenant-ai-poc-nat-gateway-2"
            },
            "timeouts": null
          },
          "sensitive_attributes": [],
          "private": "eyJlMmJmYjczMC1lY2FhLTExZTYtOGY4OC0zNDM2M2JjN2M0YzAiOnsiY3JlYXRlIjo2MDAwMDAwMDAwMDAsImRlbGV0ZSI6MTgwMDAwMDAwMDAwMCwidXBkYXRlIjo2MDAwMDAwMDAwMDB9fQ==",
          "dependencies": [
            "aws_eip.nat",
            "aws_internet_gateway.main",
            "aws_subnet.public",
            "aws_vpc.main",
            "data.aws_availability_zones.available"
          ]
        }
      ]
    },
    {
      "mode": "managed",
      "type": "aws_nat_gateway",
      "name": "poc_isolated",
      "provider": "provider[\"registry.terraform.io/hashicorp/aws\"]",
      "instances": [
        {
          "index_key": 0,
          "schema_version": 0,
          "attributes": {
            "allocation_id": "eipalloc-00d0e9b42d58b4a60",
            "association_id": "eipassoc-0556398fd3c7faf1d",
            "connectivity_type": "public",
            "id": "nat-0496db6a1756d99c3",
            "network_interface_id": "eni-01312d258830c27f0",
            "private_ip": "10.0.10.227",
            "public_ip": "34.214.40.18",
            "secondary_allocation_ids": [],
            "secondary_private_ip_address_count": 0,
            "secondary_private_ip_addresses": [],
            "subnet_id": "subnet-0a3d2515635373446",
            "tags": {
              "AZ": "us-west-2a",
              "Name": "multitenant-ai-poc-poc-nat-gateway-1"
            },
            "tags_all": {
              "AZ": "us-west-2a",
              "Name": "multitenant-ai-poc-poc-nat-gateway-1"
            },
            "timeouts": null
          },
          "sensitive_attributes": [],
          "private": "eyJlMmJmYjczMC1lY2FhLTExZTYtOGY4OC0zNDM2M2JjN2M0YzAiOnsiY3JlYXRlIjo2MDAwMDAwMDAwMDAsImRlbGV0ZSI6MTgwMDAwMDAwMDAwMCwidXBkYXRlIjo2MDAwMDAwMDAwMDB9fQ==",
          "dependencies": [
            "aws_eip.poc_nat",
            "aws_internet_gateway.poc_isolated",
            "aws_subnet.shared_public",
            "aws_vpc.poc_isolated",
            "data.aws_availability_zones.available"
          ]
        },
        {
          "index_key": 1,
          "schema_version": 0,
          "attributes": {
            "allocation_id": "eipalloc-04fa97f5e66c9a0f7",
            "association_id": "eipassoc-0000104ec1688b0cd",
            "connectivity_type": "public",
            "id": "nat-07ad567ad2953bd91",
            "network_interface_id": "eni-0a12b988d025bed20",
            "private_ip": "10.0.11.14",
            "public_ip": "44.254.34.213",
            "secondary_allocation_ids": [],
            "secondary_private_ip_address_count": 0,
            "secondary_private_ip_addresses": [],
            "subnet_id": "subnet-0285f9bf83038a4a3",
            "tags": {
              "AZ": "us-west-2b",
              "Name": "multitenant-ai-poc-poc-nat-gateway-2"
            },
            "tags_all": {
              "AZ": "us-west-2b",
              "Name": "multitenant-ai-poc-poc-nat-gateway-2"
            },
            "timeouts": null
          },
          "sensitive_attributes": [],
          "private": "eyJlMmJmYjczMC1lY2FhLTExZTYtOGY4OC0zNDM2M2JjN2M0YzAiOnsiY3JlYXRlIjo2MDAwMDAwMDAwMDAsImRlbGV0ZSI6MTgwMDAwMDAwMDAwMCwidXBkYXRlIjo2MDAwMDAwMDAwMDB9fQ==",
          "dependencies": [
            "aws_eip.poc_nat",
            "aws_internet_gateway.poc_isolated",
            "aws_subnet.shared_public",
            "aws_vpc.poc_isolated",
            "data.aws_availability_zones.available"
          ]
        }
      ]
    },
    {
      "mode": "managed",
      "type": "aws_route_table",
      "name": "private",
      "provider": "provider[\"registry.terraform.io/hashicorp/aws\"]",
      "instances": [
        {
          "index_key": 0,
          "schema_version": 0,
          "attributes": {
            "arn": "arn:aws:ec2:us-west-2:665832050599:route-table/rtb-081de537ead14c0a9",
            "id": "rtb-081de537ead14c0a9",
            "owner_id": "665832050599",
            "propagating_vgws": [],
            "route": [
              {
                "carrier_gateway_id": "",
                "cidr_block": "0.0.0.0/0",
                "core_network_arn": "",
                "destination_prefix_list_id": "",
                "egress_only_gateway_id": "",
                "gateway_id": "",
                "ipv6_cidr_block": "",
                "local_gateway_id": "",
                "nat_gateway_id": "nat-0bc327f144c08633a",
                "network_interface_id": "",
                "transit_gateway_id": "",
                "vpc_endpoint_id": "",
                "vpc_peering_connection_id": ""
              }
            ],
            "tags": {
              "Name": "multitenant-ai-poc-private-rt-1"
            },
            "tags_all": {
              "Name": "multitenant-ai-poc-private-rt-1"
            },
            "timeouts": null,
            "vpc_id": "vpc-05e62cd728f70c2a9"
          },
          "sensitive_attributes": [],
          "private": "eyJlMmJmYjczMC1lY2FhLTExZTYtOGY4OC0zNDM2M2JjN2M0YzAiOnsiY3JlYXRlIjozMDAwMDAwMDAwMDAsImRlbGV0ZSI6MzAwMDAwMDAwMDAwLCJ1cGRhdGUiOjEyMDAwMDAwMDAwMH19",
          "dependencies": [
            "aws_eip.nat",
            "aws_internet_gateway.main",
            "aws_nat_gateway.main",
            "aws_subnet.public",
            "aws_vpc.main",
            "data.aws_availability_zones.available"
          ]
        },
        {
          "index_key": 1,
          "schema_version": 0,
          "attributes": {
            "arn": "arn:aws:ec2:us-west-2:665832050599:route-table/rtb-0dec074785abb3311",
            "id": "rtb-0dec074785abb3311",
            "owner_id": "665832050599",
            "propagating_vgws": [],
            "route": [
              {
                "carrier_gateway_id": "",
                "cidr_block": "0.0.0.0/0",
                "core_network_arn": "",
                "destination_prefix_list_id": "",
                "egress_only_gateway_id": "",
                "gateway_id": "",
                "ipv6_cidr_block": "",
                "local_gateway_id": "",
                "nat_gateway_id": "nat-069a99490c88d318a",
                "network_interface_id": "",
                "transit_gateway_id": "",
                "vpc_endpoint_id": "",
                "vpc_peering_connection_id": ""
              }
            ],
            "tags": {
              "Name": "multitenant-ai-poc-private-rt-2"
            },
            "tags_all": {
              "Name": "multitenant-ai-poc-private-rt-2"
            },
            "timeouts": null,
            "vpc_id": "vpc-05e62cd728f70c2a9"
          },
          "sensitive_attributes": [],
          "private": "eyJlMmJmYjczMC1lY2FhLTExZTYtOGY4OC0zNDM2M2JjN2M0YzAiOnsiY3JlYXRlIjozMDAwMDAwMDAwMDAsImRlbGV0ZSI6MzAwMDAwMDAwMDAwLCJ1cGRhdGUiOjEyMDAwMDAwMDAwMH19",
          "dependencies": [
            "aws_eip.nat",
            "aws_internet_gateway.main",
            "aws_nat_gateway.main",
            "aws_subnet.public",
            "aws_vpc.main",
            "data.aws_availability_zones.available"
          ]
        }
      ]
    },
    {
      "mode": "managed",
      "type": "aws_route_table",
      "name": "public",
      "provider": "provider[\"registry.terraform.io/hashicorp/aws\"]",
      "instances": [
        {
          "schema_version": 0,
          "attributes": {
            "arn": "arn:aws:ec2:us-west-2:665832050599:route-table/rtb-0f5c38c07fd8a1ad0",
            "id": "rtb-0f5c38c07fd8a1ad0",
            "owner_id": "665832050599",
            "propagating_vgws": [],
            "route": [
              {
                "carrier_gateway_id": "",
                "cidr_block": "0.0.0.0/0",
                "core_network_arn": "",
                "destination_prefix_list_id": "",
                "egress_only_gateway_id": "",
                "gateway_id": "igw-03d11d3d4a8937b6f",
                "ipv6_cidr_block": "",
                "local_gateway_id": "",
                "nat_gateway_id": "",
                "network_interface_id": "",
                "transit_gateway_id": "",
                "vpc_endpoint_id": "",
                "vpc_peering_connection_id": ""
              }
            ],
            "tags": {
              "Name": "multitenant-ai-poc-public-rt"
            },
            "tags_all": {
              "Name": "multitenant-ai-poc-public-rt"
            },
            "timeouts": null,
            "vpc_id": "vpc-05e62cd728f70c2a9"
          },
          "sensitive_attributes": [],
          "private": "eyJlMmJmYjczMC1lY2FhLTExZTYtOGY4OC0zNDM2M2JjN2M0YzAiOnsiY3JlYXRlIjozMDAwMDAwMDAwMDAsImRlbGV0ZSI6MzAwMDAwMDAwMDAwLCJ1cGRhdGUiOjEyMDAwMDAwMDAwMH19",
          "dependencies": [
            "aws_internet_gateway.main",
            "aws_vpc.main"
          ]
        }
      ]
    },
    {
      "mode": "managed",
      "type": "aws_route_table",
      "name": "shared_private",
      "provider": "provider[\"registry.terraform.io/hashicorp/aws\"]",
      "instances": [
        {
          "index_key": 0,
          "schema_version": 0,
          "attributes": {
            "arn": "arn:aws:ec2:us-west-2:665832050599:route-table/rtb-013ff64a3fdcb392e",
            "id": "rtb-013ff64a3fdcb392e",
            "owner_id": "665832050599",
            "propagating_vgws": [],
            "route": [
              {
                "carrier_gateway_id": "",
                "cidr_block": "0.0.0.0/0",
                "core_network_arn": "",
                "destination_prefix_list_id": "",
                "egress_only_gateway_id": "",
                "gateway_id": "",
                "ipv6_cidr_block": "",
                "local_gateway_id": "",
                "nat_gateway_id": "nat-0496db6a1756d99c3",
                "network_interface_id": "",
                "transit_gateway_id": "",
                "vpc_endpoint_id": "",
                "vpc_peering_connection_id": ""
              }
            ],
            "tags": {
              "AZ": "us-west-2a",
              "Name": "multitenant-ai-poc-shared-private-rt-1"
            },
            "tags_all": {
              "AZ": "us-west-2a",
              "Name": "multitenant-ai-poc-shared-private-rt-1"
            },
            "timeouts": null,
            "vpc_id": "vpc-02192da0fc1a7dd84"
          },
          "sensitive_attributes": [],
          "private": "eyJlMmJmYjczMC1lY2FhLTExZTYtOGY4OC0zNDM2M2JjN2M0YzAiOnsiY3JlYXRlIjozMDAwMDAwMDAwMDAsImRlbGV0ZSI6MzAwMDAwMDAwMDAwLCJ1cGRhdGUiOjEyMDAwMDAwMDAwMH19",
          "dependencies": [
            "aws_eip.poc_nat",
            "aws_internet_gateway.poc_isolated",
            "aws_nat_gateway.poc_isolated",
            "aws_subnet.shared_public",
            "aws_vpc.poc_isolated",
            "data.aws_availability_zones.available"
          ]
        },
        {
          "index_key": 1,
          "schema_version": 0,
          "attributes": {
            "arn": "arn:aws:ec2:us-west-2:665832050599:route-table/rtb-01b2d3f10ad67a39a",
            "id": "rtb-01b2d3f10ad67a39a",
            "owner_id": "665832050599",
            "propagating_vgws": [],
            "route": [
              {
                "carrier_gateway_id": "",
                "cidr_block": "0.0.0.0/0",
                "core_network_arn": "",
                "destination_prefix_list_id": "",
                "egress_only_gateway_id": "",
                "gateway_id": "",
                "ipv6_cidr_block": "",
                "local_gateway_id": "",
                "nat_gateway_id": "nat-07ad567ad2953bd91",
                "network_interface_id": "",
                "transit_gateway_id": "",
                "vpc_endpoint_id": "",
                "vpc_peering_connection_id": ""
              }
            ],
            "tags": {
              "AZ": "us-west-2b",
              "Name": "multitenant-ai-poc-shared-private-rt-2"
            },
            "tags_all": {
              "AZ": "us-west-2b",
              "Name": "multitenant-ai-poc-shared-private-rt-2"
            },
            "timeouts": null,
            "vpc_id": "vpc-02192da0fc1a7dd84"
          },
          "sensitive_attributes": [],
          "private": "eyJlMmJmYjczMC1lY2FhLTExZTYtOGY4OC0zNDM2M2JjN2M0YzAiOnsiY3JlYXRlIjozMDAwMDAwMDAwMDAsImRlbGV0ZSI6MzAwMDAwMDAwMDAwLCJ1cGRhdGUiOjEyMDAwMDAwMDAwMH19",
          "dependencies": [
            "aws_eip.poc_nat",
            "aws_internet_gateway.poc_isolated",
            "aws_nat_gateway.poc_isolated",
            "aws_subnet.shared_public",
            "aws_vpc.poc_isolated",
            "data.aws_availability_zones.available"
          ]
        }
      ]
    },
    {
      "mode": "managed",
      "type": "aws_route_table",
      "name": "shared_public",
      "provider": "provider[\"registry.terraform.io/hashicorp/aws\"]",
      "instances": [
        {
          "schema_version": 0,
          "attributes": {
            "arn": "arn:aws:ec2:us-west-2:665832050599:route-table/rtb-0011687ec2cf58bfa",
            "id": "rtb-0011687ec2cf58bfa",
            "owner_id": "665832050599",
            "propagating_vgws": [],
            "route": [
              {
                "carrier_gateway_id": "",
                "cidr_block": "0.0.0.0/0",
                "core_network_arn": "",
                "destination_prefix_list_id": "",
                "egress_only_gateway_id": "",
                "gateway_id": "igw-084a10845d8edb6c9",
                "ipv6_cidr_block": "",
                "local_gateway_id": "",
                "nat_gateway_id": "",
                "network_interface_id": "",
                "transit_gateway_id": "",
                "vpc_endpoint_id": "",
                "vpc_peering_connection_id": ""
              }
            ],
            "tags": {
              "Name": "multitenant-ai-poc-shared-public-rt"
            },
            "tags_all": {
              "Name": "multitenant-ai-poc-shared-public-rt"
            },
            "timeouts": null,
            "vpc_id": "vpc-02192da0fc1a7dd84"
          },
          "sensitive_attributes": [],
          "private": "eyJlMmJmYjczMC1lY2FhLTExZTYtOGY4OC0zNDM2M2JjN2M0YzAiOnsiY3JlYXRlIjozMDAwMDAwMDAwMDAsImRlbGV0ZSI6MzAwMDAwMDAwMDAwLCJ1cGRhdGUiOjEyMDAwMDAwMDAwMH19",
          "dependencies": [
            "aws_internet_gateway.poc_isolated",
            "aws_vpc.poc_isolated"
          ]
        }
      ]
    },
    {
      "mode": "managed",
      "type": "aws_route_table_association",
      "name": "private",
      "provider": "provider[\"registry.terraform.io/hashicorp/aws\"]",
      "instances": [
        {
          "index_key": 0,
          "schema_version": 0,
          "attributes": {
            "gateway_id": "",
            "id": "rtbassoc-0835df9fcbe2f876e",
            "route_table_id": "rtb-081de537ead14c0a9",
            "subnet_id": "subnet-05c6ace803abfb1ac",
            "timeouts": null
          },
          "sensitive_attributes": [],
          "private": "eyJlMmJmYjczMC1lY2FhLTExZTYtOGY4OC0zNDM2M2JjN2M0YzAiOnsiY3JlYXRlIjozMDAwMDAwMDAwMDAsImRlbGV0ZSI6MzAwMDAwMDAwMDAwLCJ1cGRhdGUiOjEyMDAwMDAwMDAwMH19",
          "dependencies": [
            "aws_eip.nat",
            "aws_internet_gateway.main",
            "aws_nat_gateway.main",
            "aws_route_table.private",
            "aws_subnet.private",
            "aws_subnet.public",
            "aws_vpc.main",
            "data.aws_availability_zones.available"
          ]
        },
        {
          "index_key": 1,
          "schema_version": 0,
          "attributes": {
            "gateway_id": "",
            "id": "rtbassoc-0f0ef0b4085804d75",
            "route_table_id": "rtb-0dec074785abb3311",
            "subnet_id": "subnet-03ea1eb7dcdd58c92",
            "timeouts": null
          },
          "sensitive_attributes": [],
          "private": "eyJlMmJmYjczMC1lY2FhLTExZTYtOGY4OC0zNDM2M2JjN2M0YzAiOnsiY3JlYXRlIjozMDAwMDAwMDAwMDAsImRlbGV0ZSI6MzAwMDAwMDAwMDAwLCJ1cGRhdGUiOjEyMDAwMDAwMDAwMH19",
          "dependencies": [
            "aws_eip.nat",
            "aws_internet_gateway.main",
            "aws_nat_gateway.main",
            "aws_route_table.private",
            "aws_subnet.private",
            "aws_subnet.public",
            "aws_vpc.main",
            "data.aws_availability_zones.available"
          ]
        }
      ]
    },
    {
      "mode": "managed",
      "type": "aws_route_table_association",
      "name": "public",
      "provider": "provider[\"registry.terraform.io/hashicorp/aws\"]",
      "instances": [
        {
          "index_key": 0,
          "schema_version": 0,
          "attributes": {
            "gateway_id": "",
            "id": "rtbassoc-089b2e5b9fbc32960",
            "route_table_id": "rtb-0f5c38c07fd8a1ad0",
            "subnet_id": "subnet-06b39fcfacd383bf7",
            "timeouts": null
          },
          "sensitive_attributes": [],
          "private": "eyJlMmJmYjczMC1lY2FhLTExZTYtOGY4OC0zNDM2M2JjN2M0YzAiOnsiY3JlYXRlIjozMDAwMDAwMDAwMDAsImRlbGV0ZSI6MzAwMDAwMDAwMDAwLCJ1cGRhdGUiOjEyMDAwMDAwMDAwMH19",
          "dependencies": [
            "aws_internet_gateway.main",
            "aws_route_table.public",
            "aws_subnet.public",
            "aws_vpc.main",
            "data.aws_availability_zones.available"
          ]
        },
        {
          "index_key": 1,
          "schema_version": 0,
          "attributes": {
            "gateway_id": "",
            "id": "rtbassoc-0e86ecdf30fed772a",
            "route_table_id": "rtb-0f5c38c07fd8a1ad0",
            "subnet_id": "subnet-0c51800853ea811b7",
            "timeouts": null
          },
          "sensitive_attributes": [],
          "private": "eyJlMmJmYjczMC1lY2FhLTExZTYtOGY4OC0zNDM2M2JjN2M0YzAiOnsiY3JlYXRlIjozMDAwMDAwMDAwMDAsImRlbGV0ZSI6MzAwMDAwMDAwMDAwLCJ1cGRhdGUiOjEyMDAwMDAwMDAwMH19",
          "dependencies": [
            "aws_internet_gateway.main",
            "aws_route_table.public",
            "aws_subnet.public",
            "aws_vpc.main",
            "data.aws_availability_zones.available"
          ]
        }
      ]
    },
    {
      "mode": "managed",
      "type": "aws_route_table_association",
      "name": "shared_private",
      "provider": "provider[\"registry.terraform.io/hashicorp/aws\"]",
      "instances": [
        {
          "index_key": 0,
          "schema_version": 0,
          "attributes": {
            "gateway_id": "",
            "id": "rtbassoc-0f897b3256103258e",
            "route_table_id": "rtb-013ff64a3fdcb392e",
            "subnet_id": "subnet-0500891f4e55871fa",
            "timeouts": null
          },
          "sensitive_attributes": [],
          "private": "eyJlMmJmYjczMC1lY2FhLTExZTYtOGY4OC0zNDM2M2JjN2M0YzAiOnsiY3JlYXRlIjozMDAwMDAwMDAwMDAsImRlbGV0ZSI6MzAwMDAwMDAwMDAwLCJ1cGRhdGUiOjEyMDAwMDAwMDAwMH19",
          "dependencies": [
            "aws_eip.poc_nat",
            "aws_internet_gateway.poc_isolated",
            "aws_nat_gateway.poc_isolated",
            "aws_route_table.shared_private",
            "aws_subnet.shared_private",
            "aws_subnet.shared_public",
            "aws_vpc.poc_isolated",
            "data.aws_availability_zones.available"
          ]
        },
        {
          "index_key": 1,
          "schema_version": 0,
          "attributes": {
            "gateway_id": "",
            "id": "rtbassoc-0b665212ce69876a1",
            "route_table_id": "rtb-01b2d3f10ad67a39a",
            "subnet_id": "subnet-0dab7b9a9956fd606",
            "timeouts": null
          },
          "sensitive_attributes": [],
          "private": "eyJlMmJmYjczMC1lY2FhLTExZTYtOGY4OC0zNDM2M2JjN2M0YzAiOnsiY3JlYXRlIjozMDAwMDAwMDAwMDAsImRlbGV0ZSI6MzAwMDAwMDAwMDAwLCJ1cGRhdGUiOjEyMDAwMDAwMDAwMH19",
          "dependencies": [
            "aws_eip.poc_nat",
            "aws_internet_gateway.poc_isolated",
            "aws_nat_gateway.poc_isolated",
            "aws_route_table.shared_private",
            "aws_subnet.shared_private",
            "aws_subnet.shared_public",
            "aws_vpc.poc_isolated",
            "data.aws_availability_zones.available"
          ]
        }
      ]
    },
    {
      "mode": "managed",
      "type": "aws_route_table_association",
      "name": "shared_public",
      "provider": "provider[\"registry.terraform.io/hashicorp/aws\"]",
      "instances": [
        {
          "index_key": 0,
          "schema_version": 0,
          "attributes": {
            "gateway_id": "",
            "id": "rtbassoc-007a000a1d43c0fb5",
            "route_table_id": "rtb-0011687ec2cf58bfa",
            "subnet_id": "subnet-0a3d2515635373446",
            "timeouts": null
          },
          "sensitive_attributes": [],
          "private": "eyJlMmJmYjczMC1lY2FhLTExZTYtOGY4OC0zNDM2M2JjN2M0YzAiOnsiY3JlYXRlIjozMDAwMDAwMDAwMDAsImRlbGV0ZSI6MzAwMDAwMDAwMDAwLCJ1cGRhdGUiOjEyMDAwMDAwMDAwMH19",
          "dependencies": [
            "aws_internet_gateway.poc_isolated",
            "aws_route_table.shared_public",
            "aws_subnet.shared_public",
            "aws_vpc.poc_isolated",
            "data.aws_availability_zones.available"
          ]
        },
        {
          "index_key": 1,
          "schema_version": 0,
          "attributes": {
            "gateway_id": "",
            "id": "rtbassoc-02f882306be3e7728",
            "route_table_id": "rtb-0011687ec2cf58bfa",
            "subnet_id": "subnet-0285f9bf83038a4a3",
            "timeouts": null
          },
          "sensitive_attributes": [],
          "private": "eyJlMmJmYjczMC1lY2FhLTExZTYtOGY4OC0zNDM2M2JjN2M0YzAiOnsiY3JlYXRlIjozMDAwMDAwMDAwMDAsImRlbGV0ZSI6MzAwMDAwMDAwMDAwLCJ1cGRhdGUiOjEyMDAwMDAwMDAwMH19",
          "dependencies": [
            "aws_internet_gateway.poc_isolated",
            "aws_route_table.shared_public",
            "aws_subnet.shared_public",
            "aws_vpc.poc_isolated",
            "data.aws_availability_zones.available"
          ]
        }
      ]
    },
    {
      "mode": "managed",
      "type": "aws_s3_bucket",
      "name": "tenant_dedicated",
      "provider": "provider[\"registry.terraform.io/hashicorp/aws\"]",
      "instances": [
        {
          "index_key": 0,
          "schema_version": 0,
          "attributes": {
            "acceleration_status": "",
            "acl": null,
            "arn": "arn:aws:s3:::multitenant-ai-poc-tenant-1-data-0dt64hxa",
            "bucket": "multitenant-ai-poc-tenant-1-data-0dt64hxa",
            "bucket_domain_name": "multitenant-ai-poc-tenant-1-data-0dt64hxa.s3.amazonaws.com",
            "bucket_prefix": "",
            "bucket_regional_domain_name": "multitenant-ai-poc-tenant-1-data-0dt64hxa.s3.us-west-2.amazonaws.com",
            "cors_rule": [],
            "force_destroy": false,
            "grant": [
              {
                "id": "3d72d70f97556796d28d7475237390170f8f4b0aad8c78d631410456c1202dfd",
                "permissions": [
                  "FULL_CONTROL"
                ],
                "type": "CanonicalUser",
                "uri": ""
              }
            ],
            "hosted_zone_id": "Z3BJ6K6RIION7M",
            "id": "multitenant-ai-poc-tenant-1-data-0dt64hxa",
            "lifecycle_rule": [],
            "logging": [],
            "object_lock_configuration": [],
            "object_lock_enabled": false,
            "policy": "",
            "region": "us-west-2",
            "replication_configuration": [],
            "request_payer": "BucketOwner",
            "server_side_encryption_configuration": [
              {
                "rule": [
                  {
                    "apply_server_side_encryption_by_default": [
                      {
                        "kms_master_key_id": "arn:aws:kms:us-west-2:665832050599:key/753ee0b6-82af-4c67-a593-a039007c09cc",
                        "sse_algorithm": "aws:kms"
                      }
                    ],
                    "bucket_key_enabled": false
                  }
                ]
              }
            ],
            "tags": {
              "DataIsolation": "strict",
              "Name": "multitenant-ai-poc-tenant-1-data",
              "Tenant": "tenant-1"
            },
            "tags_all": {
              "DataIsolation": "strict",
              "Name": "multitenant-ai-poc-tenant-1-data",
              "Tenant": "tenant-1"
            },
            "timeouts": null,
            "versioning": [
              {
                "enabled": true,
                "mfa_delete": false
              }
            ],
            "website": [],
            "website_domain": null,
            "website_endpoint": null
          },
          "sensitive_attributes": [],
          "private": "eyJlMmJmYjczMC1lY2FhLTExZTYtOGY4OC0zNDM2M2JjN2M0YzAiOnsiY3JlYXRlIjoxMjAwMDAwMDAwMDAwLCJkZWxldGUiOjM2MDAwMDAwMDAwMDAsInJlYWQiOjEyMDAwMDAwMDAwMDAsInVwZGF0ZSI6MTIwMDAwMDAwMDAwMH19",
          "dependencies": [
            "random_string.bucket_suffix"
          ]
        },
        {
          "index_key": 1,
          "schema_version": 0,
          "attributes": {
            "acceleration_status": "",
            "acl": null,
            "arn": "arn:aws:s3:::multitenant-ai-poc-tenant-2-data-fuq4orbx",
            "bucket": "multitenant-ai-poc-tenant-2-data-fuq4orbx",
            "bucket_domain_name": "multitenant-ai-poc-tenant-2-data-fuq4orbx.s3.amazonaws.com",
            "bucket_prefix": "",
            "bucket_regional_domain_name": "multitenant-ai-poc-tenant-2-data-fuq4orbx.s3.us-west-2.amazonaws.com",
            "cors_rule": [],
            "force_destroy": false,
            "grant": [
              {
                "id": "3d72d70f97556796d28d7475237390170f8f4b0aad8c78d631410456c1202dfd",
                "permissions": [
                  "FULL_CONTROL"
                ],
                "type": "CanonicalUser",
                "uri": ""
              }
            ],
            "hosted_zone_id": "Z3BJ6K6RIION7M",
            "id": "multitenant-ai-poc-tenant-2-data-fuq4orbx",
            "lifecycle_rule": [],
            "logging": [],
            "object_lock_configuration": [],
            "object_lock_enabled": false,
            "policy": "",
            "region": "us-west-2",
            "replication_configuration": [],
            "request_payer": "BucketOwner",
            "server_side_encryption_configuration": [
              {
                "rule": [
                  {
                    "apply_server_side_encryption_by_default": [
                      {
                        "kms_master_key_id": "arn:aws:kms:us-west-2:665832050599:key/1ffa684c-ea5f-41e7-a59b-4efcf611c959",
                        "sse_algorithm": "aws:kms"
                      }
                    ],
                    "bucket_key_enabled": false
                  }
                ]
              }
            ],
            "tags": {
              "DataIsolation": "strict",
              "Name": "multitenant-ai-poc-tenant-2-data",
              "Tenant": "tenant-2"
            },
            "tags_all": {
              "DataIsolation": "strict",
              "Name": "multitenant-ai-poc-tenant-2-data",
              "Tenant": "tenant-2"
            },
            "timeouts": null,
            "versioning": [
              {
                "enabled": true,
                "mfa_delete": false
              }
            ],
            "website": [],
            "website_domain": null,
            "website_endpoint": null
          },
          "sensitive_attributes": [],
          "private": "eyJlMmJmYjczMC1lY2FhLTExZTYtOGY4OC0zNDM2M2JjN2M0YzAiOnsiY3JlYXRlIjoxMjAwMDAwMDAwMDAwLCJkZWxldGUiOjM2MDAwMDAwMDAwMDAsInJlYWQiOjEyMDAwMDAwMDAwMDAsInVwZGF0ZSI6MTIwMDAwMDAwMDAwMH19",
          "dependencies": [
            "random_string.bucket_suffix"
          ]
        }
      ]
    },
    {
      "mode": "managed",
      "type": "aws_s3_bucket_public_access_block",
      "name": "tenant_dedicated",
      "provider": "provider[\"registry.terraform.io/hashicorp/aws\"]",
      "instances": [
        {
          "index_key": 0,
          "schema_version": 0,
          "attributes": {
            "block_public_acls": true,
            "block_public_policy": true,
            "bucket": "multitenant-ai-poc-tenant-1-data-0dt64hxa",
            "id": "multitenant-ai-poc-tenant-1-data-0dt64hxa",
            "ignore_public_acls": true,
            "restrict_public_buckets": true
          },
          "sensitive_attributes": [],
          "private": "bnVsbA==",
          "dependencies": [
            "aws_s3_bucket.tenant_dedicated",
            "random_string.bucket_suffix"
          ]
        },
        {
          "index_key": 1,
          "schema_version": 0,
          "attributes": {
            "block_public_acls": true,
            "block_public_policy": true,
            "bucket": "multitenant-ai-poc-tenant-2-data-fuq4orbx",
            "id": "multitenant-ai-poc-tenant-2-data-fuq4orbx",
            "ignore_public_acls": true,
            "restrict_public_buckets": true
          },
          "sensitive_attributes": [],
          "private": "bnVsbA==",
          "dependencies": [
            "aws_s3_bucket.tenant_dedicated",
            "random_string.bucket_suffix"
          ]
        }
      ]
    },
    {
      "mode": "managed",
      "type": "aws_s3_bucket_server_side_encryption_configuration",
      "name": "tenant_dedicated",
      "provider": "provider[\"registry.terraform.io/hashicorp/aws\"]",
      "instances": [
        {
          "index_key": 0,
          "schema_version": 0,
          "attributes": {
            "bucket": "multitenant-ai-poc-tenant-1-data-0dt64hxa",
            "expected_bucket_owner": "",
            "id": "multitenant-ai-poc-tenant-1-data-0dt64hxa",
            "rule": [
              {
                "apply_server_side_encryption_by_default": [
                  {
                    "kms_master_key_id": "arn:aws:kms:us-west-2:665832050599:key/753ee0b6-82af-4c67-a593-a039007c09cc",
                    "sse_algorithm": "aws:kms"
                  }
                ],
                "bucket_key_enabled": false
              }
            ]
          },
          "sensitive_attributes": [],
          "private": "bnVsbA==",
          "dependencies": [
            "aws_kms_key.tenant_keys",
            "aws_s3_bucket.tenant_dedicated",
            "random_string.bucket_suffix"
          ]
        },
        {
          "index_key": 1,
          "schema_version": 0,
          "attributes": {
            "bucket": "multitenant-ai-poc-tenant-2-data-fuq4orbx",
            "expected_bucket_owner": "",
            "id": "multitenant-ai-poc-tenant-2-data-fuq4orbx",
            "rule": [
              {
                "apply_server_side_encryption_by_default": [
                  {
                    "kms_master_key_id": "arn:aws:kms:us-west-2:665832050599:key/1ffa684c-ea5f-41e7-a59b-4efcf611c959",
                    "sse_algorithm": "aws:kms"
                  }
                ],
                "bucket_key_enabled": false
              }
            ]
          },
          "sensitive_attributes": [],
          "private": "bnVsbA==",
          "dependencies": [
            "aws_kms_key.tenant_keys",
            "aws_s3_bucket.tenant_dedicated",
            "random_string.bucket_suffix"
          ]
        }
      ]
    },
    {
      "mode": "managed",
      "type": "aws_s3_bucket_versioning",
      "name": "tenant_dedicated",
      "provider": "provider[\"registry.terraform.io/hashicorp/aws\"]",
      "instances": [
        {
          "index_key": 0,
          "schema_version": 0,
          "attributes": {
            "bucket": "multitenant-ai-poc-tenant-1-data-0dt64hxa",
            "expected_bucket_owner": "",
            "id": "multitenant-ai-poc-tenant-1-data-0dt64hxa",
            "mfa": null,
            "versioning_configuration": [
              {
                "mfa_delete": "",
                "status": "Enabled"
              }
            ]
          },
          "sensitive_attributes": [],
          "private": "bnVsbA==",
          "dependencies": [
            "aws_s3_bucket.tenant_dedicated",
            "random_string.bucket_suffix"
          ]
        },
        {
          "index_key": 1,
          "schema_version": 0,
          "attributes": {
            "bucket": "multitenant-ai-poc-tenant-2-data-fuq4orbx",
            "expected_bucket_owner": "",
            "id": "multitenant-ai-poc-tenant-2-data-fuq4orbx",
            "mfa": null,
            "versioning_configuration": [
              {
                "mfa_delete": "",
                "status": "Enabled"
              }
            ]
          },
          "sensitive_attributes": [],
          "private": "bnVsbA==",
          "dependencies": [
            "aws_s3_bucket.tenant_dedicated",
            "random_string.bucket_suffix"
          ]
        }
      ]
    },
    {
      "mode": "managed",
      "type": "aws_security_group",
      "name": "alb",
      "provider": "provider[\"registry.terraform.io/hashicorp/aws\"]",
      "instances": [
        {
          "schema_version": 1,
          "attributes": {
            "arn": "arn:aws:ec2:us-west-2:665832050599:security-group/sg-044dd96afcd38665f",
            "description": "Managed by Terraform",
            "egress": [
              {
                "cidr_blocks": [
                  "0.0.0.0/0"
                ],
                "description": "",
                "from_port": 0,
                "ipv6_cidr_blocks": [],
                "prefix_list_ids": [],
                "protocol": "-1",
                "security_groups": [],
                "self": false,
                "to_port": 0
              }
            ],
            "id": "sg-044dd96afcd38665f",
            "ingress": [
              {
                "cidr_blocks": [
                  "0.0.0.0/0"
                ],
                "description": "",
                "from_port": 443,
                "ipv6_cidr_blocks": [],
                "prefix_list_ids": [],
                "protocol": "tcp",
                "security_groups": [],
                "self": false,
                "to_port": 443
              },
              {
                "cidr_blocks": [
                  "0.0.0.0/0"
                ],
                "description": "",
                "from_port": 80,
                "ipv6_cidr_blocks": [],
                "prefix_list_ids": [],
                "protocol": "tcp",
                "security_groups": [],
                "self": false,
                "to_port": 80
              }
            ],
            "name": "multitenant-ai-poc-alb-2025092919322406920000000c",
            "name_prefix": "multitenant-ai-poc-alb-",
            "owner_id": "665832050599",
            "revoke_rules_on_delete": false,
            "tags": {
              "Name": "multitenant-ai-poc-alb-sg"
            },
            "tags_all": {
              "Name": "multitenant-ai-poc-alb-sg"
            },
            "timeouts": null,
            "vpc_id": "vpc-05e62cd728f70c2a9"
          },
          "sensitive_attributes": [],
          "private": "eyJlMmJmYjczMC1lY2FhLTExZTYtOGY4OC0zNDM2M2JjN2M0YzAiOnsiY3JlYXRlIjo2MDAwMDAwMDAwMDAsImRlbGV0ZSI6OTAwMDAwMDAwMDAwfSwic2NoZW1hX3ZlcnNpb24iOiIxIn0=",
          "dependencies": [
            "aws_vpc.main"
          ]
        }
      ]
    },
    {
      "mode": "managed",
      "type": "aws_security_group",
      "name": "ecs",
      "provider": "provider[\"registry.terraform.io/hashicorp/aws\"]",
      "instances": [
        {
          "schema_version": 1,
          "attributes": {
            "arn": "arn:aws:ec2:us-west-2:665832050599:security-group/sg-003008ff5a94e42ef",
            "description": "Managed by Terraform",
            "egress": [
              {
                "cidr_blocks": [
                  "0.0.0.0/0"
                ],
                "description": "",
                "from_port": 0,
                "ipv6_cidr_blocks": [],
                "prefix_list_ids": [],
                "protocol": "-1",
                "security_groups": [],
                "self": false,
                "to_port": 0
              }
            ],
            "id": "sg-003008ff5a94e42ef",
            "ingress": [
              {
                "cidr_blocks": [],
                "description": "",
                "from_port": 8000,
                "ipv6_cidr_blocks": [],
                "prefix_list_ids": [],
                "protocol": "tcp",
                "security_groups": [
                  "sg-044dd96afcd38665f"
                ],
                "self": false,
                "to_port": 8000
              }
            ],
            "name": "multitenant-ai-poc-ecs-20250929193232286300000012",
            "name_prefix": "multitenant-ai-poc-ecs-",
            "owner_id": "665832050599",
            "revoke_rules_on_delete": false,
            "tags": {
              "Name": "multitenant-ai-poc-ecs-sg"
            },
            "tags_all": {
              "Name": "multitenant-ai-poc-ecs-sg"
            },
            "timeouts": null,
            "vpc_id": "vpc-05e62cd728f70c2a9"
          },
          "sensitive_attributes": [],
          "private": "eyJlMmJmYjczMC1lY2FhLTExZTYtOGY4OC0zNDM2M2JjN2M0YzAiOnsiY3JlYXRlIjo2MDAwMDAwMDAwMDAsImRlbGV0ZSI6OTAwMDAwMDAwMDAwfSwic2NoZW1hX3ZlcnNpb24iOiIxIn0=",
          "dependencies": [
            "aws_security_group.alb",
            "aws_vpc.main"
          ]
        }
      ]
    },
    {
      "mode": "managed",
      "type": "aws_security_group",
      "name": "rds",
      "provider": "provider[\"registry.terraform.io/hashicorp/aws\"]",
      "instances": [
        {
          "schema_version": 1,
          "attributes": {
            "arn": "arn:aws:ec2:us-west-2:665832050599:security-group/sg-05f6505fa34896496",
            "description": "Managed by Terraform",
            "egress": [],
            "id": "sg-05f6505fa34896496",
            "ingress": [
              {
                "cidr_blocks": [],
                "description": "",
                "from_port": 5432,
                "ipv6_cidr_blocks": [],
                "prefix_list_ids": [],
                "protocol": "tcp",
                "security_groups": [
                  "sg-003008ff5a94e42ef"
                ],
                "self": false,
                "to_port": 5432
              }
            ],
            "name": "multitenant-ai-poc-rds-20250929193236319200000017",
            "name_prefix": "multitenant-ai-poc-rds-",
            "owner_id": "665832050599",
            "revoke_rules_on_delete": false,
            "tags": {
              "Name": "multitenant-ai-poc-rds-sg"
            },
            "tags_all": {
              "Name": "multitenant-ai-poc-rds-sg"
            },
            "timeouts": null,
            "vpc_id": "vpc-05e62cd728f70c2a9"
          },
          "sensitive_attributes": [],
          "private": "eyJlMmJmYjczMC1lY2FhLTExZTYtOGY4OC0zNDM2M2JjN2M0YzAiOnsiY3JlYXRlIjo2MDAwMDAwMDAwMDAsImRlbGV0ZSI6OTAwMDAwMDAwMDAwfSwic2NoZW1hX3ZlcnNpb24iOiIxIn0=",
          "dependencies": [
            "aws_security_group.alb",
            "aws_security_group.ecs",
            "aws_vpc.main"
          ]
        }
      ]
    },
    {
      "mode": "managed",
      "type": "aws_security_group",
      "name": "redis",
      "provider": "provider[\"registry.terraform.io/hashicorp/aws\"]",
      "instances": [
        {
          "schema_version": 1,
          "attributes": {
            "arn": "arn:aws:ec2:us-west-2:665832050599:security-group/sg-0d9b7d2bbd0c98d02",
            "description": "Managed by Terraform",
            "egress": [],
            "id": "sg-0d9b7d2bbd0c98d02",
            "ingress": [
              {
                "cidr_blocks": [],
                "description": "",
                "from_port": 6379,
                "ipv6_cidr_blocks": [],
                "prefix_list_ids": [],
                "protocol": "tcp",
                "security_groups": [
                  "sg-003008ff5a94e42ef"
                ],
                "self": false,
                "to_port": 6379
              }
            ],
            "name": "multitenant-ai-poc-redis-20250929193235996000000016",
            "name_prefix": "multitenant-ai-poc-redis-",
            "owner_id": "665832050599",
            "revoke_rules_on_delete": false,
            "tags": {
              "Name": "multitenant-ai-poc-redis-sg"
            },
            "tags_all": {
              "Name": "multitenant-ai-poc-redis-sg"
            },
            "timeouts": null,
            "vpc_id": "vpc-05e62cd728f70c2a9"
          },
          "sensitive_attributes": [],
          "private": "eyJlMmJmYjczMC1lY2FhLTExZTYtOGY4OC0zNDM2M2JjN2M0YzAiOnsiY3JlYXRlIjo2MDAwMDAwMDAwMDAsImRlbGV0ZSI6OTAwMDAwMDAwMDAwfSwic2NoZW1hX3ZlcnNpb24iOiIxIn0=",
          "dependencies": [
            "aws_security_group.alb",
            "aws_security_group.ecs",
            "aws_vpc.main"
          ]
        }
      ]
    },
    {
      "mode": "managed",
      "type": "aws_security_group",
      "name": "shared_alb",
      "provider": "provider[\"registry.terraform.io/hashicorp/aws\"]",
      "instances": [
        {
          "schema_version": 1,
          "attributes": {
            "arn": "arn:aws:ec2:us-west-2:665832050599:security-group/sg-0fba672c4ac9b3555",
            "description": "Managed by Terraform",
            "egress": [
              {
                "cidr_blocks": [
                  "0.0.0.0/0"
                ],
                "description": "",
                "from_port": 0,
                "ipv6_cidr_blocks": [],
                "prefix_list_ids": [],
                "protocol": "-1",
                "security_groups": [],
                "self": false,
                "to_port": 0
              }
            ],
            "id": "sg-0fba672c4ac9b3555",
            "ingress": [
              {
                "cidr_blocks": [
                  "0.0.0.0/0"
                ],
                "description": "",
                "from_port": 443,
                "ipv6_cidr_blocks": [],
                "prefix_list_ids": [],
                "protocol": "tcp",
                "security_groups": [],
                "self": false,
                "to_port": 443
              },
              {
                "cidr_blocks": [
                  "0.0.0.0/0"
                ],
                "description": "",
                "from_port": 80,
                "ipv6_cidr_blocks": [],
                "prefix_list_ids": [],
                "protocol": "tcp",
                "security_groups": [],
                "self": false,
                "to_port": 80
              }
            ],
            "name": "multitenant-ai-poc-poc-shared-alb-20250929193222811400000009",
            "name_prefix": "multitenant-ai-poc-poc-shared-alb-",
            "owner_id": "665832050599",
            "revoke_rules_on_delete": false,
            "tags": {
              "Name": "multitenant-ai-poc-poc-shared-alb-sg"
            },
            "tags_all": {
              "Name": "multitenant-ai-poc-poc-shared-alb-sg"
            },
            "timeouts": null,
            "vpc_id": "vpc-02192da0fc1a7dd84"
          },
          "sensitive_attributes": [],
          "private": "eyJlMmJmYjczMC1lY2FhLTExZTYtOGY4OC0zNDM2M2JjN2M0YzAiOnsiY3JlYXRlIjo2MDAwMDAwMDAwMDAsImRlbGV0ZSI6OTAwMDAwMDAwMDAwfSwic2NoZW1hX3ZlcnNpb24iOiIxIn0=",
          "dependencies": [
            "aws_vpc.poc_isolated"
          ]
        }
      ]
    },
    {
      "mode": "managed",
      "type": "aws_security_group",
      "name": "tenant_eks",
      "provider": "provider[\"registry.terraform.io/hashicorp/aws\"]",
      "instances": [
        {
          "index_key": 0,
          "schema_version": 1,
          "attributes": {
            "arn": "arn:aws:ec2:us-west-2:665832050599:security-group/sg-0494ef0e2c991a114",
            "description": "Managed by Terraform",
            "egress": [
              {
                "cidr_blocks": [
                  "0.0.0.0/0"
                ],
                "description": "",
                "from_port": 0,
                "ipv6_cidr_blocks": [],
                "prefix_list_ids": [],
                "protocol": "-1",
                "security_groups": [],
                "self": false,
                "to_port": 0
              }
            ],
            "id": "sg-0494ef0e2c991a114",
            "ingress": [
              {
                "cidr_blocks": [
                  "10.0.1.0/24"
                ],
                "description": "",
                "from_port": 0,
                "ipv6_cidr_blocks": [],
                "prefix_list_ids": [],
                "protocol": "tcp",
                "security_groups": [],
                "self": false,
                "to_port": 65535
              }
            ],
            "name": "multitenant-ai-poc-tenant-1-eks-2025092919322360110000000b",
            "name_prefix": "multitenant-ai-poc-tenant-1-eks-",
            "owner_id": "665832050599",
            "revoke_rules_on_delete": false,
            "tags": {
              "Name": "multitenant-ai-poc-tenant-1-eks-sg",
              "Tenant": "tenant-1"
            },
            "tags_all": {
              "Name": "multitenant-ai-poc-tenant-1-eks-sg",
              "Tenant": "tenant-1"
            },
            "timeouts": null,
            "vpc_id": "vpc-02192da0fc1a7dd84"
          },
          "sensitive_attributes": [],
          "private": "eyJlMmJmYjczMC1lY2FhLTExZTYtOGY4OC0zNDM2M2JjN2M0YzAiOnsiY3JlYXRlIjo2MDAwMDAwMDAwMDAsImRlbGV0ZSI6OTAwMDAwMDAwMDAwfSwic2NoZW1hX3ZlcnNpb24iOiIxIn0=",
          "dependencies": [
            "aws_vpc.poc_isolated"
          ]
        },
        {
          "index_key": 1,
          "schema_version": 1,
          "attributes": {
            "arn": "arn:aws:ec2:us-west-2:665832050599:security-group/sg-0536d2b7fe71b40db",
            "description": "Managed by Terraform",
            "egress": [
              {
                "cidr_blocks": [
                  "0.0.0.0/0"
                ],
                "description": "",
                "from_port": 0,
                "ipv6_cidr_blocks": [],
                "prefix_list_ids": [],
                "protocol": "-1",
                "security_groups": [],
                "self": false,
                "to_port": 0
              }
            ],
            "id": "sg-0536d2b7fe71b40db",
            "ingress": [
              {
                "cidr_blocks": [
                  "10.0.2.0/24"
                ],
                "description": "",
                "from_port": 0,
                "ipv6_cidr_blocks": [],
                "prefix_list_ids": [],
                "protocol": "tcp",
                "security_groups": [],
                "self": false,
                "to_port": 65535
              }
            ],
            "name": "multitenant-ai-poc-tenant-2-eks-2025092919322281260000000a",
            "name_prefix": "multitenant-ai-poc-tenant-2-eks-",
            "owner_id": "665832050599",
            "revoke_rules_on_delete": false,
            "tags": {
              "Name": "multitenant-ai-poc-tenant-2-eks-sg",
              "Tenant": "tenant-2"
            },
            "tags_all": {
              "Name": "multitenant-ai-poc-tenant-2-eks-sg",
              "Tenant": "tenant-2"
            },
            "timeouts": null,
            "vpc_id": "vpc-02192da0fc1a7dd84"
          },
          "sensitive_attributes": [],
          "private": "eyJlMmJmYjczMC1lY2FhLTExZTYtOGY4OC0zNDM2M2JjN2M0YzAiOnsiY3JlYXRlIjo2MDAwMDAwMDAwMDAsImRlbGV0ZSI6OTAwMDAwMDAwMDAwfSwic2NoZW1hX3ZlcnNpb24iOiIxIn0=",
          "dependencies": [
            "aws_vpc.poc_isolated"
          ]
        }
      ]
    },
    {
      "mode": "managed",
      "type": "aws_security_group",
      "name": "tenant_rds",
      "provider": "provider[\"registry.terraform.io/hashicorp/aws\"]",
      "instances": [
        {
          "index_key": 0,
          "schema_version": 1,
          "attributes": {
            "arn": "arn:aws:ec2:us-west-2:665832050599:security-group/sg-0b85a5ab8e25b9fa7",
            "description": "Managed by Terraform",
            "egress": [],
            "id": "sg-0b85a5ab8e25b9fa7",
            "ingress": [
              {
                "cidr_blocks": [],
                "description": "",
                "from_port": 5432,
                "ipv6_cidr_blocks": [],
                "prefix_list_ids": [],
                "protocol": "tcp",
                "security_groups": [
                  "sg-0494ef0e2c991a114"
                ],
                "self": false,
                "to_port": 5432
              }
            ],
            "name": "multitenant-ai-poc-tenant-1-rds-20250929193232287500000013",
            "name_prefix": "multitenant-ai-poc-tenant-1-rds-",
            "owner_id": "665832050599",
            "revoke_rules_on_delete": false,
            "tags": {
              "Name": "multitenant-ai-poc-tenant-1-rds-sg",
              "Tenant": "tenant-1"
            },
            "tags_all": {
              "Name": "multitenant-ai-poc-tenant-1-rds-sg",
              "Tenant": "tenant-1"
            },
            "timeouts": null,
            "vpc_id": "vpc-02192da0fc1a7dd84"
          },
          "sensitive_attributes": [],
          "private": "eyJlMmJmYjczMC1lY2FhLTExZTYtOGY4OC0zNDM2M2JjN2M0YzAiOnsiY3JlYXRlIjo2MDAwMDAwMDAwMDAsImRlbGV0ZSI6OTAwMDAwMDAwMDAwfSwic2NoZW1hX3ZlcnNpb24iOiIxIn0=",
          "dependencies": [
            "aws_security_group.tenant_eks",
            "aws_vpc.poc_isolated"
          ]
        },
        {
          "index_key": 1,
          "schema_version": 1,
          "attributes": {
            "arn": "arn:aws:ec2:us-west-2:665832050599:security-group/sg-0c063ec0a8136e36f",
            "description": "Managed by Terraform",
            "egress": [],
            "id": "sg-0c063ec0a8136e36f",
            "ingress": [
              {
                "cidr_blocks": [],
                "description": "",
                "from_port": 5432,
                "ipv6_cidr_blocks": [],
                "prefix_list_ids": [],
                "protocol": "tcp",
                "security_groups": [
                  "sg-0536d2b7fe71b40db"
                ],
                "self": false,
                "to_port": 5432
              }
            ],
            "name": "multitenant-ai-poc-tenant-2-rds-20250929193231295600000010",
            "name_prefix": "multitenant-ai-poc-tenant-2-rds-",
            "owner_id": "665832050599",
            "revoke_rules_on_delete": false,
            "tags": {
              "Name": "multitenant-ai-poc-tenant-2-rds-sg",
              "Tenant": "tenant-2"
            },
            "tags_all": {
              "Name": "multitenant-ai-poc-tenant-2-rds-sg",
              "Tenant": "tenant-2"
            },
            "timeouts": null,
            "vpc_id": "vpc-02192da0fc1a7dd84"
          },
          "sensitive_attributes": [],
          "private": "eyJlMmJmYjczMC1lY2FhLTExZTYtOGY4OC0zNDM2M2JjN2M0YzAiOnsiY3JlYXRlIjo2MDAwMDAwMDAwMDAsImRlbGV0ZSI6OTAwMDAwMDAwMDAwfSwic2NoZW1hX3ZlcnNpb24iOiIxIn0=",
          "dependencies": [
            "aws_security_group.tenant_eks",
            "aws_vpc.poc_isolated"
          ]
        }
      ]
    },
    {
      "mode": "managed",
      "type": "aws_security_group",
      "name": "tenant_redis",
      "provider": "provider[\"registry.terraform.io/hashicorp/aws\"]",
      "instances": [
        {
          "index_key": 0,
          "schema_version": 1,
          "attributes": {
            "arn": "arn:aws:ec2:us-west-2:665832050599:security-group/sg-0990ad8a9bc7bed96",
            "description": "Managed by Terraform",
            "egress": [],
            "id": "sg-0990ad8a9bc7bed96",
            "ingress": [
              {
                "cidr_blocks": [],
                "description": "",
                "from_port": 6379,
                "ipv6_cidr_blocks": [],
                "prefix_list_ids": [],
                "protocol": "tcp",
                "security_groups": [
                  "sg-0494ef0e2c991a114"
                ],
                "self": false,
                "to_port": 6379
              }
            ],
            "name": "multitenant-ai-poc-tenant-1-redis-2025092919323068100000000f",
            "name_prefix": "multitenant-ai-poc-tenant-1-redis-",
            "owner_id": "665832050599",
            "revoke_rules_on_delete": false,
            "tags": {
              "Name": "multitenant-ai-poc-tenant-1-redis-sg",
              "Tenant": "tenant-1"
            },
            "tags_all": {
              "Name": "multitenant-ai-poc-tenant-1-redis-sg",
              "Tenant": "tenant-1"
            },
            "timeouts": null,
            "vpc_id": "vpc-02192da0fc1a7dd84"
          },
          "sensitive_attributes": [],
          "private": "eyJlMmJmYjczMC1lY2FhLTExZTYtOGY4OC0zNDM2M2JjN2M0YzAiOnsiY3JlYXRlIjo2MDAwMDAwMDAwMDAsImRlbGV0ZSI6OTAwMDAwMDAwMDAwfSwic2NoZW1hX3ZlcnNpb24iOiIxIn0=",
          "dependencies": [
            "aws_security_group.tenant_eks",
            "aws_vpc.poc_isolated"
          ]
        },
        {
          "index_key": 1,
          "schema_version": 1,
          "attributes": {
            "arn": "arn:aws:ec2:us-west-2:665832050599:security-group/sg-04f1567bb1db7f214",
            "description": "Managed by Terraform",
            "egress": [],
            "id": "sg-04f1567bb1db7f214",
            "ingress": [
              {
                "cidr_blocks": [],
                "description": "",
                "from_port": 6379,
                "ipv6_cidr_blocks": [],
                "prefix_list_ids": [],
                "protocol": "tcp",
                "security_groups": [
                  "sg-0536d2b7fe71b40db"
                ],
                "self": false,
                "to_port": 6379
              }
            ],
            "name": "multitenant-ai-poc-tenant-2-redis-20250929193231850200000011",
            "name_prefix": "multitenant-ai-poc-tenant-2-redis-",
            "owner_id": "665832050599",
            "revoke_rules_on_delete": false,
            "tags": {
              "Name": "multitenant-ai-poc-tenant-2-redis-sg",
              "Tenant": "tenant-2"
            },
            "tags_all": {
              "Name": "multitenant-ai-poc-tenant-2-redis-sg",
              "Tenant": "tenant-2"
            },
            "timeouts": null,
            "vpc_id": "vpc-02192da0fc1a7dd84"
          },
          "sensitive_attributes": [],
          "private": "eyJlMmJmYjczMC1lY2FhLTExZTYtOGY4OC0zNDM2M2JjN2M0YzAiOnsiY3JlYXRlIjo2MDAwMDAwMDAwMDAsImRlbGV0ZSI6OTAwMDAwMDAwMDAwfSwic2NoZW1hX3ZlcnNpb24iOiIxIn0=",
          "dependencies": [
            "aws_security_group.tenant_eks",
            "aws_vpc.poc_isolated"
          ]
        }
      ]
    },
    {
      "mode": "managed",
      "type": "aws_subnet",
      "name": "private",
      "provider": "provider[\"registry.terraform.io/hashicorp/aws\"]",
      "instances": [
        {
          "index_key": 0,
          "schema_version": 1,
          "attributes": {
            "arn": "arn:aws:ec2:us-west-2:665832050599:subnet/subnet-05c6ace803abfb1ac",
            "assign_ipv6_address_on_creation": false,
            "availability_zone": "us-west-2a",
            "availability_zone_id": "usw2-az2",
            "cidr_block": "10.0.10.0/24",
            "customer_owned_ipv4_pool": "",
            "enable_dns64": false,
            "enable_lni_at_device_index": 0,
            "enable_resource_name_dns_a_record_on_launch": false,
            "enable_resource_name_dns_aaaa_record_on_launch": false,
            "id": "subnet-05c6ace803abfb1ac",
            "ipv6_cidr_block": "",
            "ipv6_cidr_block_association_id": "",
            "ipv6_native": false,
            "map_customer_owned_ip_on_launch": false,
            "map_public_ip_on_launch": false,
            "outpost_arn": "",
            "owner_id": "665832050599",
            "private_dns_hostname_type_on_launch": "ip-name",
            "tags": {
              "Name": "multitenant-ai-poc-private-subnet-1"
            },
            "tags_all": {
              "Name": "multitenant-ai-poc-private-subnet-1"
            },
            "timeouts": null,
            "vpc_id": "vpc-05e62cd728f70c2a9"
          },
          "sensitive_attributes": [],
          "private": "eyJlMmJmYjczMC1lY2FhLTExZTYtOGY4OC0zNDM2M2JjN2M0YzAiOnsiY3JlYXRlIjo2MDAwMDAwMDAwMDAsImRlbGV0ZSI6MTIwMDAwMDAwMDAwMH0sInNjaGVtYV92ZXJzaW9uIjoiMSJ9",
          "dependencies": [
            "aws_vpc.main",
            "data.aws_availability_zones.available"
          ]
        },
        {
          "index_key": 1,
          "schema_version": 1,
          "attributes": {
            "arn": "arn:aws:ec2:us-west-2:665832050599:subnet/subnet-03ea1eb7dcdd58c92",
            "assign_ipv6_address_on_creation": false,
            "availability_zone": "us-west-2b",
            "availability_zone_id": "usw2-az1",
            "cidr_block": "10.0.11.0/24",
            "customer_owned_ipv4_pool": "",
            "enable_dns64": false,
            "enable_lni_at_device_index": 0,
            "enable_resource_name_dns_a_record_on_launch": false,
            "enable_resource_name_dns_aaaa_record_on_launch": false,
            "id": "subnet-03ea1eb7dcdd58c92",
            "ipv6_cidr_block": "",
            "ipv6_cidr_block_association_id": "",
            "ipv6_native": false,
            "map_customer_owned_ip_on_launch": false,
            "map_public_ip_on_launch": false,
            "outpost_arn": "",
            "owner_id": "665832050599",
            "private_dns_hostname_type_on_launch": "ip-name",
            "tags": {
              "Name": "multitenant-ai-poc-private-subnet-2"
            },
            "tags_all": {
              "Name": "multitenant-ai-poc-private-subnet-2"
            },
            "timeouts": null,
            "vpc_id": "vpc-05e62cd728f70c2a9"
          },
          "sensitive_attributes": [],
          "private": "eyJlMmJmYjczMC1lY2FhLTExZTYtOGY4OC0zNDM2M2JjN2M0YzAiOnsiY3JlYXRlIjo2MDAwMDAwMDAwMDAsImRlbGV0ZSI6MTIwMDAwMDAwMDAwMH0sInNjaGVtYV92ZXJzaW9uIjoiMSJ9",
          "dependencies": [
            "aws_vpc.main",
            "data.aws_availability_zones.available"
          ]
        }
      ]
    },
    {
      "mode": "managed",
      "type": "aws_subnet",
      "name": "public",
      "provider": "provider[\"registry.terraform.io/hashicorp/aws\"]",
      "instances": [
        {
          "index_key": 0,
          "schema_version": 1,
          "attributes": {
            "arn": "arn:aws:ec2:us-west-2:665832050599:subnet/subnet-06b39fcfacd383bf7",
            "assign_ipv6_address_on_creation": false,
            "availability_zone": "us-west-2a",
            "availability_zone_id": "usw2-az2",
            "cidr_block": "10.0.1.0/24",
            "customer_owned_ipv4_pool": "",
            "enable_dns64": false,
            "enable_lni_at_device_index": 0,
            "enable_resource_name_dns_a_record_on_launch": false,
            "enable_resource_name_dns_aaaa_record_on_launch": false,
            "id": "subnet-06b39fcfacd383bf7",
            "ipv6_cidr_block": "",
            "ipv6_cidr_block_association_id": "",
            "ipv6_native": false,
            "map_customer_owned_ip_on_launch": false,
            "map_public_ip_on_launch": true,
            "outpost_arn": "",
            "owner_id": "665832050599",
            "private_dns_hostname_type_on_launch": "ip-name",
            "tags": {
              "Name": "multitenant-ai-poc-public-subnet-1"
            },
            "tags_all": {
              "Name": "multitenant-ai-poc-public-subnet-1"
            },
            "timeouts": null,
            "vpc_id": "vpc-05e62cd728f70c2a9"
          },
          "sensitive_attributes": [],
          "private": "eyJlMmJmYjczMC1lY2FhLTExZTYtOGY4OC0zNDM2M2JjN2M0YzAiOnsiY3JlYXRlIjo2MDAwMDAwMDAwMDAsImRlbGV0ZSI6MTIwMDAwMDAwMDAwMH0sInNjaGVtYV92ZXJzaW9uIjoiMSJ9",
          "dependencies": [
            "aws_vpc.main",
            "data.aws_availability_zones.available"
          ]
        },
        {
          "index_key": 1,
          "schema_version": 1,
          "attributes": {
            "arn": "arn:aws:ec2:us-west-2:665832050599:subnet/subnet-0c51800853ea811b7",
            "assign_ipv6_address_on_creation": false,
            "availability_zone": "us-west-2b",
            "availability_zone_id": "usw2-az1",
            "cidr_block": "10.0.2.0/24",
            "customer_owned_ipv4_pool": "",
            "enable_dns64": false,
            "enable_lni_at_device_index": 0,
            "enable_resource_name_dns_a_record_on_launch": false,
            "enable_resource_name_dns_aaaa_record_on_launch": false,
            "id": "subnet-0c51800853ea811b7",
            "ipv6_cidr_block": "",
            "ipv6_cidr_block_association_id": "",
            "ipv6_native": false,
            "map_customer_owned_ip_on_launch": false,
            "map_public_ip_on_launch": true,
            "outpost_arn": "",
            "owner_id": "665832050599",
            "private_dns_hostname_type_on_launch": "ip-name",
            "tags": {
              "Name": "multitenant-ai-poc-public-subnet-2"
            },
            "tags_all": {
              "Name": "multitenant-ai-poc-public-subnet-2"
            },
            "timeouts": null,
            "vpc_id": "vpc-05e62cd728f70c2a9"
          },
          "sensitive_attributes": [],
          "private": "eyJlMmJmYjczMC1lY2FhLTExZTYtOGY4OC0zNDM2M2JjN2M0YzAiOnsiY3JlYXRlIjo2MDAwMDAwMDAwMDAsImRlbGV0ZSI6MTIwMDAwMDAwMDAwMH0sInNjaGVtYV92ZXJzaW9uIjoiMSJ9",
          "dependencies": [
            "aws_vpc.main",
            "data.aws_availability_zones.available"
          ]
        }
      ]
    },
    {
      "mode": "managed",
      "type": "aws_subnet",
      "name": "shared_private",
      "provider": "provider[\"registry.terraform.io/hashicorp/aws\"]",
      "instances": [
        {
          "index_key": 0,
          "schema_version": 1,
          "attributes": {
            "arn": "arn:aws:ec2:us-west-2:665832050599:subnet/subnet-0500891f4e55871fa",
            "assign_ipv6_address_on_creation": false,
            "availability_zone": "us-west-2a",
            "availability_zone_id": "usw2-az2",
            "cidr_block": "10.0.20.0/24",
            "customer_owned_ipv4_pool": "",
            "enable_dns64": false,
            "enable_lni_at_device_index": 0,
            "enable_resource_name_dns_a_record_on_launch": false,
            "enable_resource_name_dns_aaaa_record_on_launch": false,
            "id": "subnet-0500891f4e55871fa",
            "ipv6_cidr_block": "",
            "ipv6_cidr_block_association_id": "",
            "ipv6_native": false,
            "map_customer_owned_ip_on_launch": false,
            "map_public_ip_on_launch": false,
            "outpost_arn": "",
            "owner_id": "665832050599",
            "private_dns_hostname_type_on_launch": "ip-name",
            "tags": {
              "AZ": "us-west-2a",
              "Name": "multitenant-ai-poc-shared-private-subnet-1",
              "Type": "shared-private"
            },
            "tags_all": {
              "AZ": "us-west-2a",
              "Name": "multitenant-ai-poc-shared-private-subnet-1",
              "Type": "shared-private"
            },
            "timeouts": null,
            "vpc_id": "vpc-02192da0fc1a7dd84"
          },
          "sensitive_attributes": [],
          "private": "eyJlMmJmYjczMC1lY2FhLTExZTYtOGY4OC0zNDM2M2JjN2M0YzAiOnsiY3JlYXRlIjo2MDAwMDAwMDAwMDAsImRlbGV0ZSI6MTIwMDAwMDAwMDAwMH0sInNjaGVtYV92ZXJzaW9uIjoiMSJ9",
          "dependencies": [
            "aws_vpc.poc_isolated",
            "data.aws_availability_zones.available"
          ]
        },
        {
          "index_key": 1,
          "schema_version": 1,
          "attributes": {
            "arn": "arn:aws:ec2:us-west-2:665832050599:subnet/subnet-0dab7b9a9956fd606",
            "assign_ipv6_address_on_creation": false,
            "availability_zone": "us-west-2b",
            "availability_zone_id": "usw2-az1",
            "cidr_block": "10.0.21.0/24",
            "customer_owned_ipv4_pool": "",
            "enable_dns64": false,
            "enable_lni_at_device_index": 0,
            "enable_resource_name_dns_a_record_on_launch": false,
            "enable_resource_name_dns_aaaa_record_on_launch": false,
            "id": "subnet-0dab7b9a9956fd606",
            "ipv6_cidr_block": "",
            "ipv6_cidr_block_association_id": "",
            "ipv6_native": false,
            "map_customer_owned_ip_on_launch": false,
            "map_public_ip_on_launch": false,
            "outpost_arn": "",
            "owner_id": "665832050599",
            "private_dns_hostname_type_on_launch": "ip-name",
            "tags": {
              "AZ": "us-west-2b",
              "Name": "multitenant-ai-poc-shared-private-subnet-2",
              "Type": "shared-private"
            },
            "tags_all": {
              "AZ": "us-west-2b",
              "Name": "multitenant-ai-poc-shared-private-subnet-2",
              "Type": "shared-private"
            },
            "timeouts": null,
            "vpc_id": "vpc-02192da0fc1a7dd84"
          },
          "sensitive_attributes": [],
          "private": "eyJlMmJmYjczMC1lY2FhLTExZTYtOGY4OC0zNDM2M2JjN2M0YzAiOnsiY3JlYXRlIjo2MDAwMDAwMDAwMDAsImRlbGV0ZSI6MTIwMDAwMDAwMDAwMH0sInNjaGVtYV92ZXJzaW9uIjoiMSJ9",
          "dependencies": [
            "aws_vpc.poc_isolated",
            "data.aws_availability_zones.available"
          ]
        }
      ]
    },
    {
      "mode": "managed",
      "type": "aws_subnet",
      "name": "shared_public",
      "provider": "provider[\"registry.terraform.io/hashicorp/aws\"]",
      "instances": [
        {
          "index_key": 0,
          "schema_version": 1,
          "attributes": {
            "arn": "arn:aws:ec2:us-west-2:665832050599:subnet/subnet-0a3d2515635373446",
            "assign_ipv6_address_on_creation": false,
            "availability_zone": "us-west-2a",
            "availability_zone_id": "usw2-az2",
            "cidr_block": "10.0.10.0/24",
            "customer_owned_ipv4_pool": "",
            "enable_dns64": false,
            "enable_lni_at_device_index": 0,
            "enable_resource_name_dns_a_record_on_launch": false,
            "enable_resource_name_dns_aaaa_record_on_launch": false,
            "id": "subnet-0a3d2515635373446",
            "ipv6_cidr_block": "",
            "ipv6_cidr_block_association_id": "",
            "ipv6_native": false,
            "map_customer_owned_ip_on_launch": false,
            "map_public_ip_on_launch": true,
            "outpost_arn": "",
            "owner_id": "665832050599",
            "private_dns_hostname_type_on_launch": "ip-name",
            "tags": {
              "AZ": "us-west-2a",
              "Name": "multitenant-ai-poc-shared-public-subnet-1",
              "Type": "shared-public"
            },
            "tags_all": {
              "AZ": "us-west-2a",
              "Name": "multitenant-ai-poc-shared-public-subnet-1",
              "Type": "shared-public"
            },
            "timeouts": null,
            "vpc_id": "vpc-02192da0fc1a7dd84"
          },
          "sensitive_attributes": [],
          "private": "eyJlMmJmYjczMC1lY2FhLTExZTYtOGY4OC0zNDM2M2JjN2M0YzAiOnsiY3JlYXRlIjo2MDAwMDAwMDAwMDAsImRlbGV0ZSI6MTIwMDAwMDAwMDAwMH0sInNjaGVtYV92ZXJzaW9uIjoiMSJ9",
          "dependencies": [
            "aws_vpc.poc_isolated",
            "data.aws_availability_zones.available"
          ]
        },
        {
          "index_key": 1,
          "schema_version": 1,
          "attributes": {
            "arn": "arn:aws:ec2:us-west-2:665832050599:subnet/subnet-0285f9bf83038a4a3",
            "assign_ipv6_address_on_creation": false,
            "availability_zone": "us-west-2b",
            "availability_zone_id": "usw2-az1",
            "cidr_block": "10.0.11.0/24",
            "customer_owned_ipv4_pool": "",
            "enable_dns64": false,
            "enable_lni_at_device_index": 0,
            "enable_resource_name_dns_a_record_on_launch": false,
            "enable_resource_name_dns_aaaa_record_on_launch": false,
            "id": "subnet-0285f9bf83038a4a3",
            "ipv6_cidr_block": "",
            "ipv6_cidr_block_association_id": "",
            "ipv6_native": false,
            "map_customer_owned_ip_on_launch": false,
            "map_public_ip_on_launch": true,
            "outpost_arn": "",
            "owner_id": "665832050599",
            "private_dns_hostname_type_on_launch": "ip-name",
            "tags": {
              "AZ": "us-west-2b",
              "Name": "multitenant-ai-poc-shared-public-subnet-2",
              "Type": "shared-public"
            },
            "tags_all": {
              "AZ": "us-west-2b",
              "Name": "multitenant-ai-poc-shared-public-subnet-2",
              "Type": "shared-public"
            },
            "timeouts": null,
            "vpc_id": "vpc-02192da0fc1a7dd84"
          },
          "sensitive_attributes": [],
          "private": "eyJlMmJmYjczMC1lY2FhLTExZTYtOGY4OC0zNDM2M2JjN2M0YzAiOnsiY3JlYXRlIjo2MDAwMDAwMDAwMDAsImRlbGV0ZSI6MTIwMDAwMDAwMDAwMH0sInNjaGVtYV92ZXJzaW9uIjoiMSJ9",
          "dependencies": [
            "aws_vpc.poc_isolated",
            "data.aws_availability_zones.available"
          ]
        }
      ]
    },
    {
      "mode": "managed",
      "type": "aws_subnet",
      "name": "tenant_dedicated",
      "provider": "provider[\"registry.terraform.io/hashicorp/aws\"]",
      "instances": [
        {
          "index_key": 0,
          "schema_version": 1,
          "attributes": {
            "arn": "arn:aws:ec2:us-west-2:665832050599:subnet/subnet-0c527ce26f7476749",
            "assign_ipv6_address_on_creation": false,
            "availability_zone": "us-west-2a",
            "availability_zone_id": "usw2-az2",
            "cidr_block": "10.0.1.0/24",
            "customer_owned_ipv4_pool": "",
            "enable_dns64": false,
            "enable_lni_at_device_index": 0,
            "enable_resource_name_dns_a_record_on_launch": false,
            "enable_resource_name_dns_aaaa_record_on_launch": false,
            "id": "subnet-0c527ce26f7476749",
            "ipv6_cidr_block": "",
            "ipv6_cidr_block_association_id": "",
            "ipv6_native": false,
            "map_customer_owned_ip_on_launch": false,
            "map_public_ip_on_launch": false,
            "outpost_arn": "",
            "owner_id": "665832050599",
            "private_dns_hostname_type_on_launch": "ip-name",
            "tags": {
              "AZ": "us-west-2a",
              "Name": "multitenant-ai-poc-tenant-1-subnet",
              "Tenant": "tenant-1",
              "Type": "dedicated"
            },
            "tags_all": {
              "AZ": "us-west-2a",
              "Name": "multitenant-ai-poc-tenant-1-subnet",
              "Tenant": "tenant-1",
              "Type": "dedicated"
            },
            "timeouts": null,
            "vpc_id": "vpc-02192da0fc1a7dd84"
          },
          "sensitive_attributes": [],
          "private": "eyJlMmJmYjczMC1lY2FhLTExZTYtOGY4OC0zNDM2M2JjN2M0YzAiOnsiY3JlYXRlIjo2MDAwMDAwMDAwMDAsImRlbGV0ZSI6MTIwMDAwMDAwMDAwMH0sInNjaGVtYV92ZXJzaW9uIjoiMSJ9",
          "dependencies": [
            "aws_vpc.poc_isolated",
            "data.aws_availability_zones.available"
          ]
        },
        {
          "index_key": 1,
          "schema_version": 1,
          "attributes": {
            "arn": "arn:aws:ec2:us-west-2:665832050599:subnet/subnet-08752e1ee6513a466",
            "assign_ipv6_address_on_creation": false,
            "availability_zone": "us-west-2b",
            "availability_zone_id": "usw2-az1",
            "cidr_block": "10.0.2.0/24",
            "customer_owned_ipv4_pool": "",
            "enable_dns64": false,
            "enable_lni_at_device_index": 0,
            "enable_resource_name_dns_a_record_on_launch": false,
            "enable_resource_name_dns_aaaa_record_on_launch": false,
            "id": "subnet-08752e1ee6513a466",
            "ipv6_cidr_block": "",
            "ipv6_cidr_block_association_id": "",
            "ipv6_native": false,
            "map_customer_owned_ip_on_launch": false,
            "map_public_ip_on_launch": false,
            "outpost_arn": "",
            "owner_id": "665832050599",
            "private_dns_hostname_type_on_launch": "ip-name",
            "tags": {
              "AZ": "us-west-2b",
              "Name": "multitenant-ai-poc-tenant-2-subnet",
              "Tenant": "tenant-2",
              "Type": "dedicated"
            },
            "tags_all": {
              "AZ": "us-west-2b",
              "Name": "multitenant-ai-poc-tenant-2-subnet",
              "Tenant": "tenant-2",
              "Type": "dedicated"
            },
            "timeouts": null,
            "vpc_id": "vpc-02192da0fc1a7dd84"
          },
          "sensitive_attributes": [],
          "private": "eyJlMmJmYjczMC1lY2FhLTExZTYtOGY4OC0zNDM2M2JjN2M0YzAiOnsiY3JlYXRlIjo2MDAwMDAwMDAwMDAsImRlbGV0ZSI6MTIwMDAwMDAwMDAwMH0sInNjaGVtYV92ZXJzaW9uIjoiMSJ9",
          "dependencies": [
            "aws_vpc.poc_isolated",
            "data.aws_availability_zones.available"
          ]
        }
      ]
    },
    {
      "mode": "managed",
      "type": "aws_vpc",
      "name": "main",
      "provider": "provider[\"registry.terraform.io/hashicorp/aws\"]",
      "instances": [
        {
          "schema_version": 1,
          "attributes": {
            "arn": "arn:aws:ec2:us-west-2:665832050599:vpc/vpc-05e62cd728f70c2a9",
            "assign_generated_ipv6_cidr_block": false,
            "cidr_block": "10.0.0.0/16",
            "default_network_acl_id": "acl-0dca649214d9ec96a",
            "default_route_table_id": "rtb-02ac8bea8262f894a",
            "default_security_group_id": "sg-05fac7646091dc485",
            "dhcp_options_id": "dopt-071269367ca134a55",
            "enable_dns_hostnames": true,
            "enable_dns_support": true,
            "enable_network_address_usage_metrics": false,
            "id": "vpc-05e62cd728f70c2a9",
            "instance_tenancy": "default",
            "ipv4_ipam_pool_id": null,
            "ipv4_netmask_length": null,
            "ipv6_association_id": "",
            "ipv6_cidr_block": "",
            "ipv6_cidr_block_network_border_group": "",
            "ipv6_ipam_pool_id": "",
            "ipv6_netmask_length": 0,
            "main_route_table_id": "rtb-02ac8bea8262f894a",
            "owner_id": "665832050599",
            "tags": {
              "Name": "multitenant-ai-poc-vpc"
            },
            "tags_all": {
              "Name": "multitenant-ai-poc-vpc"
            }
          },
          "sensitive_attributes": [],
          "private": "eyJzY2hlbWFfdmVyc2lvbiI6IjEifQ=="
        }
      ]
    },
    {
      "mode": "managed",
      "type": "aws_vpc",
      "name": "poc_isolated",
      "provider": "provider[\"registry.terraform.io/hashicorp/aws\"]",
      "instances": [
        {
          "schema_version": 1,
          "attributes": {
            "arn": "arn:aws:ec2:us-west-2:665832050599:vpc/vpc-02192da0fc1a7dd84",
            "assign_generated_ipv6_cidr_block": false,
            "cidr_block": "10.0.0.0/16",
            "default_network_acl_id": "acl-01210e122241821f2",
            "default_route_table_id": "rtb-026d10ebb44048e52",
            "default_security_group_id": "sg-06cd1d3a976ab7595",
            "dhcp_options_id": "dopt-071269367ca134a55",
            "enable_dns_hostnames": true,
            "enable_dns_support": true,
            "enable_network_address_usage_metrics": false,
            "id": "vpc-02192da0fc1a7dd84",
            "instance_tenancy": "default",
            "ipv4_ipam_pool_id": null,
            "ipv4_netmask_length": null,
            "ipv6_association_id": "",
            "ipv6_cidr_block": "",
            "ipv6_cidr_block_network_border_group": "",
            "ipv6_ipam_pool_id": "",
            "ipv6_netmask_length": 0,
            "main_route_table_id": "rtb-026d10ebb44048e52",
            "owner_id": "665832050599",
            "tags": {
              "DataIsolation": "strict",
              "Environment": "poc",
              "Name": "multitenant-ai-poc-poc-isolated-vpc"
            },
            "tags_all": {
              "DataIsolation": "strict",
              "Environment": "poc",
              "Name": "multitenant-ai-poc-poc-isolated-vpc"
            }
          },
          "sensitive_attributes": [],
          "private": "eyJzY2hlbWFfdmVyc2lvbiI6IjEifQ=="
        }
      ]
    },
    {
      "mode": "managed",
      "type": "random_string",
      "name": "bucket_suffix",
      "provider": "provider[\"registry.terraform.io/hashicorp/random\"]",
      "instances": [
        {
          "index_key": 0,
          "schema_version": 2,
          "attributes": {
            "id": "0dt64hxa",
            "keepers": null,
            "length": 8,
            "lower": true,
            "min_lower": 0,
            "min_numeric": 0,
            "min_special": 0,
            "min_upper": 0,
            "number": true,
            "numeric": true,
            "override_special": null,
            "result": "0dt64hxa",
            "special": false,
            "upper": false
          },
          "sensitive_attributes": []
        },
        {
          "index_key": 1,
          "schema_version": 2,
          "attributes": {
            "id": "fuq4orbx",
            "keepers": null,
            "length": 8,
            "lower": true,
            "min_lower": 0,
            "min_numeric": 0,
            "min_special": 0,
            "min_upper": 0,
            "number": true,
            "numeric": true,
            "override_special": null,
            "result": "fuq4orbx",
            "special": false,
            "upper": false
          },
          "sensitive_attributes": []
        }
      ]
    }
  ],
  "check_results": null
}
